Microsoft Visual Studio Solution File, Format Version 12.00
# Visual Studio Version 17
VisualStudioVersion = 17.0.31912.275
MinimumVisualStudioVersion = 10.0.40219.1
Project("{FAE04EC0-301F-11D3-BF4B-00C04F79EFBC}") = "PivotTable_WasmStandalone", "PivotTable_WasmStandalone.csproj", "{A7C9E6F2-5B14-4C0A-8D3E-9B0F2A3C4D5E}"
EndProject
Global
	GlobalSection(SolutionConfigurationPlatforms) = preSolution
		Debug|Any CPU = Debug|Any CPU
		Release|Any CPU = Release|Any CPU
	EndGlobalSection
	GlobalSection(ProjectConfigurationPlatforms) = postSolution
		{A7C9E6F2-5B14-4C0A-8D3E-9B0F2A3C4D5E}.Debug|Any CPU.ActiveCfg = Debug|Any CPU
		{A7C9E6F2-5B14-4C0A-8D3E-9B0F2A3C4D5E}.Debug|Any CPU.Build.0 = Debug|Any CPU
		{A7C9E6F2-5B14-4C0A-8D3E-9B0F2A3C4D5E}.Release|Any CPU.ActiveCfg = Release|Any CPU
		{A7C9E6F2-5B14-4C0A-8D3E-9B0F2A3C4D5E}.Release|Any CPU.Build.0 = Release|Any CPU
	EndGlobalSection
	GlobalSection(SolutionProperties) = preSolution
		HideSolutionNode = FALSE
	EndGlobalSection
EndGlobal
