
Microsoft Visual Studio Solution File, Format Version 12.00
# Visual Studio Version 17
VisualStudioVersion = 17.0.32112.339
MinimumVisualStudioVersion = 10.0.40219.1
Project("{FAE04EC0-301F-11D3-BF4B-00C04F79EFBC}") = "ListViewSample", "ListViewSample.csproj", "{3BA5B198-F154-4683-8AF6-904766F5A350}"
EndProject
Global
	GlobalSection(SolutionConfigurationPlatforms) = preSolution
		Debug|Any CPU = Debug|Any CPU
		Release|Any CPU = Release|Any CPU
	EndGlobalSection
	GlobalSection(ProjectConfigurationPlatforms) = postSolution
		{3BA5B198-F154-4683-8AF6-904766F5A350}.Debug|Any CPU.ActiveCfg = Debug|Any CPU
		{3BA5B198-F154-4683-8AF6-904766F5A350}.Debug|Any CPU.Build.0 = Debug|Any CPU
		{3BA5B198-F154-4683-8AF6-904766F5A350}.Release|Any CPU.ActiveCfg = Release|Any CPU
		{3BA5B198-F154-4683-8AF6-904766F5A350}.Release|Any CPU.Build.0 = Release|Any CPU
	EndGlobalSection
	GlobalSection(SolutionProperties) = preSolution
		HideSolutionNode = FALSE
	EndGlobalSection
	GlobalSection(ExtensibilityGlobals) = postSolution
		SolutionGuid = {5A4B3D7B-AFEB-47E2-A400-33811A938058}
	EndGlobalSection
EndGlobal
