
Microsoft Visual Studio Solution File, Format Version 12.00
# Visual Studio Version 17
VisualStudioVersion = 17.14.36705.20 d17.14
MinimumVisualStudioVersion = 10.0.40219.1
Project("{FAE04EC0-301F-11D3-BF4B-00C04F79EFBC}") = "Toast_WasmApp", "Toast_WasmApp\Toast_WasmApp.csproj", "{E12BD4E1-BD20-4BFF-9250-450713090B78}"
EndProject
Project("{FAE04EC0-301F-11D3-BF4B-00C04F79EFBC}") = "Toast_WasmApp.Client", "Toast_WasmApp.Client\Toast_WasmApp.Client.csproj", "{7D4B2690-DB70-4823-AC7C-4817854140C4}"
EndProject
Global
	GlobalSection(SolutionConfigurationPlatforms) = preSolution
		Debug|Any CPU = Debug|Any CPU
		Release|Any CPU = Release|Any CPU
	EndGlobalSection
	GlobalSection(ProjectConfigurationPlatforms) = postSolution
		{E12BD4E1-BD20-4BFF-9250-450713090B78}.Debug|Any CPU.ActiveCfg = Debug|Any CPU
		{E12BD4E1-BD20-4BFF-9250-450713090B78}.Debug|Any CPU.Build.0 = Debug|Any CPU
		{E12BD4E1-BD20-4BFF-9250-450713090B78}.Release|Any CPU.ActiveCfg = Release|Any CPU
		{E12BD4E1-BD20-4BFF-9250-450713090B78}.Release|Any CPU.Build.0 = Release|Any CPU
		{7D4B2690-DB70-4823-AC7C-4817854140C4}.Debug|Any CPU.ActiveCfg = Debug|Any CPU
		{7D4B2690-DB70-4823-AC7C-4817854140C4}.Debug|Any CPU.Build.0 = Debug|Any CPU
		{7D4B2690-DB70-4823-AC7C-4817854140C4}.Release|Any CPU.ActiveCfg = Release|Any CPU
		{7D4B2690-DB70-4823-AC7C-4817854140C4}.Release|Any CPU.Build.0 = Release|Any CPU
	EndGlobalSection
	GlobalSection(SolutionProperties) = preSolution
		HideSolutionNode = FALSE
	EndGlobalSection
	GlobalSection(ExtensibilityGlobals) = postSolution
		SolutionGuid = {5073A845-7914-486B-8680-642EA530DBBA}
	EndGlobalSection
EndGlobal
