
Microsoft Visual Studio Solution File, Format Version 12.00
# Visual Studio Version 17
VisualStudioVersion = 17.0.32112.339
MinimumVisualStudioVersion = 10.0.40219.1
Project("{FAE04EC0-301F-11D3-BF4B-00C04F79EFBC}") = "CardSample.Server", "Server\CardSample.Server.csproj", "{B46ACF86-2913-4F52-B631-BE8B5835BBC3}"
EndProject
Project("{FAE04EC0-301F-11D3-BF4B-00C04F79EFBC}") = "CardSample.Client", "Client\CardSample.Client.csproj", "{56DC4176-8F67-4649-9D9E-0A2F7815EE14}"
EndProject
Project("{FAE04EC0-301F-11D3-BF4B-00C04F79EFBC}") = "CardSample.Shared", "Shared\CardSample.Shared.csproj", "{D64DA0FD-D157-46C3-883C-0000FECAA3D1}"
EndProject
Global
	GlobalSection(SolutionConfigurationPlatforms) = preSolution
		Debug|Any CPU = Debug|Any CPU
		Release|Any CPU = Release|Any CPU
	EndGlobalSection
	GlobalSection(ProjectConfigurationPlatforms) = postSolution
		{B46ACF86-2913-4F52-B631-BE8B5835BBC3}.Debug|Any CPU.ActiveCfg = Debug|Any CPU
		{B46ACF86-2913-4F52-B631-BE8B5835BBC3}.Debug|Any CPU.Build.0 = Debug|Any CPU
		{B46ACF86-2913-4F52-B631-BE8B5835BBC3}.Release|Any CPU.ActiveCfg = Release|Any CPU
		{B46ACF86-2913-4F52-B631-BE8B5835BBC3}.Release|Any CPU.Build.0 = Release|Any CPU
		{56DC4176-8F67-4649-9D9E-0A2F7815EE14}.Debug|Any CPU.ActiveCfg = Debug|Any CPU
		{56DC4176-8F67-4649-9D9E-0A2F7815EE14}.Debug|Any CPU.Build.0 = Debug|Any CPU
		{56DC4176-8F67-4649-9D9E-0A2F7815EE14}.Release|Any CPU.ActiveCfg = Release|Any CPU
		{56DC4176-8F67-4649-9D9E-0A2F7815EE14}.Release|Any CPU.Build.0 = Release|Any CPU
		{D64DA0FD-D157-46C3-883C-0000FECAA3D1}.Debug|Any CPU.ActiveCfg = Debug|Any CPU
		{D64DA0FD-D157-46C3-883C-0000FECAA3D1}.Debug|Any CPU.Build.0 = Debug|Any CPU
		{D64DA0FD-D157-46C3-883C-0000FECAA3D1}.Release|Any CPU.ActiveCfg = Release|Any CPU
		{D64DA0FD-D157-46C3-883C-0000FECAA3D1}.Release|Any CPU.Build.0 = Release|Any CPU
	EndGlobalSection
	GlobalSection(SolutionProperties) = preSolution
		HideSolutionNode = FALSE
	EndGlobalSection
	GlobalSection(ExtensibilityGlobals) = postSolution
		SolutionGuid = {743AC54D-5989-435C-87C1-4C867AB71D4F}
	EndGlobalSection
EndGlobal
