
Microsoft Visual Studio Solution File, Format Version 12.00
# Visual Studio Version 17
VisualStudioVersion = 17.8.34309.116
MinimumVisualStudioVersion = 10.0.40219.1
Project("{FAE04EC0-301F-11D3-BF4B-00C04F79EFBC}") = "ToastSample", "ToastSample\ToastSample.csproj", "{81051B91-2F30-4664-BA09-02ED05E0DB51}"
EndProject
Project("{FAE04EC0-301F-11D3-BF4B-00C04F79EFBC}") = "ToastSample.Client", "ToastSample.Client\ToastSample.Client.csproj", "{8A8D1049-3A6A-4FFF-AA1D-1B76D242A7ED}"
EndProject
Global
	GlobalSection(SolutionConfigurationPlatforms) = preSolution
		Debug|Any CPU = Debug|Any CPU
		Release|Any CPU = Release|Any CPU
	EndGlobalSection
	GlobalSection(ProjectConfigurationPlatforms) = postSolution
		{81051B91-2F30-4664-BA09-02ED05E0DB51}.Debug|Any CPU.ActiveCfg = Debug|Any CPU
		{81051B91-2F30-4664-BA09-02ED05E0DB51}.Debug|Any CPU.Build.0 = Debug|Any CPU
		{81051B91-2F30-4664-BA09-02ED05E0DB51}.Release|Any CPU.ActiveCfg = Release|Any CPU
		{81051B91-2F30-4664-BA09-02ED05E0DB51}.Release|Any CPU.Build.0 = Release|Any CPU
		{8A8D1049-3A6A-4FFF-AA1D-1B76D242A7ED}.Debug|Any CPU.ActiveCfg = Debug|Any CPU
		{8A8D1049-3A6A-4FFF-AA1D-1B76D242A7ED}.Debug|Any CPU.Build.0 = Debug|Any CPU
		{8A8D1049-3A6A-4FFF-AA1D-1B76D242A7ED}.Release|Any CPU.ActiveCfg = Release|Any CPU
		{8A8D1049-3A6A-4FFF-AA1D-1B76D242A7ED}.Release|Any CPU.Build.0 = Release|Any CPU
	EndGlobalSection
	GlobalSection(SolutionProperties) = preSolution
		HideSolutionNode = FALSE
	EndGlobalSection
	GlobalSection(ExtensibilityGlobals) = postSolution
		SolutionGuid = {F6B05047-4895-4614-A6F9-6E52FF4CFC8A}
	EndGlobalSection
EndGlobal
