
Microsoft Visual Studio Solution File, Format Version 12.00
# Visual Studio Version 17
VisualStudioVersion = 17.14.36705.20 d17.14
MinimumVisualStudioVersion = 10.0.40219.1
Project("{FAE04EC0-301F-11D3-BF4B-00C04F79EFBC}") = "InPlaceEditor_WasmApp", "InPlaceEditor_WasmApp\InPlaceEditor_WasmApp.csproj", "{8C2EED1E-AAEA-453D-89DB-A97C89D8F234}"
EndProject
Project("{FAE04EC0-301F-11D3-BF4B-00C04F79EFBC}") = "InPlaceEditor_WasmApp.Client", "InPlaceEditor_WasmApp.Client\InPlaceEditor_WasmApp.Client.csproj", "{9ABDAC25-25DC-4A14-8F12-2E7DFA12F58E}"
EndProject
Global
	GlobalSection(SolutionConfigurationPlatforms) = preSolution
		Debug|Any CPU = Debug|Any CPU
		Release|Any CPU = Release|Any CPU
	EndGlobalSection
	GlobalSection(ProjectConfigurationPlatforms) = postSolution
		{8C2EED1E-AAEA-453D-89DB-A97C89D8F234}.Debug|Any CPU.ActiveCfg = Debug|Any CPU
		{8C2EED1E-AAEA-453D-89DB-A97C89D8F234}.Debug|Any CPU.Build.0 = Debug|Any CPU
		{8C2EED1E-AAEA-453D-89DB-A97C89D8F234}.Release|Any CPU.ActiveCfg = Release|Any CPU
		{8C2EED1E-AAEA-453D-89DB-A97C89D8F234}.Release|Any CPU.Build.0 = Release|Any CPU
		{9ABDAC25-25DC-4A14-8F12-2E7DFA12F58E}.Debug|Any CPU.ActiveCfg = Debug|Any CPU
		{9ABDAC25-25DC-4A14-8F12-2E7DFA12F58E}.Debug|Any CPU.Build.0 = Debug|Any CPU
		{9ABDAC25-25DC-4A14-8F12-2E7DFA12F58E}.Release|Any CPU.ActiveCfg = Release|Any CPU
		{9ABDAC25-25DC-4A14-8F12-2E7DFA12F58E}.Release|Any CPU.Build.0 = Release|Any CPU
	EndGlobalSection
	GlobalSection(SolutionProperties) = preSolution
		HideSolutionNode = FALSE
	EndGlobalSection
	GlobalSection(ExtensibilityGlobals) = postSolution
		SolutionGuid = {1FC7FA60-18B4-44F9-8D91-BD9D3AF27055}
	EndGlobalSection
EndGlobal
