
Microsoft Visual Studio Solution File, Format Version 12.00
# Visual Studio Version 17
VisualStudioVersion = 17.14.36705.20 d17.14
MinimumVisualStudioVersion = 10.0.40219.1
Project("{FAE04EC0-301F-11D3-BF4B-00C04F79EFBC}") = "DataManager_WasmApp", "DataManager_WasmApp\DataManager_WasmApp.csproj", "{576F2E0B-E64A-4D35-AC02-A8486FAA82CF}"
EndProject
Project("{FAE04EC0-301F-11D3-BF4B-00C04F79EFBC}") = "DataManager_WasmApp.Client", "DataManager_WasmApp.Client\DataManager_WasmApp.Client.csproj", "{0E4D9D70-B28B-44E4-AAFC-F9FEA42FED9D}"
EndProject
Global
	GlobalSection(SolutionConfigurationPlatforms) = preSolution
		Debug|Any CPU = Debug|Any CPU
		Release|Any CPU = Release|Any CPU
	EndGlobalSection
	GlobalSection(ProjectConfigurationPlatforms) = postSolution
		{576F2E0B-E64A-4D35-AC02-A8486FAA82CF}.Debug|Any CPU.ActiveCfg = Debug|Any CPU
		{576F2E0B-E64A-4D35-AC02-A8486FAA82CF}.Debug|Any CPU.Build.0 = Debug|Any CPU
		{576F2E0B-E64A-4D35-AC02-A8486FAA82CF}.Release|Any CPU.ActiveCfg = Release|Any CPU
		{576F2E0B-E64A-4D35-AC02-A8486FAA82CF}.Release|Any CPU.Build.0 = Release|Any CPU
		{0E4D9D70-B28B-44E4-AAFC-F9FEA42FED9D}.Debug|Any CPU.ActiveCfg = Debug|Any CPU
		{0E4D9D70-B28B-44E4-AAFC-F9FEA42FED9D}.Debug|Any CPU.Build.0 = Debug|Any CPU
		{0E4D9D70-B28B-44E4-AAFC-F9FEA42FED9D}.Release|Any CPU.ActiveCfg = Release|Any CPU
		{0E4D9D70-B28B-44E4-AAFC-F9FEA42FED9D}.Release|Any CPU.Build.0 = Release|Any CPU
	EndGlobalSection
	GlobalSection(SolutionProperties) = preSolution
		HideSolutionNode = FALSE
	EndGlobalSection
	GlobalSection(ExtensibilityGlobals) = postSolution
		SolutionGuid = {D606167D-5E7A-461B-9468-C2CFA5F015C8}
	EndGlobalSection
EndGlobal
