
Microsoft Visual Studio Solution File, Format Version 12.00
# Visual Studio Version 17
VisualStudioVersion = 17.8.34309.116
MinimumVisualStudioVersion = 10.0.40219.1
Project("{FAE04EC0-301F-11D3-BF4B-00C04F79EFBC}") = "RadiobuttonSample", "RadiobuttonSample\RadiobuttonSample.csproj", "{C34013DC-051D-4E2F-AD80-F35C78C65B22}"
EndProject
Project("{FAE04EC0-301F-11D3-BF4B-00C04F79EFBC}") = "RadiobuttonSample.Client", "RadiobuttonSample.Client\RadiobuttonSample.Client.csproj", "{9B17FDE7-A02B-449A-9FFC-E71254E2C9FF}"
EndProject
Global
	GlobalSection(SolutionConfigurationPlatforms) = preSolution
		Debug|Any CPU = Debug|Any CPU
		Release|Any CPU = Release|Any CPU
	EndGlobalSection
	GlobalSection(ProjectConfigurationPlatforms) = postSolution
		{C34013DC-051D-4E2F-AD80-F35C78C65B22}.Debug|Any CPU.ActiveCfg = Debug|Any CPU
		{C34013DC-051D-4E2F-AD80-F35C78C65B22}.Debug|Any CPU.Build.0 = Debug|Any CPU
		{C34013DC-051D-4E2F-AD80-F35C78C65B22}.Release|Any CPU.ActiveCfg = Release|Any CPU
		{C34013DC-051D-4E2F-AD80-F35C78C65B22}.Release|Any CPU.Build.0 = Release|Any CPU
		{9B17FDE7-A02B-449A-9FFC-E71254E2C9FF}.Debug|Any CPU.ActiveCfg = Debug|Any CPU
		{9B17FDE7-A02B-449A-9FFC-E71254E2C9FF}.Debug|Any CPU.Build.0 = Debug|Any CPU
		{9B17FDE7-A02B-449A-9FFC-E71254E2C9FF}.Release|Any CPU.ActiveCfg = Release|Any CPU
		{9B17FDE7-A02B-449A-9FFC-E71254E2C9FF}.Release|Any CPU.Build.0 = Release|Any CPU
	EndGlobalSection
	GlobalSection(SolutionProperties) = preSolution
		HideSolutionNode = FALSE
	EndGlobalSection
	GlobalSection(ExtensibilityGlobals) = postSolution
		SolutionGuid = {D1189E6C-7A6C-4624-A322-1361DADAE77B}
	EndGlobalSection
EndGlobal
