
Microsoft Visual Studio Solution File, Format Version 12.00
# Visual Studio Version 17
VisualStudioVersion = 17.1.32319.34
MinimumVisualStudioVersion = 10.0.40219.1
Project("{FAE04EC0-301F-11D3-BF4B-00C04F79EFBC}") = "SpeedDialSamples", "SpeedDialSamples.csproj", "{834595AB-A20D-4A24-8701-36520B520D66}"
EndProject
Global
	GlobalSection(SolutionConfigurationPlatforms) = preSolution
		Debug|Any CPU = Debug|Any CPU
		Release|Any CPU = Release|Any CPU
	EndGlobalSection
	GlobalSection(ProjectConfigurationPlatforms) = postSolution
		{834595AB-A20D-4A24-8701-36520B520D66}.Debug|Any CPU.ActiveCfg = Debug|Any CPU
		{834595AB-A20D-4A24-8701-36520B520D66}.Debug|Any CPU.Build.0 = Debug|Any CPU
		{834595AB-A20D-4A24-8701-36520B520D66}.Release|Any CPU.ActiveCfg = Release|Any CPU
		{834595AB-A20D-4A24-8701-36520B520D66}.Release|Any CPU.Build.0 = Release|Any CPU
	EndGlobalSection
	GlobalSection(SolutionProperties) = preSolution
		HideSolutionNode = FALSE
	EndGlobalSection
	GlobalSection(ExtensibilityGlobals) = postSolution
		SolutionGuid = {0C2A5594-441B-4690-AB74-69B15BD4F52C}
	EndGlobalSection
EndGlobal
