
Microsoft Visual Studio Solution File, Format Version 12.00
# Visual Studio Version 17
VisualStudioVersion = 17.0.32112.339
MinimumVisualStudioVersion = 10.0.40219.1
Project("{FAE04EC0-301F-11D3-BF4B-00C04F79EFBC}") = "Diagramsample", "Diagramsample.csproj", "{DC12CA7F-BC03-4762-B618-09B3559D17C1}"
EndProject
Global
	GlobalSection(SolutionConfigurationPlatforms) = preSolution
		Debug|Any CPU = Debug|Any CPU
		Release|Any CPU = Release|Any CPU
	EndGlobalSection
	GlobalSection(ProjectConfigurationPlatforms) = postSolution
		{DC12CA7F-BC03-4762-B618-09B3559D17C1}.Debug|Any CPU.ActiveCfg = Debug|Any CPU
		{DC12CA7F-BC03-4762-B618-09B3559D17C1}.Debug|Any CPU.Build.0 = Debug|Any CPU
		{DC12CA7F-BC03-4762-B618-09B3559D17C1}.Release|Any CPU.ActiveCfg = Release|Any CPU
		{DC12CA7F-BC03-4762-B618-09B3559D17C1}.Release|Any CPU.Build.0 = Release|Any CPU
	EndGlobalSection
	GlobalSection(SolutionProperties) = preSolution
		HideSolutionNode = FALSE
	EndGlobalSection
	GlobalSection(ExtensibilityGlobals) = postSolution
		SolutionGuid = {D86D3F6A-3201-40B4-8BE4-7FF4A927B3E8}
	EndGlobalSection
EndGlobal
