
Microsoft Visual Studio Solution File, Format Version 12.00
# Visual Studio Version 17
VisualStudioVersion = 17.14.36705.20 d17.14
MinimumVisualStudioVersion = 10.0.40219.1
Project("{FAE04EC0-301F-11D3-BF4B-00C04F79EFBC}") = "DatePicker_WasmApp", "DatePicker_WasmApp\DatePicker_WasmApp.csproj", "{128967D5-1D5A-4B80-BA37-F71B4DBA22CE}"
EndProject
Project("{FAE04EC0-301F-11D3-BF4B-00C04F79EFBC}") = "DatePicker_WasmApp.Client", "DatePicker_WasmApp.Client\DatePicker_WasmApp.Client.csproj", "{DCFDCFF7-56E7-4733-A916-C267B17F4210}"
EndProject
Global
	GlobalSection(SolutionConfigurationPlatforms) = preSolution
		Debug|Any CPU = Debug|Any CPU
		Release|Any CPU = Release|Any CPU
	EndGlobalSection
	GlobalSection(ProjectConfigurationPlatforms) = postSolution
		{128967D5-1D5A-4B80-BA37-F71B4DBA22CE}.Debug|Any CPU.ActiveCfg = Debug|Any CPU
		{128967D5-1D5A-4B80-BA37-F71B4DBA22CE}.Debug|Any CPU.Build.0 = Debug|Any CPU
		{128967D5-1D5A-4B80-BA37-F71B4DBA22CE}.Release|Any CPU.ActiveCfg = Release|Any CPU
		{128967D5-1D5A-4B80-BA37-F71B4DBA22CE}.Release|Any CPU.Build.0 = Release|Any CPU
		{DCFDCFF7-56E7-4733-A916-C267B17F4210}.Debug|Any CPU.ActiveCfg = Debug|Any CPU
		{DCFDCFF7-56E7-4733-A916-C267B17F4210}.Debug|Any CPU.Build.0 = Debug|Any CPU
		{DCFDCFF7-56E7-4733-A916-C267B17F4210}.Release|Any CPU.ActiveCfg = Release|Any CPU
		{DCFDCFF7-56E7-4733-A916-C267B17F4210}.Release|Any CPU.Build.0 = Release|Any CPU
	EndGlobalSection
	GlobalSection(SolutionProperties) = preSolution
		HideSolutionNode = FALSE
	EndGlobalSection
	GlobalSection(ExtensibilityGlobals) = postSolution
		SolutionGuid = {9F27A87A-B5BE-4006-B5C3-67612A1C560A}
	EndGlobalSection
EndGlobal
