
Microsoft Visual Studio Solution File, Format Version 12.00
# Visual Studio Version 17
VisualStudioVersion = 17.8.34330.188
MinimumVisualStudioVersion = 10.0.40219.1
Project("{FAE04EC0-301F-11D3-BF4B-00C04F79EFBC}") = "DataFormSamples", "DataFormSamples\DataFormSamples.csproj", "{A298F318-8D2A-4A21-A5E6-80AC3FC201A8}"
EndProject
Project("{FAE04EC0-301F-11D3-BF4B-00C04F79EFBC}") = "DataFormSamples.Client", "DataFormSamples.Client\DataFormSamples.Client.csproj", "{1D31900A-E9C1-41BB-A839-7183A8D29DA0}"
EndProject
Global
	GlobalSection(SolutionConfigurationPlatforms) = preSolution
		Debug|Any CPU = Debug|Any CPU
		Release|Any CPU = Release|Any CPU
	EndGlobalSection
	GlobalSection(ProjectConfigurationPlatforms) = postSolution
		{A298F318-8D2A-4A21-A5E6-80AC3FC201A8}.Debug|Any CPU.ActiveCfg = Debug|Any CPU
		{A298F318-8D2A-4A21-A5E6-80AC3FC201A8}.Debug|Any CPU.Build.0 = Debug|Any CPU
		{A298F318-8D2A-4A21-A5E6-80AC3FC201A8}.Release|Any CPU.ActiveCfg = Release|Any CPU
		{A298F318-8D2A-4A21-A5E6-80AC3FC201A8}.Release|Any CPU.Build.0 = Release|Any CPU
		{1D31900A-E9C1-41BB-A839-7183A8D29DA0}.Debug|Any CPU.ActiveCfg = Debug|Any CPU
		{1D31900A-E9C1-41BB-A839-7183A8D29DA0}.Debug|Any CPU.Build.0 = Debug|Any CPU
		{1D31900A-E9C1-41BB-A839-7183A8D29DA0}.Release|Any CPU.ActiveCfg = Release|Any CPU
		{1D31900A-E9C1-41BB-A839-7183A8D29DA0}.Release|Any CPU.Build.0 = Release|Any CPU
	EndGlobalSection
	GlobalSection(SolutionProperties) = preSolution
		HideSolutionNode = FALSE
	EndGlobalSection
	GlobalSection(ExtensibilityGlobals) = postSolution
		SolutionGuid = {B13B8E54-39BE-41F4-BB16-FB64C956014A}
	EndGlobalSection
EndGlobal
