
Microsoft Visual Studio Solution File, Format Version 12.00
# Visual Studio Version 17
VisualStudioVersion = 17.14.36705.20 d17.14
MinimumVisualStudioVersion = 10.0.40219.1
Project("{FAE04EC0-301F-11D3-BF4B-00C04F79EFBC}") = "Card_WasmApp", "Card_WasmApp\Card_WasmApp.csproj", "{DA98564A-C88D-48FB-9950-F997F255FE45}"
EndProject
Project("{FAE04EC0-301F-11D3-BF4B-00C04F79EFBC}") = "Card_WasmApp.Client", "Card_WasmApp.Client\Card_WasmApp.Client.csproj", "{BD70315D-5EC1-4140-A27E-1EF96B4F1C4C}"
EndProject
Global
	GlobalSection(SolutionConfigurationPlatforms) = preSolution
		Debug|Any CPU = Debug|Any CPU
		Release|Any CPU = Release|Any CPU
	EndGlobalSection
	GlobalSection(ProjectConfigurationPlatforms) = postSolution
		{DA98564A-C88D-48FB-9950-F997F255FE45}.Debug|Any CPU.ActiveCfg = Debug|Any CPU
		{DA98564A-C88D-48FB-9950-F997F255FE45}.Debug|Any CPU.Build.0 = Debug|Any CPU
		{DA98564A-C88D-48FB-9950-F997F255FE45}.Release|Any CPU.ActiveCfg = Release|Any CPU
		{DA98564A-C88D-48FB-9950-F997F255FE45}.Release|Any CPU.Build.0 = Release|Any CPU
		{BD70315D-5EC1-4140-A27E-1EF96B4F1C4C}.Debug|Any CPU.ActiveCfg = Debug|Any CPU
		{BD70315D-5EC1-4140-A27E-1EF96B4F1C4C}.Debug|Any CPU.Build.0 = Debug|Any CPU
		{BD70315D-5EC1-4140-A27E-1EF96B4F1C4C}.Release|Any CPU.ActiveCfg = Release|Any CPU
		{BD70315D-5EC1-4140-A27E-1EF96B4F1C4C}.Release|Any CPU.Build.0 = Release|Any CPU
	EndGlobalSection
	GlobalSection(SolutionProperties) = preSolution
		HideSolutionNode = FALSE
	EndGlobalSection
	GlobalSection(ExtensibilityGlobals) = postSolution
		SolutionGuid = {B249D0DE-7340-4D05-B373-D1409EBFF80C}
	EndGlobalSection
EndGlobal
