
Microsoft Visual Studio Solution File, Format Version 12.00
# Visual Studio Version 17
VisualStudioVersion = 17.8.34322.80
MinimumVisualStudioVersion = 10.0.40219.1
Project("{FAE04EC0-301F-11D3-BF4B-00C04F79EFBC}") = "Timeline_Server", "Timeline_Server.csproj", "{F7F132BB-081F-41E4-8BCE-3582F6C9BAEE}"
EndProject
Global
	GlobalSection(SolutionConfigurationPlatforms) = preSolution
		Debug|Any CPU = Debug|Any CPU
		Release|Any CPU = Release|Any CPU
	EndGlobalSection
	GlobalSection(ProjectConfigurationPlatforms) = postSolution
		{F7F132BB-081F-41E4-8BCE-3582F6C9BAEE}.Debug|Any CPU.ActiveCfg = Debug|Any CPU
		{F7F132BB-081F-41E4-8BCE-3582F6C9BAEE}.Debug|Any CPU.Build.0 = Debug|Any CPU
		{F7F132BB-081F-41E4-8BCE-3582F6C9BAEE}.Release|Any CPU.ActiveCfg = Release|Any CPU
		{F7F132BB-081F-41E4-8BCE-3582F6C9BAEE}.Release|Any CPU.Build.0 = Release|Any CPU
	EndGlobalSection
	GlobalSection(SolutionProperties) = preSolution
		HideSolutionNode = FALSE
	EndGlobalSection
	GlobalSection(ExtensibilityGlobals) = postSolution
		SolutionGuid = {25CB09B3-96D3-459F-B459-DA4E9CCB997D}
	EndGlobalSection
EndGlobal
