
Microsoft Visual Studio Solution File, Format Version 12.00
# Visual Studio Version 17
VisualStudioVersion = 17.14.36705.20 d17.14
MinimumVisualStudioVersion = 10.0.40219.1
Project("{FAE04EC0-301F-11D3-BF4B-00C04F79EFBC}") = "DateTimePicker_WasmApp", "DateTimePicker_WasmApp\DateTimePicker_WasmApp.csproj", "{49CF40F8-BED0-41FA-B991-ED95249D3BDC}"
EndProject
Project("{FAE04EC0-301F-11D3-BF4B-00C04F79EFBC}") = "DateTimePicker_WasmApp.Client", "DateTimePicker_WasmApp.Client\DateTimePicker_WasmApp.Client.csproj", "{0EC1944C-4B29-42AA-B3E8-5F3C093FA06C}"
EndProject
Global
	GlobalSection(SolutionConfigurationPlatforms) = preSolution
		Debug|Any CPU = Debug|Any CPU
		Release|Any CPU = Release|Any CPU
	EndGlobalSection
	GlobalSection(ProjectConfigurationPlatforms) = postSolution
		{49CF40F8-BED0-41FA-B991-ED95249D3BDC}.Debug|Any CPU.ActiveCfg = Debug|Any CPU
		{49CF40F8-BED0-41FA-B991-ED95249D3BDC}.Debug|Any CPU.Build.0 = Debug|Any CPU
		{49CF40F8-BED0-41FA-B991-ED95249D3BDC}.Release|Any CPU.ActiveCfg = Release|Any CPU
		{49CF40F8-BED0-41FA-B991-ED95249D3BDC}.Release|Any CPU.Build.0 = Release|Any CPU
		{0EC1944C-4B29-42AA-B3E8-5F3C093FA06C}.Debug|Any CPU.ActiveCfg = Debug|Any CPU
		{0EC1944C-4B29-42AA-B3E8-5F3C093FA06C}.Debug|Any CPU.Build.0 = Debug|Any CPU
		{0EC1944C-4B29-42AA-B3E8-5F3C093FA06C}.Release|Any CPU.ActiveCfg = Release|Any CPU
		{0EC1944C-4B29-42AA-B3E8-5F3C093FA06C}.Release|Any CPU.Build.0 = Release|Any CPU
	EndGlobalSection
	GlobalSection(SolutionProperties) = preSolution
		HideSolutionNode = FALSE
	EndGlobalSection
	GlobalSection(ExtensibilityGlobals) = postSolution
		SolutionGuid = {D353E9C1-9B03-4EC4-80FA-2BDA5D2E5D42}
	EndGlobalSection
EndGlobal
