
Microsoft Visual Studio Solution File, Format Version 12.00
# Visual Studio Version 17
VisualStudioVersion = 17.0.32112.339
MinimumVisualStudioVersion = 10.0.40219.1
Project("{FAE04EC0-301F-11D3-BF4B-00C04F79EFBC}") = "RangeNavigatorSample.Server", "Server\RangeNavigatorSample.Server.csproj", "{A55DB324-5C28-4D3F-9CCD-0DE1044BD4B6}"
EndProject
Project("{FAE04EC0-301F-11D3-BF4B-00C04F79EFBC}") = "RangeNavigatorSample.Client", "Client\RangeNavigatorSample.Client.csproj", "{298D8CB8-5B00-4AB6-8727-E5395D310A57}"
EndProject
Project("{FAE04EC0-301F-11D3-BF4B-00C04F79EFBC}") = "RangeNavigatorSample.Shared", "Shared\RangeNavigatorSample.Shared.csproj", "{81B5E58D-BDC5-43BF-8F54-CCD72E6CDB56}"
EndProject
Global
	GlobalSection(SolutionConfigurationPlatforms) = preSolution
		Debug|Any CPU = Debug|Any CPU
		Release|Any CPU = Release|Any CPU
	EndGlobalSection
	GlobalSection(ProjectConfigurationPlatforms) = postSolution
		{A55DB324-5C28-4D3F-9CCD-0DE1044BD4B6}.Debug|Any CPU.ActiveCfg = Debug|Any CPU
		{A55DB324-5C28-4D3F-9CCD-0DE1044BD4B6}.Debug|Any CPU.Build.0 = Debug|Any CPU
		{A55DB324-5C28-4D3F-9CCD-0DE1044BD4B6}.Release|Any CPU.ActiveCfg = Release|Any CPU
		{A55DB324-5C28-4D3F-9CCD-0DE1044BD4B6}.Release|Any CPU.Build.0 = Release|Any CPU
		{298D8CB8-5B00-4AB6-8727-E5395D310A57}.Debug|Any CPU.ActiveCfg = Debug|Any CPU
		{298D8CB8-5B00-4AB6-8727-E5395D310A57}.Debug|Any CPU.Build.0 = Debug|Any CPU
		{298D8CB8-5B00-4AB6-8727-E5395D310A57}.Release|Any CPU.ActiveCfg = Release|Any CPU
		{298D8CB8-5B00-4AB6-8727-E5395D310A57}.Release|Any CPU.Build.0 = Release|Any CPU
		{81B5E58D-BDC5-43BF-8F54-CCD72E6CDB56}.Debug|Any CPU.ActiveCfg = Debug|Any CPU
		{81B5E58D-BDC5-43BF-8F54-CCD72E6CDB56}.Debug|Any CPU.Build.0 = Debug|Any CPU
		{81B5E58D-BDC5-43BF-8F54-CCD72E6CDB56}.Release|Any CPU.ActiveCfg = Release|Any CPU
		{81B5E58D-BDC5-43BF-8F54-CCD72E6CDB56}.Release|Any CPU.Build.0 = Release|Any CPU
	EndGlobalSection
	GlobalSection(SolutionProperties) = preSolution
		HideSolutionNode = FALSE
	EndGlobalSection
	GlobalSection(ExtensibilityGlobals) = postSolution
		SolutionGuid = {E889CDE3-A721-49EA-8BC1-5A6472C7577B}
	EndGlobalSection
EndGlobal
