
Microsoft Visual Studio Solution File, Format Version 12.00
# Visual Studio Version 17
VisualStudioVersion = 17.8.34309.116
MinimumVisualStudioVersion = 10.0.40219.1
Project("{FAE04EC0-301F-11D3-BF4B-00C04F79EFBC}") = "ToolbarSample", "ToolbarSample\ToolbarSample.csproj", "{3D2B0260-3C79-4E35-BA9A-6AF890773C24}"
EndProject
Project("{FAE04EC0-301F-11D3-BF4B-00C04F79EFBC}") = "ToolbarSample.Client", "ToolbarSample.Client\ToolbarSample.Client.csproj", "{03F5B12F-DDB0-42A5-8E53-D2E3B81B4EBA}"
EndProject
Global
	GlobalSection(SolutionConfigurationPlatforms) = preSolution
		Debug|Any CPU = Debug|Any CPU
		Release|Any CPU = Release|Any CPU
	EndGlobalSection
	GlobalSection(ProjectConfigurationPlatforms) = postSolution
		{3D2B0260-3C79-4E35-BA9A-6AF890773C24}.Debug|Any CPU.ActiveCfg = Debug|Any CPU
		{3D2B0260-3C79-4E35-BA9A-6AF890773C24}.Debug|Any CPU.Build.0 = Debug|Any CPU
		{3D2B0260-3C79-4E35-BA9A-6AF890773C24}.Release|Any CPU.ActiveCfg = Release|Any CPU
		{3D2B0260-3C79-4E35-BA9A-6AF890773C24}.Release|Any CPU.Build.0 = Release|Any CPU
		{03F5B12F-DDB0-42A5-8E53-D2E3B81B4EBA}.Debug|Any CPU.ActiveCfg = Debug|Any CPU
		{03F5B12F-DDB0-42A5-8E53-D2E3B81B4EBA}.Debug|Any CPU.Build.0 = Debug|Any CPU
		{03F5B12F-DDB0-42A5-8E53-D2E3B81B4EBA}.Release|Any CPU.ActiveCfg = Release|Any CPU
		{03F5B12F-DDB0-42A5-8E53-D2E3B81B4EBA}.Release|Any CPU.Build.0 = Release|Any CPU
	EndGlobalSection
	GlobalSection(SolutionProperties) = preSolution
		HideSolutionNode = FALSE
	EndGlobalSection
	GlobalSection(ExtensibilityGlobals) = postSolution
		SolutionGuid = {8ADE4514-D78C-43BB-9A38-E09D6F8DC9BB}
	EndGlobalSection
EndGlobal
