
Microsoft Visual Studio Solution File, Format Version 12.00
# Visual Studio Version 17
VisualStudioVersion = 17.8.34309.116
MinimumVisualStudioVersion = 10.0.40219.1
Project("{FAE04EC0-301F-11D3-BF4B-00C04F79EFBC}") = "NumericTextBoxSample", "NumericTextBoxSample\NumericTextBoxSample.csproj", "{1123C46F-CD95-409E-83E7-F5CADE0E81BA}"
EndProject
Project("{FAE04EC0-301F-11D3-BF4B-00C04F79EFBC}") = "NumericTextBoxSample.Client", "NumericTextBoxSample.Client\NumericTextBoxSample.Client.csproj", "{6CCB8A18-B55D-4BB9-84C3-1BA9F34D2194}"
EndProject
Global
	GlobalSection(SolutionConfigurationPlatforms) = preSolution
		Debug|Any CPU = Debug|Any CPU
		Release|Any CPU = Release|Any CPU
	EndGlobalSection
	GlobalSection(ProjectConfigurationPlatforms) = postSolution
		{1123C46F-CD95-409E-83E7-F5CADE0E81BA}.Debug|Any CPU.ActiveCfg = Debug|Any CPU
		{1123C46F-CD95-409E-83E7-F5CADE0E81BA}.Debug|Any CPU.Build.0 = Debug|Any CPU
		{1123C46F-CD95-409E-83E7-F5CADE0E81BA}.Release|Any CPU.ActiveCfg = Release|Any CPU
		{1123C46F-CD95-409E-83E7-F5CADE0E81BA}.Release|Any CPU.Build.0 = Release|Any CPU
		{6CCB8A18-B55D-4BB9-84C3-1BA9F34D2194}.Debug|Any CPU.ActiveCfg = Debug|Any CPU
		{6CCB8A18-B55D-4BB9-84C3-1BA9F34D2194}.Debug|Any CPU.Build.0 = Debug|Any CPU
		{6CCB8A18-B55D-4BB9-84C3-1BA9F34D2194}.Release|Any CPU.ActiveCfg = Release|Any CPU
		{6CCB8A18-B55D-4BB9-84C3-1BA9F34D2194}.Release|Any CPU.Build.0 = Release|Any CPU
	EndGlobalSection
	GlobalSection(SolutionProperties) = preSolution
		HideSolutionNode = FALSE
	EndGlobalSection
	GlobalSection(ExtensibilityGlobals) = postSolution
		SolutionGuid = {1FE5FB0B-A4C7-4C32-B7BF-BA1FE595942A}
	EndGlobalSection
EndGlobal
