
Microsoft Visual Studio Solution File, Format Version 12.00
# Visual Studio Version 17
VisualStudioVersion = 17.8.34309.116
MinimumVisualStudioVersion = 10.0.40219.1
Project("{FAE04EC0-301F-11D3-BF4B-00C04F79EFBC}") = "TextBoxSample", "TextBoxSample\TextBoxSample.csproj", "{C100C5D6-280F-40A9-A32E-4CFCFC8C836B}"
EndProject
Project("{FAE04EC0-301F-11D3-BF4B-00C04F79EFBC}") = "TextBoxSample.Client", "TextBoxSample.Client\TextBoxSample.Client.csproj", "{36E16195-D52B-4163-9AC1-655C69413131}"
EndProject
Global
	GlobalSection(SolutionConfigurationPlatforms) = preSolution
		Debug|Any CPU = Debug|Any CPU
		Release|Any CPU = Release|Any CPU
	EndGlobalSection
	GlobalSection(ProjectConfigurationPlatforms) = postSolution
		{C100C5D6-280F-40A9-A32E-4CFCFC8C836B}.Debug|Any CPU.ActiveCfg = Debug|Any CPU
		{C100C5D6-280F-40A9-A32E-4CFCFC8C836B}.Debug|Any CPU.Build.0 = Debug|Any CPU
		{C100C5D6-280F-40A9-A32E-4CFCFC8C836B}.Release|Any CPU.ActiveCfg = Release|Any CPU
		{C100C5D6-280F-40A9-A32E-4CFCFC8C836B}.Release|Any CPU.Build.0 = Release|Any CPU
		{36E16195-D52B-4163-9AC1-655C69413131}.Debug|Any CPU.ActiveCfg = Debug|Any CPU
		{36E16195-D52B-4163-9AC1-655C69413131}.Debug|Any CPU.Build.0 = Debug|Any CPU
		{36E16195-D52B-4163-9AC1-655C69413131}.Release|Any CPU.ActiveCfg = Release|Any CPU
		{36E16195-D52B-4163-9AC1-655C69413131}.Release|Any CPU.Build.0 = Release|Any CPU
	EndGlobalSection
	GlobalSection(SolutionProperties) = preSolution
		HideSolutionNode = FALSE
	EndGlobalSection
	GlobalSection(ExtensibilityGlobals) = postSolution
		SolutionGuid = {C4014421-9EF8-441A-BEBF-8C1453481D4C}
	EndGlobalSection
EndGlobal
