
Microsoft Visual Studio Solution File, Format Version 12.00
# Visual Studio Version 17
VisualStudioVersion = 17.8.34316.72
MinimumVisualStudioVersion = 10.0.40219.1
Project("{FAE04EC0-301F-11D3-BF4B-00C04F79EFBC}") = "KanbanSample", "KanbanSample\KanbanSample.csproj", "{E199F85E-04FD-4735-8A63-5F3B79C5AA1D}"
EndProject
Project("{FAE04EC0-301F-11D3-BF4B-00C04F79EFBC}") = "KanbanSample.Client", "KanbanSample.Client\KanbanSample.Client.csproj", "{2CB19824-7C3C-4F5E-B770-3EC053FB6CBA}"
EndProject
Global
	GlobalSection(SolutionConfigurationPlatforms) = preSolution
		Debug|Any CPU = Debug|Any CPU
		Release|Any CPU = Release|Any CPU
	EndGlobalSection
	GlobalSection(ProjectConfigurationPlatforms) = postSolution
		{E199F85E-04FD-4735-8A63-5F3B79C5AA1D}.Debug|Any CPU.ActiveCfg = Debug|Any CPU
		{E199F85E-04FD-4735-8A63-5F3B79C5AA1D}.Debug|Any CPU.Build.0 = Debug|Any CPU
		{E199F85E-04FD-4735-8A63-5F3B79C5AA1D}.Release|Any CPU.ActiveCfg = Release|Any CPU
		{E199F85E-04FD-4735-8A63-5F3B79C5AA1D}.Release|Any CPU.Build.0 = Release|Any CPU
		{2CB19824-7C3C-4F5E-B770-3EC053FB6CBA}.Debug|Any CPU.ActiveCfg = Debug|Any CPU
		{2CB19824-7C3C-4F5E-B770-3EC053FB6CBA}.Debug|Any CPU.Build.0 = Debug|Any CPU
		{2CB19824-7C3C-4F5E-B770-3EC053FB6CBA}.Release|Any CPU.ActiveCfg = Release|Any CPU
		{2CB19824-7C3C-4F5E-B770-3EC053FB6CBA}.Release|Any CPU.Build.0 = Release|Any CPU
	EndGlobalSection
	GlobalSection(SolutionProperties) = preSolution
		HideSolutionNode = FALSE
	EndGlobalSection
	GlobalSection(ExtensibilityGlobals) = postSolution
		SolutionGuid = {35115A24-035F-4962-AC6E-7F00155981B9}
	EndGlobalSection
EndGlobal
