
Microsoft Visual Studio Solution File, Format Version 12.00
# Visual Studio Version 17
VisualStudioVersion = 17.14.36705.20 d17.14
MinimumVisualStudioVersion = 10.0.40219.1
Project("{FAE04EC0-301F-11D3-BF4B-00C04F79EFBC}") = "OTPInput_ServerApp", "OTPInput_ServerApp.csproj", "{30920A84-DB51-45B8-86A9-20D62E322075}"
EndProject
Global
	GlobalSection(SolutionConfigurationPlatforms) = preSolution
		Debug|Any CPU = Debug|Any CPU
		Release|Any CPU = Release|Any CPU
	EndGlobalSection
	GlobalSection(ProjectConfigurationPlatforms) = postSolution
		{30920A84-DB51-45B8-86A9-20D62E322075}.Debug|Any CPU.ActiveCfg = Debug|Any CPU
		{30920A84-DB51-45B8-86A9-20D62E322075}.Debug|Any CPU.Build.0 = Debug|Any CPU
		{30920A84-DB51-45B8-86A9-20D62E322075}.Release|Any CPU.ActiveCfg = Release|Any CPU
		{30920A84-DB51-45B8-86A9-20D62E322075}.Release|Any CPU.Build.0 = Release|Any CPU
	EndGlobalSection
	GlobalSection(SolutionProperties) = preSolution
		HideSolutionNode = FALSE
	EndGlobalSection
	GlobalSection(ExtensibilityGlobals) = postSolution
		SolutionGuid = {00030C60-997C-4F70-8E22-290374A240D4}
	EndGlobalSection
EndGlobal
