
Microsoft Visual Studio Solution File, Format Version 12.00
# Visual Studio Version 17
VisualStudioVersion = 17.14.36705.20 d17.14
MinimumVisualStudioVersion = 10.0.40219.1
Project("{FAE04EC0-301F-11D3-BF4B-00C04F79EFBC}") = "Breadcrumb_WasmApp", "Breadcrumb_WasmApp\Breadcrumb_WasmApp.csproj", "{A7B853D6-1741-4B57-9CBA-868EA60A537C}"
EndProject
Project("{FAE04EC0-301F-11D3-BF4B-00C04F79EFBC}") = "Breadcrumb_WasmApp.Client", "Breadcrumb_WasmApp.Client\Breadcrumb_WasmApp.Client.csproj", "{224C677C-7FBA-40C0-95AA-1C00F20AB741}"
EndProject
Global
	GlobalSection(SolutionConfigurationPlatforms) = preSolution
		Debug|Any CPU = Debug|Any CPU
		Release|Any CPU = Release|Any CPU
	EndGlobalSection
	GlobalSection(ProjectConfigurationPlatforms) = postSolution
		{A7B853D6-1741-4B57-9CBA-868EA60A537C}.Debug|Any CPU.ActiveCfg = Debug|Any CPU
		{A7B853D6-1741-4B57-9CBA-868EA60A537C}.Debug|Any CPU.Build.0 = Debug|Any CPU
		{A7B853D6-1741-4B57-9CBA-868EA60A537C}.Release|Any CPU.ActiveCfg = Release|Any CPU
		{A7B853D6-1741-4B57-9CBA-868EA60A537C}.Release|Any CPU.Build.0 = Release|Any CPU
		{224C677C-7FBA-40C0-95AA-1C00F20AB741}.Debug|Any CPU.ActiveCfg = Debug|Any CPU
		{224C677C-7FBA-40C0-95AA-1C00F20AB741}.Debug|Any CPU.Build.0 = Debug|Any CPU
		{224C677C-7FBA-40C0-95AA-1C00F20AB741}.Release|Any CPU.ActiveCfg = Release|Any CPU
		{224C677C-7FBA-40C0-95AA-1C00F20AB741}.Release|Any CPU.Build.0 = Release|Any CPU
	EndGlobalSection
	GlobalSection(SolutionProperties) = preSolution
		HideSolutionNode = FALSE
	EndGlobalSection
	GlobalSection(ExtensibilityGlobals) = postSolution
		SolutionGuid = {6CB70F18-94A1-4FF2-AD45-981DB1F553F1}
	EndGlobalSection
EndGlobal
