
Microsoft Visual Studio Solution File, Format Version 12.00
# Visual Studio Version 17
VisualStudioVersion = 17.9.34723.18
MinimumVisualStudioVersion = 10.0.40219.1
Project("{FAE04EC0-301F-11D3-BF4B-00C04F79EFBC}") = "BlazorWebApp", "BlazorWebApp\BlazorWebApp.csproj", "{0A70A911-4E88-4DDE-A5D1-59DAA2B29D69}"
EndProject
Project("{FAE04EC0-301F-11D3-BF4B-00C04F79EFBC}") = "BlazorWebApp.Client", "BlazorWebApp.Client\BlazorWebApp.Client.csproj", "{AB42E440-DC75-4326-8A80-7267AE0E575A}"
EndProject
Global
	GlobalSection(SolutionConfigurationPlatforms) = preSolution
		Debug|Any CPU = Debug|Any CPU
		Release|Any CPU = Release|Any CPU
	EndGlobalSection
	GlobalSection(ProjectConfigurationPlatforms) = postSolution
		{0A70A911-4E88-4DDE-A5D1-59DAA2B29D69}.Debug|Any CPU.ActiveCfg = Debug|Any CPU
		{0A70A911-4E88-4DDE-A5D1-59DAA2B29D69}.Debug|Any CPU.Build.0 = Debug|Any CPU
		{0A70A911-4E88-4DDE-A5D1-59DAA2B29D69}.Release|Any CPU.ActiveCfg = Release|Any CPU
		{0A70A911-4E88-4DDE-A5D1-59DAA2B29D69}.Release|Any CPU.Build.0 = Release|Any CPU
		{AB42E440-DC75-4326-8A80-7267AE0E575A}.Debug|Any CPU.ActiveCfg = Debug|Any CPU
		{AB42E440-DC75-4326-8A80-7267AE0E575A}.Debug|Any CPU.Build.0 = Debug|Any CPU
		{AB42E440-DC75-4326-8A80-7267AE0E575A}.Release|Any CPU.ActiveCfg = Release|Any CPU
		{AB42E440-DC75-4326-8A80-7267AE0E575A}.Release|Any CPU.Build.0 = Release|Any CPU
	EndGlobalSection
	GlobalSection(SolutionProperties) = preSolution
		HideSolutionNode = FALSE
	EndGlobalSection
	GlobalSection(ExtensibilityGlobals) = postSolution
		SolutionGuid = {97A6381A-5524-40FA-B5AA-AE6E222D1649}
	EndGlobalSection
EndGlobal
