
Microsoft Visual Studio Solution File, Format Version 12.00
# Visual Studio Version 17
VisualStudioVersion = 17.14.36705.20 d17.14
MinimumVisualStudioVersion = 10.0.40219.1
Project("{FAE04EC0-301F-11D3-BF4B-00C04F79EFBC}") = "TextBox_WasmApp", "TextBox_WasmApp\TextBox_WasmApp.csproj", "{92C06C94-D849-4B49-B464-0EF102330B25}"
EndProject
Project("{FAE04EC0-301F-11D3-BF4B-00C04F79EFBC}") = "TextBox_WasmApp.Client", "TextBox_WasmApp.Client\TextBox_WasmApp.Client.csproj", "{C52B6D71-30E3-4A9F-8AC3-7BD6D44298F5}"
EndProject
Global
	GlobalSection(SolutionConfigurationPlatforms) = preSolution
		Debug|Any CPU = Debug|Any CPU
		Release|Any CPU = Release|Any CPU
	EndGlobalSection
	GlobalSection(ProjectConfigurationPlatforms) = postSolution
		{92C06C94-D849-4B49-B464-0EF102330B25}.Debug|Any CPU.ActiveCfg = Debug|Any CPU
		{92C06C94-D849-4B49-B464-0EF102330B25}.Debug|Any CPU.Build.0 = Debug|Any CPU
		{92C06C94-D849-4B49-B464-0EF102330B25}.Release|Any CPU.ActiveCfg = Release|Any CPU
		{92C06C94-D849-4B49-B464-0EF102330B25}.Release|Any CPU.Build.0 = Release|Any CPU
		{C52B6D71-30E3-4A9F-8AC3-7BD6D44298F5}.Debug|Any CPU.ActiveCfg = Debug|Any CPU
		{C52B6D71-30E3-4A9F-8AC3-7BD6D44298F5}.Debug|Any CPU.Build.0 = Debug|Any CPU
		{C52B6D71-30E3-4A9F-8AC3-7BD6D44298F5}.Release|Any CPU.ActiveCfg = Release|Any CPU
		{C52B6D71-30E3-4A9F-8AC3-7BD6D44298F5}.Release|Any CPU.Build.0 = Release|Any CPU
	EndGlobalSection
	GlobalSection(SolutionProperties) = preSolution
		HideSolutionNode = FALSE
	EndGlobalSection
	GlobalSection(ExtensibilityGlobals) = postSolution
		SolutionGuid = {CECF3462-2545-4E61-8291-E559609BD1EF}
	EndGlobalSection
EndGlobal
