
Microsoft Visual Studio Solution File, Format Version 12.00
# Visual Studio Version 17
VisualStudioVersion = 17.14.36705.20 d17.14
MinimumVisualStudioVersion = 10.0.40219.1
Project("{FAE04EC0-301F-11D3-BF4B-00C04F79EFBC}") = "DashboardLayout_WasmApp", "DashboardLayout_WasmApp\DashboardLayout_WasmApp.csproj", "{3F77F99D-3174-4771-96C1-6EF755C624E2}"
EndProject
Project("{FAE04EC0-301F-11D3-BF4B-00C04F79EFBC}") = "DashboardLayout_WasmApp.Client", "DashboardLayout_WasmApp.Client\DashboardLayout_WasmApp.Client.csproj", "{19DA1AF5-8349-40CE-A789-562CFE1437E7}"
EndProject
Global
	GlobalSection(SolutionConfigurationPlatforms) = preSolution
		Debug|Any CPU = Debug|Any CPU
		Release|Any CPU = Release|Any CPU
	EndGlobalSection
	GlobalSection(ProjectConfigurationPlatforms) = postSolution
		{3F77F99D-3174-4771-96C1-6EF755C624E2}.Debug|Any CPU.ActiveCfg = Debug|Any CPU
		{3F77F99D-3174-4771-96C1-6EF755C624E2}.Debug|Any CPU.Build.0 = Debug|Any CPU
		{3F77F99D-3174-4771-96C1-6EF755C624E2}.Release|Any CPU.ActiveCfg = Release|Any CPU
		{3F77F99D-3174-4771-96C1-6EF755C624E2}.Release|Any CPU.Build.0 = Release|Any CPU
		{19DA1AF5-8349-40CE-A789-562CFE1437E7}.Debug|Any CPU.ActiveCfg = Debug|Any CPU
		{19DA1AF5-8349-40CE-A789-562CFE1437E7}.Debug|Any CPU.Build.0 = Debug|Any CPU
		{19DA1AF5-8349-40CE-A789-562CFE1437E7}.Release|Any CPU.ActiveCfg = Release|Any CPU
		{19DA1AF5-8349-40CE-A789-562CFE1437E7}.Release|Any CPU.Build.0 = Release|Any CPU
	EndGlobalSection
	GlobalSection(SolutionProperties) = preSolution
		HideSolutionNode = FALSE
	EndGlobalSection
	GlobalSection(ExtensibilityGlobals) = postSolution
		SolutionGuid = {2D35AD4A-FB65-427A-A93E-C1872A220B62}
	EndGlobalSection
EndGlobal
