
Microsoft Visual Studio Solution File, Format Version 12.00
# Visual Studio Version 17
VisualStudioVersion = 17.14.35906.104 d17.14
MinimumVisualStudioVersion = 10.0.40219.1
Project("{FAE04EC0-301F-11D3-BF4B-00C04F79EFBC}") = "DashboardLayoutSample", "DashboardLayoutSample\DashboardLayoutSample.csproj", "{0DEBDDB5-B8AF-44E8-B7A6-A0D07B3F57C9}"
EndProject
Project("{FAE04EC0-301F-11D3-BF4B-00C04F79EFBC}") = "DashboardLayoutSample.Client", "DashboardLayoutSample.Client\DashboardLayoutSample.Client.csproj", "{A008004D-35B4-4A6C-8415-928F0C370073}"
EndProject
Global
	GlobalSection(SolutionConfigurationPlatforms) = preSolution
		Debug|Any CPU = Debug|Any CPU
		Release|Any CPU = Release|Any CPU
	EndGlobalSection
	GlobalSection(ProjectConfigurationPlatforms) = postSolution
		{0DEBDDB5-B8AF-44E8-B7A6-A0D07B3F57C9}.Debug|Any CPU.ActiveCfg = Debug|Any CPU
		{0DEBDDB5-B8AF-44E8-B7A6-A0D07B3F57C9}.Debug|Any CPU.Build.0 = Debug|Any CPU
		{0DEBDDB5-B8AF-44E8-B7A6-A0D07B3F57C9}.Release|Any CPU.ActiveCfg = Release|Any CPU
		{0DEBDDB5-B8AF-44E8-B7A6-A0D07B3F57C9}.Release|Any CPU.Build.0 = Release|Any CPU
		{A008004D-35B4-4A6C-8415-928F0C370073}.Debug|Any CPU.ActiveCfg = Debug|Any CPU
		{A008004D-35B4-4A6C-8415-928F0C370073}.Debug|Any CPU.Build.0 = Debug|Any CPU
		{A008004D-35B4-4A6C-8415-928F0C370073}.Release|Any CPU.ActiveCfg = Release|Any CPU
		{A008004D-35B4-4A6C-8415-928F0C370073}.Release|Any CPU.Build.0 = Release|Any CPU
	EndGlobalSection
	GlobalSection(SolutionProperties) = preSolution
		HideSolutionNode = FALSE
	EndGlobalSection
	GlobalSection(ExtensibilityGlobals) = postSolution
		SolutionGuid = {D80DB305-44E8-4230-AB58-92839FB89A7C}
	EndGlobalSection
EndGlobal
