
Microsoft Visual Studio Solution File, Format Version 12.00
# Visual Studio Version 17
VisualStudioVersion = 17.8.34309.116
MinimumVisualStudioVersion = 10.0.40219.1
Project("{FAE04EC0-301F-11D3-BF4B-00C04F79EFBC}") = "ButtonSample", "ButtonSample\ButtonSample.csproj", "{0E7BAF09-821A-44C7-BAE4-92038AE498C2}"
EndProject
Project("{FAE04EC0-301F-11D3-BF4B-00C04F79EFBC}") = "ButtonSample.Client", "ButtonSample.Client\ButtonSample.Client.csproj", "{F1B8795F-9FD1-4C16-9D5B-9E1DB1CC65E2}"
EndProject
Global
	GlobalSection(SolutionConfigurationPlatforms) = preSolution
		Debug|Any CPU = Debug|Any CPU
		Release|Any CPU = Release|Any CPU
	EndGlobalSection
	GlobalSection(ProjectConfigurationPlatforms) = postSolution
		{0E7BAF09-821A-44C7-BAE4-92038AE498C2}.Debug|Any CPU.ActiveCfg = Debug|Any CPU
		{0E7BAF09-821A-44C7-BAE4-92038AE498C2}.Debug|Any CPU.Build.0 = Debug|Any CPU
		{0E7BAF09-821A-44C7-BAE4-92038AE498C2}.Release|Any CPU.ActiveCfg = Release|Any CPU
		{0E7BAF09-821A-44C7-BAE4-92038AE498C2}.Release|Any CPU.Build.0 = Release|Any CPU
		{F1B8795F-9FD1-4C16-9D5B-9E1DB1CC65E2}.Debug|Any CPU.ActiveCfg = Debug|Any CPU
		{F1B8795F-9FD1-4C16-9D5B-9E1DB1CC65E2}.Debug|Any CPU.Build.0 = Debug|Any CPU
		{F1B8795F-9FD1-4C16-9D5B-9E1DB1CC65E2}.Release|Any CPU.ActiveCfg = Release|Any CPU
		{F1B8795F-9FD1-4C16-9D5B-9E1DB1CC65E2}.Release|Any CPU.Build.0 = Release|Any CPU
	EndGlobalSection
	GlobalSection(SolutionProperties) = preSolution
		HideSolutionNode = FALSE
	EndGlobalSection
	GlobalSection(ExtensibilityGlobals) = postSolution
		SolutionGuid = {45C6B401-8F11-4E95-9777-C90AA447AD1F}
	EndGlobalSection
EndGlobal
