
Microsoft Visual Studio Solution File, Format Version 12.00
# Visual Studio Version 17
VisualStudioVersion = 17.14.36408.4 d17.14
MinimumVisualStudioVersion = 10.0.40219.1
Project("{FAE04EC0-301F-11D3-BF4B-00C04F79EFBC}") = "PdfViewerSample", "PdfViewerSample\PdfViewerSample.csproj", "{741F8CD0-FA60-4230-BA84-3F4F82A8C4A2}"
EndProject
Project("{FAE04EC0-301F-11D3-BF4B-00C04F79EFBC}") = "PdfViewerSample.Client", "PdfViewerSample.Client\PdfViewerSample.Client.csproj", "{E791638E-4FD3-4BEF-B481-8EF21C027DA7}"
EndProject
Global
	GlobalSection(SolutionConfigurationPlatforms) = preSolution
		Debug|Any CPU = Debug|Any CPU
		Release|Any CPU = Release|Any CPU
	EndGlobalSection
	GlobalSection(ProjectConfigurationPlatforms) = postSolution
		{741F8CD0-FA60-4230-BA84-3F4F82A8C4A2}.Debug|Any CPU.ActiveCfg = Debug|Any CPU
		{741F8CD0-FA60-4230-BA84-3F4F82A8C4A2}.Debug|Any CPU.Build.0 = Debug|Any CPU
		{741F8CD0-FA60-4230-BA84-3F4F82A8C4A2}.Release|Any CPU.ActiveCfg = Release|Any CPU
		{741F8CD0-FA60-4230-BA84-3F4F82A8C4A2}.Release|Any CPU.Build.0 = Release|Any CPU
		{E791638E-4FD3-4BEF-B481-8EF21C027DA7}.Debug|Any CPU.ActiveCfg = Debug|Any CPU
		{E791638E-4FD3-4BEF-B481-8EF21C027DA7}.Debug|Any CPU.Build.0 = Debug|Any CPU
		{E791638E-4FD3-4BEF-B481-8EF21C027DA7}.Release|Any CPU.ActiveCfg = Release|Any CPU
		{E791638E-4FD3-4BEF-B481-8EF21C027DA7}.Release|Any CPU.Build.0 = Release|Any CPU
	EndGlobalSection
	GlobalSection(SolutionProperties) = preSolution
		HideSolutionNode = FALSE
	EndGlobalSection
	GlobalSection(ExtensibilityGlobals) = postSolution
		SolutionGuid = {4392AC04-4B1C-4593-942C-AFCBA1AD6823}
	EndGlobalSection
EndGlobal
