
Microsoft Visual Studio Solution File, Format Version 12.00
# Visual Studio Version 17
VisualStudioVersion = 17.9.34723.18
MinimumVisualStudioVersion = 10.0.40219.1
Project("{FAE04EC0-301F-11D3-BF4B-00C04F79EFBC}") = "BlazorWebApp", "BlazorWebApp\BlazorWebApp.csproj", "{FB6AEBE2-9B43-42B4-B176-B741AE4B3845}"
EndProject
Project("{FAE04EC0-301F-11D3-BF4B-00C04F79EFBC}") = "BlazorWebApp.Client", "BlazorWebApp.Client\BlazorWebApp.Client.csproj", "{C5187F3D-43E3-4EA9-8E6B-8F89A689432F}"
EndProject
Global
	GlobalSection(SolutionConfigurationPlatforms) = preSolution
		Debug|Any CPU = Debug|Any CPU
		Release|Any CPU = Release|Any CPU
	EndGlobalSection
	GlobalSection(ProjectConfigurationPlatforms) = postSolution
		{FB6AEBE2-9B43-42B4-B176-B741AE4B3845}.Debug|Any CPU.ActiveCfg = Debug|Any CPU
		{FB6AEBE2-9B43-42B4-B176-B741AE4B3845}.Debug|Any CPU.Build.0 = Debug|Any CPU
		{FB6AEBE2-9B43-42B4-B176-B741AE4B3845}.Release|Any CPU.ActiveCfg = Release|Any CPU
		{FB6AEBE2-9B43-42B4-B176-B741AE4B3845}.Release|Any CPU.Build.0 = Release|Any CPU
		{C5187F3D-43E3-4EA9-8E6B-8F89A689432F}.Debug|Any CPU.ActiveCfg = Debug|Any CPU
		{C5187F3D-43E3-4EA9-8E6B-8F89A689432F}.Debug|Any CPU.Build.0 = Debug|Any CPU
		{C5187F3D-43E3-4EA9-8E6B-8F89A689432F}.Release|Any CPU.ActiveCfg = Release|Any CPU
		{C5187F3D-43E3-4EA9-8E6B-8F89A689432F}.Release|Any CPU.Build.0 = Release|Any CPU
	EndGlobalSection
	GlobalSection(SolutionProperties) = preSolution
		HideSolutionNode = FALSE
	EndGlobalSection
	GlobalSection(ExtensibilityGlobals) = postSolution
		SolutionGuid = {4E30371C-C664-4CB7-856F-30E1C64F97F8}
	EndGlobalSection
EndGlobal
