
Microsoft Visual Studio Solution File, Format Version 12.00
# Visual Studio Version 17
VisualStudioVersion = 17.8.34309.116
MinimumVisualStudioVersion = 10.0.40219.1
Project("{FAE04EC0-301F-11D3-BF4B-00C04F79EFBC}") = "ListBoxSample", "ListBoxSample\ListBoxSample.csproj", "{567FC2D9-61BB-4B18-93FA-95915FC1AED3}"
EndProject
Project("{FAE04EC0-301F-11D3-BF4B-00C04F79EFBC}") = "ListBoxSample.Client", "ListBoxSample.Client\ListBoxSample.Client.csproj", "{4EAA7F26-14F3-4E86-A05B-127ACD426043}"
EndProject
Global
	GlobalSection(SolutionConfigurationPlatforms) = preSolution
		Debug|Any CPU = Debug|Any CPU
		Release|Any CPU = Release|Any CPU
	EndGlobalSection
	GlobalSection(ProjectConfigurationPlatforms) = postSolution
		{567FC2D9-61BB-4B18-93FA-95915FC1AED3}.Debug|Any CPU.ActiveCfg = Debug|Any CPU
		{567FC2D9-61BB-4B18-93FA-95915FC1AED3}.Debug|Any CPU.Build.0 = Debug|Any CPU
		{567FC2D9-61BB-4B18-93FA-95915FC1AED3}.Release|Any CPU.ActiveCfg = Release|Any CPU
		{567FC2D9-61BB-4B18-93FA-95915FC1AED3}.Release|Any CPU.Build.0 = Release|Any CPU
		{4EAA7F26-14F3-4E86-A05B-127ACD426043}.Debug|Any CPU.ActiveCfg = Debug|Any CPU
		{4EAA7F26-14F3-4E86-A05B-127ACD426043}.Debug|Any CPU.Build.0 = Debug|Any CPU
		{4EAA7F26-14F3-4E86-A05B-127ACD426043}.Release|Any CPU.ActiveCfg = Release|Any CPU
		{4EAA7F26-14F3-4E86-A05B-127ACD426043}.Release|Any CPU.Build.0 = Release|Any CPU
	EndGlobalSection
	GlobalSection(SolutionProperties) = preSolution
		HideSolutionNode = FALSE
	EndGlobalSection
	GlobalSection(ExtensibilityGlobals) = postSolution
		SolutionGuid = {CD0BDA8A-8AA6-4C0E-AA65-B3AD3D012434}
	EndGlobalSection
EndGlobal
