
Microsoft Visual Studio Solution File, Format Version 12.00
# Visual Studio Version 17
VisualStudioVersion = 17.14.36705.20 d17.14
MinimumVisualStudioVersion = 10.0.40219.1
Project("{FAE04EC0-301F-11D3-BF4B-00C04F79EFBC}") = "Barcode_WasmApp", "Barcode_WasmApp\Barcode_WasmApp.csproj", "{DC36F1E3-BB6C-4915-A729-014CE02BAF9E}"
EndProject
Project("{FAE04EC0-301F-11D3-BF4B-00C04F79EFBC}") = "Barcode_WasmApp.Client", "Barcode_WasmApp.Client\Barcode_WasmApp.Client.csproj", "{AB83789F-8923-4648-8EA0-1611A9ECE62A}"
EndProject
Global
	GlobalSection(SolutionConfigurationPlatforms) = preSolution
		Debug|Any CPU = Debug|Any CPU
		Release|Any CPU = Release|Any CPU
	EndGlobalSection
	GlobalSection(ProjectConfigurationPlatforms) = postSolution
		{DC36F1E3-BB6C-4915-A729-014CE02BAF9E}.Debug|Any CPU.ActiveCfg = Debug|Any CPU
		{DC36F1E3-BB6C-4915-A729-014CE02BAF9E}.Debug|Any CPU.Build.0 = Debug|Any CPU
		{DC36F1E3-BB6C-4915-A729-014CE02BAF9E}.Release|Any CPU.ActiveCfg = Release|Any CPU
		{DC36F1E3-BB6C-4915-A729-014CE02BAF9E}.Release|Any CPU.Build.0 = Release|Any CPU
		{AB83789F-8923-4648-8EA0-1611A9ECE62A}.Debug|Any CPU.ActiveCfg = Debug|Any CPU
		{AB83789F-8923-4648-8EA0-1611A9ECE62A}.Debug|Any CPU.Build.0 = Debug|Any CPU
		{AB83789F-8923-4648-8EA0-1611A9ECE62A}.Release|Any CPU.ActiveCfg = Release|Any CPU
		{AB83789F-8923-4648-8EA0-1611A9ECE62A}.Release|Any CPU.Build.0 = Release|Any CPU
	EndGlobalSection
	GlobalSection(SolutionProperties) = preSolution
		HideSolutionNode = FALSE
	EndGlobalSection
	GlobalSection(ExtensibilityGlobals) = postSolution
		SolutionGuid = {5C329522-2C8B-4BAC-A7A5-93ED34D02624}
	EndGlobalSection
EndGlobal
