
Microsoft Visual Studio Solution File, Format Version 12.00
# Visual Studio Version 17
VisualStudioVersion = 17.8.34316.72
MinimumVisualStudioVersion = 10.0.40219.1
Project("{FAE04EC0-301F-11D3-BF4B-00C04F79EFBC}") = "DropDownListSample", "DropDownListSample\DropDownListSample.csproj", "{B5668727-43EE-4DE3-ACF1-52C905E657AF}"
EndProject
Project("{FAE04EC0-301F-11D3-BF4B-00C04F79EFBC}") = "DropDownListSample.Client", "DropDownListSample.Client\DropDownListSample.Client.csproj", "{D79F9642-81B6-44F2-BFA5-59DAC7E5BBCA}"
EndProject
Global
	GlobalSection(SolutionConfigurationPlatforms) = preSolution
		Debug|Any CPU = Debug|Any CPU
		Release|Any CPU = Release|Any CPU
	EndGlobalSection
	GlobalSection(ProjectConfigurationPlatforms) = postSolution
		{B5668727-43EE-4DE3-ACF1-52C905E657AF}.Debug|Any CPU.ActiveCfg = Debug|Any CPU
		{B5668727-43EE-4DE3-ACF1-52C905E657AF}.Debug|Any CPU.Build.0 = Debug|Any CPU
		{B5668727-43EE-4DE3-ACF1-52C905E657AF}.Release|Any CPU.ActiveCfg = Release|Any CPU
		{B5668727-43EE-4DE3-ACF1-52C905E657AF}.Release|Any CPU.Build.0 = Release|Any CPU
		{D79F9642-81B6-44F2-BFA5-59DAC7E5BBCA}.Debug|Any CPU.ActiveCfg = Debug|Any CPU
		{D79F9642-81B6-44F2-BFA5-59DAC7E5BBCA}.Debug|Any CPU.Build.0 = Debug|Any CPU
		{D79F9642-81B6-44F2-BFA5-59DAC7E5BBCA}.Release|Any CPU.ActiveCfg = Release|Any CPU
		{D79F9642-81B6-44F2-BFA5-59DAC7E5BBCA}.Release|Any CPU.Build.0 = Release|Any CPU
	EndGlobalSection
	GlobalSection(SolutionProperties) = preSolution
		HideSolutionNode = FALSE
	EndGlobalSection
	GlobalSection(ExtensibilityGlobals) = postSolution
		SolutionGuid = {1D723302-17CC-471A-9914-3FAD4C8BB3A3}
	EndGlobalSection
EndGlobal
