
Microsoft Visual Studio Solution File, Format Version 12.00
# Visual Studio Version 17
VisualStudioVersion = 17.0.32112.339
MinimumVisualStudioVersion = 10.0.40219.1
Project("{FAE04EC0-301F-11D3-BF4B-00C04F79EFBC}") = "DateRangePickerSample.Server", "Server\DateRangePickerSample.Server.csproj", "{0B2AD7B4-7A13-465B-A48A-5844B0895176}"
EndProject
Project("{FAE04EC0-301F-11D3-BF4B-00C04F79EFBC}") = "DateRangePickerSample.Client", "Client\DateRangePickerSample.Client.csproj", "{1E8414D9-D6A1-4642-AC5B-49BE413CDF50}"
EndProject
Project("{FAE04EC0-301F-11D3-BF4B-00C04F79EFBC}") = "DateRangePickerSample.Shared", "Shared\DateRangePickerSample.Shared.csproj", "{9CB60683-F9EC-495F-9F33-59AEE5CF3E9F}"
EndProject
Global
	GlobalSection(SolutionConfigurationPlatforms) = preSolution
		Debug|Any CPU = Debug|Any CPU
		Release|Any CPU = Release|Any CPU
	EndGlobalSection
	GlobalSection(ProjectConfigurationPlatforms) = postSolution
		{0B2AD7B4-7A13-465B-A48A-5844B0895176}.Debug|Any CPU.ActiveCfg = Debug|Any CPU
		{0B2AD7B4-7A13-465B-A48A-5844B0895176}.Debug|Any CPU.Build.0 = Debug|Any CPU
		{0B2AD7B4-7A13-465B-A48A-5844B0895176}.Release|Any CPU.ActiveCfg = Release|Any CPU
		{0B2AD7B4-7A13-465B-A48A-5844B0895176}.Release|Any CPU.Build.0 = Release|Any CPU
		{1E8414D9-D6A1-4642-AC5B-49BE413CDF50}.Debug|Any CPU.ActiveCfg = Debug|Any CPU
		{1E8414D9-D6A1-4642-AC5B-49BE413CDF50}.Debug|Any CPU.Build.0 = Debug|Any CPU
		{1E8414D9-D6A1-4642-AC5B-49BE413CDF50}.Release|Any CPU.ActiveCfg = Release|Any CPU
		{1E8414D9-D6A1-4642-AC5B-49BE413CDF50}.Release|Any CPU.Build.0 = Release|Any CPU
		{9CB60683-F9EC-495F-9F33-59AEE5CF3E9F}.Debug|Any CPU.ActiveCfg = Debug|Any CPU
		{9CB60683-F9EC-495F-9F33-59AEE5CF3E9F}.Debug|Any CPU.Build.0 = Debug|Any CPU
		{9CB60683-F9EC-495F-9F33-59AEE5CF3E9F}.Release|Any CPU.ActiveCfg = Release|Any CPU
		{9CB60683-F9EC-495F-9F33-59AEE5CF3E9F}.Release|Any CPU.Build.0 = Release|Any CPU
	EndGlobalSection
	GlobalSection(SolutionProperties) = preSolution
		HideSolutionNode = FALSE
	EndGlobalSection
	GlobalSection(ExtensibilityGlobals) = postSolution
		SolutionGuid = {23B234A1-75BF-44F8-819B-B6E7BC08A6DE}
	EndGlobalSection
EndGlobal
