
Microsoft Visual Studio Solution File, Format Version 12.00
# Visual Studio Version 17
VisualStudioVersion = 17.8.34309.116
MinimumVisualStudioVersion = 10.0.40219.1
Project("{FAE04EC0-301F-11D3-BF4B-00C04F79EFBC}") = "PdfViewerSample", "PdfViewerSample\PdfViewerSample.csproj", "{BFDE9849-4460-47F3-8F61-1D613EE7BE52}"
EndProject
Project("{FAE04EC0-301F-11D3-BF4B-00C04F79EFBC}") = "PdfViewerSample.Client", "PdfViewerSample.Client\PdfViewerSample.Client.csproj", "{88E90C4E-1E18-42DD-88EC-70E08E037868}"
EndProject
Global
	GlobalSection(SolutionConfigurationPlatforms) = preSolution
		Debug|Any CPU = Debug|Any CPU
		Release|Any CPU = Release|Any CPU
	EndGlobalSection
	GlobalSection(ProjectConfigurationPlatforms) = postSolution
		{BFDE9849-4460-47F3-8F61-1D613EE7BE52}.Debug|Any CPU.ActiveCfg = Debug|Any CPU
		{BFDE9849-4460-47F3-8F61-1D613EE7BE52}.Debug|Any CPU.Build.0 = Debug|Any CPU
		{BFDE9849-4460-47F3-8F61-1D613EE7BE52}.Release|Any CPU.ActiveCfg = Release|Any CPU
		{BFDE9849-4460-47F3-8F61-1D613EE7BE52}.Release|Any CPU.Build.0 = Release|Any CPU
		{88E90C4E-1E18-42DD-88EC-70E08E037868}.Debug|Any CPU.ActiveCfg = Debug|Any CPU
		{88E90C4E-1E18-42DD-88EC-70E08E037868}.Debug|Any CPU.Build.0 = Debug|Any CPU
		{88E90C4E-1E18-42DD-88EC-70E08E037868}.Release|Any CPU.ActiveCfg = Release|Any CPU
		{88E90C4E-1E18-42DD-88EC-70E08E037868}.Release|Any CPU.Build.0 = Release|Any CPU
	EndGlobalSection
	GlobalSection(SolutionProperties) = preSolution
		HideSolutionNode = FALSE
	EndGlobalSection
	GlobalSection(ExtensibilityGlobals) = postSolution
		SolutionGuid = {722CA7CE-5718-41F8-ABBA-BE295D03C9C7}
	EndGlobalSection
EndGlobal
