
Microsoft Visual Studio Solution File, Format Version 12.00
# Visual Studio Version 17
VisualStudioVersion = 17.8.34309.116
MinimumVisualStudioVersion = 10.0.40219.1
Project("{FAE04EC0-301F-11D3-BF4B-00C04F79EFBC}") = "BUttonGroupSample", "BUttonGroupSample\BUttonGroupSample.csproj", "{20089EED-B46A-4A3F-B7AA-60EED982C14B}"
EndProject
Project("{FAE04EC0-301F-11D3-BF4B-00C04F79EFBC}") = "BUttonGroupSample.Client", "BUttonGroupSample.Client\BUttonGroupSample.Client.csproj", "{4771BB39-A480-41C7-836A-04DBA8775C47}"
EndProject
Global
	GlobalSection(SolutionConfigurationPlatforms) = preSolution
		Debug|Any CPU = Debug|Any CPU
		Release|Any CPU = Release|Any CPU
	EndGlobalSection
	GlobalSection(ProjectConfigurationPlatforms) = postSolution
		{20089EED-B46A-4A3F-B7AA-60EED982C14B}.Debug|Any CPU.ActiveCfg = Debug|Any CPU
		{20089EED-B46A-4A3F-B7AA-60EED982C14B}.Debug|Any CPU.Build.0 = Debug|Any CPU
		{20089EED-B46A-4A3F-B7AA-60EED982C14B}.Release|Any CPU.ActiveCfg = Release|Any CPU
		{20089EED-B46A-4A3F-B7AA-60EED982C14B}.Release|Any CPU.Build.0 = Release|Any CPU
		{4771BB39-A480-41C7-836A-04DBA8775C47}.Debug|Any CPU.ActiveCfg = Debug|Any CPU
		{4771BB39-A480-41C7-836A-04DBA8775C47}.Debug|Any CPU.Build.0 = Debug|Any CPU
		{4771BB39-A480-41C7-836A-04DBA8775C47}.Release|Any CPU.ActiveCfg = Release|Any CPU
		{4771BB39-A480-41C7-836A-04DBA8775C47}.Release|Any CPU.Build.0 = Release|Any CPU
	EndGlobalSection
	GlobalSection(SolutionProperties) = preSolution
		HideSolutionNode = FALSE
	EndGlobalSection
	GlobalSection(ExtensibilityGlobals) = postSolution
		SolutionGuid = {76AB6C4F-8D46-46A4-9D5B-507261624E65}
	EndGlobalSection
EndGlobal
