
Microsoft Visual Studio Solution File, Format Version 12.00
# Visual Studio Version 17
VisualStudioVersion = 17.14.36705.20 d17.14
MinimumVisualStudioVersion = 10.0.40219.1
Project("{FAE04EC0-301F-11D3-BF4B-00C04F79EFBC}") = "FloatingActionButton_WasmApp", "FloatingActionButton_WasmApp\FloatingActionButton_WasmApp.csproj", "{5D7CBF46-4CA9-43E3-B4C9-A63B2436BBB3}"
EndProject
Project("{FAE04EC0-301F-11D3-BF4B-00C04F79EFBC}") = "FloatingActionButton_WasmApp.Client", "FloatingActionButton_WasmApp.Client\FloatingActionButton_WasmApp.Client.csproj", "{7BEBA238-1FF6-44C0-819C-5F7C382745F6}"
EndProject
Global
	GlobalSection(SolutionConfigurationPlatforms) = preSolution
		Debug|Any CPU = Debug|Any CPU
		Release|Any CPU = Release|Any CPU
	EndGlobalSection
	GlobalSection(ProjectConfigurationPlatforms) = postSolution
		{5D7CBF46-4CA9-43E3-B4C9-A63B2436BBB3}.Debug|Any CPU.ActiveCfg = Debug|Any CPU
		{5D7CBF46-4CA9-43E3-B4C9-A63B2436BBB3}.Debug|Any CPU.Build.0 = Debug|Any CPU
		{5D7CBF46-4CA9-43E3-B4C9-A63B2436BBB3}.Release|Any CPU.ActiveCfg = Release|Any CPU
		{5D7CBF46-4CA9-43E3-B4C9-A63B2436BBB3}.Release|Any CPU.Build.0 = Release|Any CPU
		{7BEBA238-1FF6-44C0-819C-5F7C382745F6}.Debug|Any CPU.ActiveCfg = Debug|Any CPU
		{7BEBA238-1FF6-44C0-819C-5F7C382745F6}.Debug|Any CPU.Build.0 = Debug|Any CPU
		{7BEBA238-1FF6-44C0-819C-5F7C382745F6}.Release|Any CPU.ActiveCfg = Release|Any CPU
		{7BEBA238-1FF6-44C0-819C-5F7C382745F6}.Release|Any CPU.Build.0 = Release|Any CPU
	EndGlobalSection
	GlobalSection(SolutionProperties) = preSolution
		HideSolutionNode = FALSE
	EndGlobalSection
	GlobalSection(ExtensibilityGlobals) = postSolution
		SolutionGuid = {3DA3D1C8-C23B-4FF9-B258-69DDCD627DB9}
	EndGlobalSection
EndGlobal
