
Microsoft Visual Studio Solution File, Format Version 12.00
# Visual Studio Version 17
VisualStudioVersion = 17.0.32112.339
MinimumVisualStudioVersion = 10.0.40219.1
Project("{FAE04EC0-301F-11D3-BF4B-00C04F79EFBC}") = "BadgeSample.Server", "Server\BadgeSample.Server.csproj", "{2A2FC36D-EE47-428B-9E7A-9F8F8E5A2069}"
EndProject
Project("{FAE04EC0-301F-11D3-BF4B-00C04F79EFBC}") = "BadgeSample.Client", "Client\BadgeSample.Client.csproj", "{20FDA102-FE89-4249-8330-704F446031BC}"
EndProject
Project("{FAE04EC0-301F-11D3-BF4B-00C04F79EFBC}") = "BadgeSample.Shared", "Shared\BadgeSample.Shared.csproj", "{0BA6473A-B1B1-4005-B6F8-3BA59AADBC91}"
EndProject
Global
	GlobalSection(SolutionConfigurationPlatforms) = preSolution
		Debug|Any CPU = Debug|Any CPU
		Release|Any CPU = Release|Any CPU
	EndGlobalSection
	GlobalSection(ProjectConfigurationPlatforms) = postSolution
		{2A2FC36D-EE47-428B-9E7A-9F8F8E5A2069}.Debug|Any CPU.ActiveCfg = Debug|Any CPU
		{2A2FC36D-EE47-428B-9E7A-9F8F8E5A2069}.Debug|Any CPU.Build.0 = Debug|Any CPU
		{2A2FC36D-EE47-428B-9E7A-9F8F8E5A2069}.Release|Any CPU.ActiveCfg = Release|Any CPU
		{2A2FC36D-EE47-428B-9E7A-9F8F8E5A2069}.Release|Any CPU.Build.0 = Release|Any CPU
		{20FDA102-FE89-4249-8330-704F446031BC}.Debug|Any CPU.ActiveCfg = Debug|Any CPU
		{20FDA102-FE89-4249-8330-704F446031BC}.Debug|Any CPU.Build.0 = Debug|Any CPU
		{20FDA102-FE89-4249-8330-704F446031BC}.Release|Any CPU.ActiveCfg = Release|Any CPU
		{20FDA102-FE89-4249-8330-704F446031BC}.Release|Any CPU.Build.0 = Release|Any CPU
		{0BA6473A-B1B1-4005-B6F8-3BA59AADBC91}.Debug|Any CPU.ActiveCfg = Debug|Any CPU
		{0BA6473A-B1B1-4005-B6F8-3BA59AADBC91}.Debug|Any CPU.Build.0 = Debug|Any CPU
		{0BA6473A-B1B1-4005-B6F8-3BA59AADBC91}.Release|Any CPU.ActiveCfg = Release|Any CPU
		{0BA6473A-B1B1-4005-B6F8-3BA59AADBC91}.Release|Any CPU.Build.0 = Release|Any CPU
	EndGlobalSection
	GlobalSection(SolutionProperties) = preSolution
		HideSolutionNode = FALSE
	EndGlobalSection
	GlobalSection(ExtensibilityGlobals) = postSolution
		SolutionGuid = {FCA61906-B3E4-4FD0-A618-C24FFC515172}
	EndGlobalSection
EndGlobal
