
Microsoft Visual Studio Solution File, Format Version 12.00
# Visual Studio Version 17
VisualStudioVersion = 17.0.32112.339
MinimumVisualStudioVersion = 10.0.40219.1
Project("{FAE04EC0-301F-11D3-BF4B-00C04F79EFBC}") = "PivotTableSample.Server", "Server\PivotTableSample.Server.csproj", "{9BE5511E-8A80-4710-AA34-0E0F9BE6FD43}"
EndProject
Project("{FAE04EC0-301F-11D3-BF4B-00C04F79EFBC}") = "PivotTableSample.Client", "Client\PivotTableSample.Client.csproj", "{AD798FF0-21D2-4101-A11D-06666D2A186F}"
EndProject
Project("{FAE04EC0-301F-11D3-BF4B-00C04F79EFBC}") = "PivotTableSample.Shared", "Shared\PivotTableSample.Shared.csproj", "{1F7CC774-46F2-40AC-9CA5-43A5537F95C1}"
EndProject
Global
	GlobalSection(SolutionConfigurationPlatforms) = preSolution
		Debug|Any CPU = Debug|Any CPU
		Release|Any CPU = Release|Any CPU
	EndGlobalSection
	GlobalSection(ProjectConfigurationPlatforms) = postSolution
		{9BE5511E-8A80-4710-AA34-0E0F9BE6FD43}.Debug|Any CPU.ActiveCfg = Debug|Any CPU
		{9BE5511E-8A80-4710-AA34-0E0F9BE6FD43}.Debug|Any CPU.Build.0 = Debug|Any CPU
		{9BE5511E-8A80-4710-AA34-0E0F9BE6FD43}.Release|Any CPU.ActiveCfg = Release|Any CPU
		{9BE5511E-8A80-4710-AA34-0E0F9BE6FD43}.Release|Any CPU.Build.0 = Release|Any CPU
		{AD798FF0-21D2-4101-A11D-06666D2A186F}.Debug|Any CPU.ActiveCfg = Debug|Any CPU
		{AD798FF0-21D2-4101-A11D-06666D2A186F}.Debug|Any CPU.Build.0 = Debug|Any CPU
		{AD798FF0-21D2-4101-A11D-06666D2A186F}.Release|Any CPU.ActiveCfg = Release|Any CPU
		{AD798FF0-21D2-4101-A11D-06666D2A186F}.Release|Any CPU.Build.0 = Release|Any CPU
		{1F7CC774-46F2-40AC-9CA5-43A5537F95C1}.Debug|Any CPU.ActiveCfg = Debug|Any CPU
		{1F7CC774-46F2-40AC-9CA5-43A5537F95C1}.Debug|Any CPU.Build.0 = Debug|Any CPU
		{1F7CC774-46F2-40AC-9CA5-43A5537F95C1}.Release|Any CPU.ActiveCfg = Release|Any CPU
		{1F7CC774-46F2-40AC-9CA5-43A5537F95C1}.Release|Any CPU.Build.0 = Release|Any CPU
	EndGlobalSection
	GlobalSection(SolutionProperties) = preSolution
		HideSolutionNode = FALSE
	EndGlobalSection
	GlobalSection(ExtensibilityGlobals) = postSolution
		SolutionGuid = {0387B3B2-2FFE-4F24-86B3-B4E468568ABE}
	EndGlobalSection
EndGlobal
