
Microsoft Visual Studio Solution File, Format Version 12.00
# Visual Studio Version 17
VisualStudioVersion = 17.0.32112.339
MinimumVisualStudioVersion = 10.0.40219.1
Project("{FAE04EC0-301F-11D3-BF4B-00C04F79EFBC}") = "BarcodeSample", "BarcodeSample.csproj", "{81720FCD-3B69-4928-A355-9E912A23F8AE}"
EndProject
Global
	GlobalSection(SolutionConfigurationPlatforms) = preSolution
		Debug|Any CPU = Debug|Any CPU
		Release|Any CPU = Release|Any CPU
	EndGlobalSection
	GlobalSection(ProjectConfigurationPlatforms) = postSolution
		{81720FCD-3B69-4928-A355-9E912A23F8AE}.Debug|Any CPU.ActiveCfg = Debug|Any CPU
		{81720FCD-3B69-4928-A355-9E912A23F8AE}.Debug|Any CPU.Build.0 = Debug|Any CPU
		{81720FCD-3B69-4928-A355-9E912A23F8AE}.Release|Any CPU.ActiveCfg = Release|Any CPU
		{81720FCD-3B69-4928-A355-9E912A23F8AE}.Release|Any CPU.Build.0 = Release|Any CPU
	EndGlobalSection
	GlobalSection(SolutionProperties) = preSolution
		HideSolutionNode = FALSE
	EndGlobalSection
	GlobalSection(ExtensibilityGlobals) = postSolution
		SolutionGuid = {D14750EF-608C-4C46-8EDE-9F5B8E53A12C}
	EndGlobalSection
EndGlobal
