
Microsoft Visual Studio Solution File, Format Version 12.00
# Visual Studio Version 17
VisualStudioVersion = 17.8.34330.188
MinimumVisualStudioVersion = 10.0.40219.1
Project("{FAE04EC0-301F-11D3-BF4B-00C04F79EFBC}") = "DropDownSample", "DropDownSample\DropDownSample.csproj", "{9C442AB4-9AB9-43AA-A68A-2B2DE22EFD31}"
EndProject
Project("{FAE04EC0-301F-11D3-BF4B-00C04F79EFBC}") = "DropDownSample.Client", "DropDownSample.Client\DropDownSample.Client.csproj", "{433C1029-9EF9-4B5C-B5FE-28F260E8CB62}"
EndProject
Global
	GlobalSection(SolutionConfigurationPlatforms) = preSolution
		Debug|Any CPU = Debug|Any CPU
		Release|Any CPU = Release|Any CPU
	EndGlobalSection
	GlobalSection(ProjectConfigurationPlatforms) = postSolution
		{9C442AB4-9AB9-43AA-A68A-2B2DE22EFD31}.Debug|Any CPU.ActiveCfg = Debug|Any CPU
		{9C442AB4-9AB9-43AA-A68A-2B2DE22EFD31}.Debug|Any CPU.Build.0 = Debug|Any CPU
		{9C442AB4-9AB9-43AA-A68A-2B2DE22EFD31}.Release|Any CPU.ActiveCfg = Release|Any CPU
		{9C442AB4-9AB9-43AA-A68A-2B2DE22EFD31}.Release|Any CPU.Build.0 = Release|Any CPU
		{433C1029-9EF9-4B5C-B5FE-28F260E8CB62}.Debug|Any CPU.ActiveCfg = Debug|Any CPU
		{433C1029-9EF9-4B5C-B5FE-28F260E8CB62}.Debug|Any CPU.Build.0 = Debug|Any CPU
		{433C1029-9EF9-4B5C-B5FE-28F260E8CB62}.Release|Any CPU.ActiveCfg = Release|Any CPU
		{433C1029-9EF9-4B5C-B5FE-28F260E8CB62}.Release|Any CPU.Build.0 = Release|Any CPU
	EndGlobalSection
	GlobalSection(SolutionProperties) = preSolution
		HideSolutionNode = FALSE
	EndGlobalSection
	GlobalSection(ExtensibilityGlobals) = postSolution
		SolutionGuid = {ECB2494B-81D8-4D48-BFC2-3AD28622A231}
	EndGlobalSection
EndGlobal
