
Microsoft Visual Studio Solution File, Format Version 12.00
# Visual Studio Version 17
VisualStudioVersion = 17.14.36705.20 d17.14
MinimumVisualStudioVersion = 10.0.40219.1
Project("{FAE04EC0-301F-11D3-BF4B-00C04F79EFBC}") = "MultiColumnComboBox_WasmApp", "MultiColumnComboBox_WasmApp\MultiColumnComboBox_WasmApp.csproj", "{1795D5A1-DFDC-40B0-9596-F936CDA0D85E}"
EndProject
Project("{FAE04EC0-301F-11D3-BF4B-00C04F79EFBC}") = "MultiColumnComboBox_WasmApp.Client", "MultiColumnComboBox_WasmApp.Client\MultiColumnComboBox_WasmApp.Client.csproj", "{9E89FAAC-4098-4D3E-8AD9-F01D985F1B4D}"
EndProject
Global
	GlobalSection(SolutionConfigurationPlatforms) = preSolution
		Debug|Any CPU = Debug|Any CPU
		Release|Any CPU = Release|Any CPU
	EndGlobalSection
	GlobalSection(ProjectConfigurationPlatforms) = postSolution
		{1795D5A1-DFDC-40B0-9596-F936CDA0D85E}.Debug|Any CPU.ActiveCfg = Debug|Any CPU
		{1795D5A1-DFDC-40B0-9596-F936CDA0D85E}.Debug|Any CPU.Build.0 = Debug|Any CPU
		{1795D5A1-DFDC-40B0-9596-F936CDA0D85E}.Release|Any CPU.ActiveCfg = Release|Any CPU
		{1795D5A1-DFDC-40B0-9596-F936CDA0D85E}.Release|Any CPU.Build.0 = Release|Any CPU
		{9E89FAAC-4098-4D3E-8AD9-F01D985F1B4D}.Debug|Any CPU.ActiveCfg = Debug|Any CPU
		{9E89FAAC-4098-4D3E-8AD9-F01D985F1B4D}.Debug|Any CPU.Build.0 = Debug|Any CPU
		{9E89FAAC-4098-4D3E-8AD9-F01D985F1B4D}.Release|Any CPU.ActiveCfg = Release|Any CPU
		{9E89FAAC-4098-4D3E-8AD9-F01D985F1B4D}.Release|Any CPU.Build.0 = Release|Any CPU
	EndGlobalSection
	GlobalSection(SolutionProperties) = preSolution
		HideSolutionNode = FALSE
	EndGlobalSection
	GlobalSection(ExtensibilityGlobals) = postSolution
		SolutionGuid = {2D586492-5613-4785-B80C-DCA247F00610}
	EndGlobalSection
EndGlobal
