
Microsoft Visual Studio Solution File, Format Version 12.00
# Visual Studio Version 17
VisualStudioVersion = 17.14.36705.20 d17.14
MinimumVisualStudioVersion = 10.0.40219.1
Project("{FAE04EC0-301F-11D3-BF4B-00C04F79EFBC}") = "AppBar_ServerApp", "AppBar_ServerApp.csproj", "{8EC826D6-A790-49CE-A0A7-EAF4E731E952}"
EndProject
Global
	GlobalSection(SolutionConfigurationPlatforms) = preSolution
		Debug|Any CPU = Debug|Any CPU
		Release|Any CPU = Release|Any CPU
	EndGlobalSection
	GlobalSection(ProjectConfigurationPlatforms) = postSolution
		{8EC826D6-A790-49CE-A0A7-EAF4E731E952}.Debug|Any CPU.ActiveCfg = Debug|Any CPU
		{8EC826D6-A790-49CE-A0A7-EAF4E731E952}.Debug|Any CPU.Build.0 = Debug|Any CPU
		{8EC826D6-A790-49CE-A0A7-EAF4E731E952}.Release|Any CPU.ActiveCfg = Release|Any CPU
		{8EC826D6-A790-49CE-A0A7-EAF4E731E952}.Release|Any CPU.Build.0 = Release|Any CPU
	EndGlobalSection
	GlobalSection(SolutionProperties) = preSolution
		HideSolutionNode = FALSE
	EndGlobalSection
	GlobalSection(ExtensibilityGlobals) = postSolution
		SolutionGuid = {15D7DB9C-4395-4980-A9CE-40DE5F92BFC9}
	EndGlobalSection
EndGlobal
