
Microsoft Visual Studio Solution File, Format Version 12.00
# Visual Studio Version 17
VisualStudioVersion = 17.14.36705.20 d17.14
MinimumVisualStudioVersion = 10.0.40219.1
Project("{FAE04EC0-301F-11D3-BF4B-00C04F79EFBC}") = "TreeGrid_WasmApp", "TreeGrid_WasmApp\TreeGrid_WasmApp.csproj", "{A9F31BB6-3FB7-4102-8AF3-49C673B951DC}"
EndProject
Project("{FAE04EC0-301F-11D3-BF4B-00C04F79EFBC}") = "TreeGrid_WasmApp.Client", "TreeGrid_WasmApp.Client\TreeGrid_WasmApp.Client.csproj", "{D04A4698-943B-401F-BE9C-D48D37175840}"
EndProject
Global
	GlobalSection(SolutionConfigurationPlatforms) = preSolution
		Debug|Any CPU = Debug|Any CPU
		Release|Any CPU = Release|Any CPU
	EndGlobalSection
	GlobalSection(ProjectConfigurationPlatforms) = postSolution
		{A9F31BB6-3FB7-4102-8AF3-49C673B951DC}.Debug|Any CPU.ActiveCfg = Debug|Any CPU
		{A9F31BB6-3FB7-4102-8AF3-49C673B951DC}.Debug|Any CPU.Build.0 = Debug|Any CPU
		{A9F31BB6-3FB7-4102-8AF3-49C673B951DC}.Release|Any CPU.ActiveCfg = Release|Any CPU
		{A9F31BB6-3FB7-4102-8AF3-49C673B951DC}.Release|Any CPU.Build.0 = Release|Any CPU
		{D04A4698-943B-401F-BE9C-D48D37175840}.Debug|Any CPU.ActiveCfg = Debug|Any CPU
		{D04A4698-943B-401F-BE9C-D48D37175840}.Debug|Any CPU.Build.0 = Debug|Any CPU
		{D04A4698-943B-401F-BE9C-D48D37175840}.Release|Any CPU.ActiveCfg = Release|Any CPU
		{D04A4698-943B-401F-BE9C-D48D37175840}.Release|Any CPU.Build.0 = Release|Any CPU
	EndGlobalSection
	GlobalSection(SolutionProperties) = preSolution
		HideSolutionNode = FALSE
	EndGlobalSection
	GlobalSection(ExtensibilityGlobals) = postSolution
		SolutionGuid = {00FB0863-650D-4346-B6D1-6DA8A5E8A649}
	EndGlobalSection
EndGlobal
