
Microsoft Visual Studio Solution File, Format Version 12.00
# Visual Studio Version 17
VisualStudioVersion = 17.8.34309.116
MinimumVisualStudioVersion = 10.0.40219.1
Project("{FAE04EC0-301F-11D3-BF4B-00C04F79EFBC}") = "ToggleSwitchButtonSample", "ToggleSwitchButtonSample\ToggleSwitchButtonSample.csproj", "{AC8EEF5E-ACB6-4F84-AFF1-3996BB53A50A}"
EndProject
Project("{FAE04EC0-301F-11D3-BF4B-00C04F79EFBC}") = "ToggleSwitchButtonSample.Client", "ToggleSwitchButtonSample.Client\ToggleSwitchButtonSample.Client.csproj", "{61B507DE-0D4E-44C2-A63E-77900E7F1D02}"
EndProject
Global
	GlobalSection(SolutionConfigurationPlatforms) = preSolution
		Debug|Any CPU = Debug|Any CPU
		Release|Any CPU = Release|Any CPU
	EndGlobalSection
	GlobalSection(ProjectConfigurationPlatforms) = postSolution
		{AC8EEF5E-ACB6-4F84-AFF1-3996BB53A50A}.Debug|Any CPU.ActiveCfg = Debug|Any CPU
		{AC8EEF5E-ACB6-4F84-AFF1-3996BB53A50A}.Debug|Any CPU.Build.0 = Debug|Any CPU
		{AC8EEF5E-ACB6-4F84-AFF1-3996BB53A50A}.Release|Any CPU.ActiveCfg = Release|Any CPU
		{AC8EEF5E-ACB6-4F84-AFF1-3996BB53A50A}.Release|Any CPU.Build.0 = Release|Any CPU
		{61B507DE-0D4E-44C2-A63E-77900E7F1D02}.Debug|Any CPU.ActiveCfg = Debug|Any CPU
		{61B507DE-0D4E-44C2-A63E-77900E7F1D02}.Debug|Any CPU.Build.0 = Debug|Any CPU
		{61B507DE-0D4E-44C2-A63E-77900E7F1D02}.Release|Any CPU.ActiveCfg = Release|Any CPU
		{61B507DE-0D4E-44C2-A63E-77900E7F1D02}.Release|Any CPU.Build.0 = Release|Any CPU
	EndGlobalSection
	GlobalSection(SolutionProperties) = preSolution
		HideSolutionNode = FALSE
	EndGlobalSection
	GlobalSection(ExtensibilityGlobals) = postSolution
		SolutionGuid = {5A570B2C-2035-4B6C-A26F-C0E74F40DFD5}
	EndGlobalSection
EndGlobal
