
Microsoft Visual Studio Solution File, Format Version 12.00
# Visual Studio Version 17
VisualStudioVersion = 17.9.34310.174
MinimumVisualStudioVersion = 10.0.40219.1
Project("{FAE04EC0-301F-11D3-BF4B-00C04F79EFBC}") = "DiagramSample", "DiagramSample\DiagramSample.csproj", "{18C33860-FE2A-40C6-BA0E-899983A5A45C}"
EndProject
Global
	GlobalSection(SolutionConfigurationPlatforms) = preSolution
		Debug|Any CPU = Debug|Any CPU
		Release|Any CPU = Release|Any CPU
	EndGlobalSection
	GlobalSection(ProjectConfigurationPlatforms) = postSolution
		{18C33860-FE2A-40C6-BA0E-899983A5A45C}.Debug|Any CPU.ActiveCfg = Debug|Any CPU
		{18C33860-FE2A-40C6-BA0E-899983A5A45C}.Debug|Any CPU.Build.0 = Debug|Any CPU
		{18C33860-FE2A-40C6-BA0E-899983A5A45C}.Debug|Any CPU.Deploy.0 = Debug|Any CPU
		{18C33860-FE2A-40C6-BA0E-899983A5A45C}.Release|Any CPU.ActiveCfg = Release|Any CPU
		{18C33860-FE2A-40C6-BA0E-899983A5A45C}.Release|Any CPU.Build.0 = Release|Any CPU
		{18C33860-FE2A-40C6-BA0E-899983A5A45C}.Release|Any CPU.Deploy.0 = Release|Any CPU
	EndGlobalSection
	GlobalSection(SolutionProperties) = preSolution
		HideSolutionNode = FALSE
	EndGlobalSection
	GlobalSection(ExtensibilityGlobals) = postSolution
		SolutionGuid = {2E89B3AE-8705-4C83-8A12-40B2C3A6A475}
	EndGlobalSection
EndGlobal
