
Microsoft Visual Studio Solution File, Format Version 12.00
# Visual Studio Version 17
VisualStudioVersion = 17.8.34316.72
MinimumVisualStudioVersion = 10.0.40219.1
Project("{FAE04EC0-301F-11D3-BF4B-00C04F79EFBC}") = "DataManagerSample", "DataManagerSample\DataManagerSample.csproj", "{AF24C241-848B-451A-8199-DC146A7ED3D3}"
EndProject
Project("{FAE04EC0-301F-11D3-BF4B-00C04F79EFBC}") = "DataManagerSample.Client", "DataManagerSample.Client\DataManagerSample.Client.csproj", "{39D78E89-3DFF-4E92-B263-5D611EC14B64}"
EndProject
Global
	GlobalSection(SolutionConfigurationPlatforms) = preSolution
		Debug|Any CPU = Debug|Any CPU
		Release|Any CPU = Release|Any CPU
	EndGlobalSection
	GlobalSection(ProjectConfigurationPlatforms) = postSolution
		{AF24C241-848B-451A-8199-DC146A7ED3D3}.Debug|Any CPU.ActiveCfg = Debug|Any CPU
		{AF24C241-848B-451A-8199-DC146A7ED3D3}.Debug|Any CPU.Build.0 = Debug|Any CPU
		{AF24C241-848B-451A-8199-DC146A7ED3D3}.Release|Any CPU.ActiveCfg = Release|Any CPU
		{AF24C241-848B-451A-8199-DC146A7ED3D3}.Release|Any CPU.Build.0 = Release|Any CPU
		{39D78E89-3DFF-4E92-B263-5D611EC14B64}.Debug|Any CPU.ActiveCfg = Debug|Any CPU
		{39D78E89-3DFF-4E92-B263-5D611EC14B64}.Debug|Any CPU.Build.0 = Debug|Any CPU
		{39D78E89-3DFF-4E92-B263-5D611EC14B64}.Release|Any CPU.ActiveCfg = Release|Any CPU
		{39D78E89-3DFF-4E92-B263-5D611EC14B64}.Release|Any CPU.Build.0 = Release|Any CPU
	EndGlobalSection
	GlobalSection(SolutionProperties) = preSolution
		HideSolutionNode = FALSE
	EndGlobalSection
	GlobalSection(ExtensibilityGlobals) = postSolution
		SolutionGuid = {341E28A3-4CC9-4EE7-8351-BFB314898300}
	EndGlobalSection
EndGlobal
