
Microsoft Visual Studio Solution File, Format Version 12.00
# Visual Studio Version 17
VisualStudioVersion = 17.0.32112.339
MinimumVisualStudioVersion = 10.0.40219.1
Project("{FAE04EC0-301F-11D3-BF4B-00C04F79EFBC}") = "DataManagerSample", "DataManagerSample.csproj", "{E943EEB0-D14D-49C9-9AAE-B18B6EE2393A}"
EndProject
Global
	GlobalSection(SolutionConfigurationPlatforms) = preSolution
		Debug|Any CPU = Debug|Any CPU
		Release|Any CPU = Release|Any CPU
	EndGlobalSection
	GlobalSection(ProjectConfigurationPlatforms) = postSolution
		{E943EEB0-D14D-49C9-9AAE-B18B6EE2393A}.Debug|Any CPU.ActiveCfg = Debug|Any CPU
		{E943EEB0-D14D-49C9-9AAE-B18B6EE2393A}.Debug|Any CPU.Build.0 = Debug|Any CPU
		{E943EEB0-D14D-49C9-9AAE-B18B6EE2393A}.Release|Any CPU.ActiveCfg = Release|Any CPU
		{E943EEB0-D14D-49C9-9AAE-B18B6EE2393A}.Release|Any CPU.Build.0 = Release|Any CPU
	EndGlobalSection
	GlobalSection(SolutionProperties) = preSolution
		HideSolutionNode = FALSE
	EndGlobalSection
	GlobalSection(ExtensibilityGlobals) = postSolution
		SolutionGuid = {98A7D88D-78CB-4E02-9D2B-35F88309647D}
	EndGlobalSection
EndGlobal
