
Microsoft Visual Studio Solution File, Format Version 12.00
# Visual Studio Version 17
VisualStudioVersion = 17.0.32112.339
MinimumVisualStudioVersion = 10.0.40219.1
Project("{FAE04EC0-301F-11D3-BF4B-00C04F79EFBC}") = "DropDownMenuSample", "DropDownMenuSample.csproj", "{B96611F1-BB17-44B1-9451-F01E3BC2429E}"
EndProject
Global
	GlobalSection(SolutionConfigurationPlatforms) = preSolution
		Debug|Any CPU = Debug|Any CPU
		Release|Any CPU = Release|Any CPU
	EndGlobalSection
	GlobalSection(ProjectConfigurationPlatforms) = postSolution
		{B96611F1-BB17-44B1-9451-F01E3BC2429E}.Debug|Any CPU.ActiveCfg = Debug|Any CPU
		{B96611F1-BB17-44B1-9451-F01E3BC2429E}.Debug|Any CPU.Build.0 = Debug|Any CPU
		{B96611F1-BB17-44B1-9451-F01E3BC2429E}.Release|Any CPU.ActiveCfg = Release|Any CPU
		{B96611F1-BB17-44B1-9451-F01E3BC2429E}.Release|Any CPU.Build.0 = Release|Any CPU
	EndGlobalSection
	GlobalSection(SolutionProperties) = preSolution
		HideSolutionNode = FALSE
	EndGlobalSection
	GlobalSection(ExtensibilityGlobals) = postSolution
		SolutionGuid = {EDE2DA2B-9C1B-44C8-B3B3-B53D965C05F9}
	EndGlobalSection
EndGlobal
