
Microsoft Visual Studio Solution File, Format Version 12.00
# Visual Studio Version 17
VisualStudioVersion = 17.0.32112.339
MinimumVisualStudioVersion = 10.0.40219.1
Project("{FAE04EC0-301F-11D3-BF4B-00C04F79EFBC}") = "TooltipSample", "TooltipSample.csproj", "{1B1DFDB0-E99E-4B5B-928B-ADA1DE062CDD}"
EndProject
Global
	GlobalSection(SolutionConfigurationPlatforms) = preSolution
		Debug|Any CPU = Debug|Any CPU
		Release|Any CPU = Release|Any CPU
	EndGlobalSection
	GlobalSection(ProjectConfigurationPlatforms) = postSolution
		{1B1DFDB0-E99E-4B5B-928B-ADA1DE062CDD}.Debug|Any CPU.ActiveCfg = Debug|Any CPU
		{1B1DFDB0-E99E-4B5B-928B-ADA1DE062CDD}.Debug|Any CPU.Build.0 = Debug|Any CPU
		{1B1DFDB0-E99E-4B5B-928B-ADA1DE062CDD}.Release|Any CPU.ActiveCfg = Release|Any CPU
		{1B1DFDB0-E99E-4B5B-928B-ADA1DE062CDD}.Release|Any CPU.Build.0 = Release|Any CPU
	EndGlobalSection
	GlobalSection(SolutionProperties) = preSolution
		HideSolutionNode = FALSE
	EndGlobalSection
	GlobalSection(ExtensibilityGlobals) = postSolution
		SolutionGuid = {0FA35DE0-EE22-4AD5-BD9D-B4B029C453BF}
	EndGlobalSection
EndGlobal
