
Microsoft Visual Studio Solution File, Format Version 12.00
# Visual Studio Version 17
VisualStudioVersion = 17.8.34309.116
MinimumVisualStudioVersion = 10.0.40219.1
Project("{FAE04EC0-301F-11D3-BF4B-00C04F79EFBC}") = "SidebarSample", "SidebarSample\SidebarSample.csproj", "{138B36D0-AB27-4112-B72F-E6A32C3A5B7F}"
EndProject
Project("{FAE04EC0-301F-11D3-BF4B-00C04F79EFBC}") = "SidebarSample.Client", "SidebarSample.Client\SidebarSample.Client.csproj", "{9FD75765-4472-4345-A7FC-F20D8C2757BF}"
EndProject
Global
	GlobalSection(SolutionConfigurationPlatforms) = preSolution
		Debug|Any CPU = Debug|Any CPU
		Release|Any CPU = Release|Any CPU
	EndGlobalSection
	GlobalSection(ProjectConfigurationPlatforms) = postSolution
		{138B36D0-AB27-4112-B72F-E6A32C3A5B7F}.Debug|Any CPU.ActiveCfg = Debug|Any CPU
		{138B36D0-AB27-4112-B72F-E6A32C3A5B7F}.Debug|Any CPU.Build.0 = Debug|Any CPU
		{138B36D0-AB27-4112-B72F-E6A32C3A5B7F}.Release|Any CPU.ActiveCfg = Release|Any CPU
		{138B36D0-AB27-4112-B72F-E6A32C3A5B7F}.Release|Any CPU.Build.0 = Release|Any CPU
		{9FD75765-4472-4345-A7FC-F20D8C2757BF}.Debug|Any CPU.ActiveCfg = Debug|Any CPU
		{9FD75765-4472-4345-A7FC-F20D8C2757BF}.Debug|Any CPU.Build.0 = Debug|Any CPU
		{9FD75765-4472-4345-A7FC-F20D8C2757BF}.Release|Any CPU.ActiveCfg = Release|Any CPU
		{9FD75765-4472-4345-A7FC-F20D8C2757BF}.Release|Any CPU.Build.0 = Release|Any CPU
	EndGlobalSection
	GlobalSection(SolutionProperties) = preSolution
		HideSolutionNode = FALSE
	EndGlobalSection
	GlobalSection(ExtensibilityGlobals) = postSolution
		SolutionGuid = {F1205D13-FDFD-46EC-8EEC-609250A33337}
	EndGlobalSection
EndGlobal
