
Microsoft Visual Studio Solution File, Format Version 12.00
# Visual Studio Version 17
VisualStudioVersion = 17.0.32112.339
MinimumVisualStudioVersion = 10.0.40219.1
Project("{FAE04EC0-301F-11D3-BF4B-00C04F79EFBC}") = "SplitterSample.Server", "Server\SplitterSample.Server.csproj", "{137C1998-2668-47FE-BC1D-0FAFB4FF9054}"
EndProject
Project("{FAE04EC0-301F-11D3-BF4B-00C04F79EFBC}") = "SplitterSample.Client", "Client\SplitterSample.Client.csproj", "{7B17F8DC-C5AB-49B0-93FD-56C564293BFC}"
EndProject
Project("{FAE04EC0-301F-11D3-BF4B-00C04F79EFBC}") = "SplitterSample.Shared", "Shared\SplitterSample.Shared.csproj", "{16625986-2104-4BF8-A8A8-91F562FA8804}"
EndProject
Global
	GlobalSection(SolutionConfigurationPlatforms) = preSolution
		Debug|Any CPU = Debug|Any CPU
		Release|Any CPU = Release|Any CPU
	EndGlobalSection
	GlobalSection(ProjectConfigurationPlatforms) = postSolution
		{137C1998-2668-47FE-BC1D-0FAFB4FF9054}.Debug|Any CPU.ActiveCfg = Debug|Any CPU
		{137C1998-2668-47FE-BC1D-0FAFB4FF9054}.Debug|Any CPU.Build.0 = Debug|Any CPU
		{137C1998-2668-47FE-BC1D-0FAFB4FF9054}.Release|Any CPU.ActiveCfg = Release|Any CPU
		{137C1998-2668-47FE-BC1D-0FAFB4FF9054}.Release|Any CPU.Build.0 = Release|Any CPU
		{7B17F8DC-C5AB-49B0-93FD-56C564293BFC}.Debug|Any CPU.ActiveCfg = Debug|Any CPU
		{7B17F8DC-C5AB-49B0-93FD-56C564293BFC}.Debug|Any CPU.Build.0 = Debug|Any CPU
		{7B17F8DC-C5AB-49B0-93FD-56C564293BFC}.Release|Any CPU.ActiveCfg = Release|Any CPU
		{7B17F8DC-C5AB-49B0-93FD-56C564293BFC}.Release|Any CPU.Build.0 = Release|Any CPU
		{16625986-2104-4BF8-A8A8-91F562FA8804}.Debug|Any CPU.ActiveCfg = Debug|Any CPU
		{16625986-2104-4BF8-A8A8-91F562FA8804}.Debug|Any CPU.Build.0 = Debug|Any CPU
		{16625986-2104-4BF8-A8A8-91F562FA8804}.Release|Any CPU.ActiveCfg = Release|Any CPU
		{16625986-2104-4BF8-A8A8-91F562FA8804}.Release|Any CPU.Build.0 = Release|Any CPU
	EndGlobalSection
	GlobalSection(SolutionProperties) = preSolution
		HideSolutionNode = FALSE
	EndGlobalSection
	GlobalSection(ExtensibilityGlobals) = postSolution
		SolutionGuid = {C763CF3F-9E6A-4EFA-BF03-52D3E2AD0EC8}
	EndGlobalSection
EndGlobal
