
Microsoft Visual Studio Solution File, Format Version 12.00
# Visual Studio Version 17
VisualStudioVersion = 17.14.36705.20 d17.14
MinimumVisualStudioVersion = 10.0.40219.1
Project("{FAE04EC0-301F-11D3-BF4B-00C04F79EFBC}") = "RangeSelector_WasmApp", "RangeSelector_WasmApp\RangeSelector_WasmApp.csproj", "{B5EDEF3C-8D64-4040-A6A8-A8585A7DF74E}"
EndProject
Project("{FAE04EC0-301F-11D3-BF4B-00C04F79EFBC}") = "RangeSelector_WasmApp.Client", "RangeSelector_WasmApp.Client\RangeSelector_WasmApp.Client.csproj", "{3CA57242-8A07-4D9E-9557-9D2C47EDBEFC}"
EndProject
Global
	GlobalSection(SolutionConfigurationPlatforms) = preSolution
		Debug|Any CPU = Debug|Any CPU
		Release|Any CPU = Release|Any CPU
	EndGlobalSection
	GlobalSection(ProjectConfigurationPlatforms) = postSolution
		{B5EDEF3C-8D64-4040-A6A8-A8585A7DF74E}.Debug|Any CPU.ActiveCfg = Debug|Any CPU
		{B5EDEF3C-8D64-4040-A6A8-A8585A7DF74E}.Debug|Any CPU.Build.0 = Debug|Any CPU
		{B5EDEF3C-8D64-4040-A6A8-A8585A7DF74E}.Release|Any CPU.ActiveCfg = Release|Any CPU
		{B5EDEF3C-8D64-4040-A6A8-A8585A7DF74E}.Release|Any CPU.Build.0 = Release|Any CPU
		{3CA57242-8A07-4D9E-9557-9D2C47EDBEFC}.Debug|Any CPU.ActiveCfg = Debug|Any CPU
		{3CA57242-8A07-4D9E-9557-9D2C47EDBEFC}.Debug|Any CPU.Build.0 = Debug|Any CPU
		{3CA57242-8A07-4D9E-9557-9D2C47EDBEFC}.Release|Any CPU.ActiveCfg = Release|Any CPU
		{3CA57242-8A07-4D9E-9557-9D2C47EDBEFC}.Release|Any CPU.Build.0 = Release|Any CPU
	EndGlobalSection
	GlobalSection(SolutionProperties) = preSolution
		HideSolutionNode = FALSE
	EndGlobalSection
	GlobalSection(ExtensibilityGlobals) = postSolution
		SolutionGuid = {DFF1591A-3CA8-4A48-9C3B-C7FCF66866BC}
	EndGlobalSection
EndGlobal
