
Microsoft Visual Studio Solution File, Format Version 12.00
# Visual Studio Version 17
VisualStudioVersion = 17.14.36705.20 d17.14
MinimumVisualStudioVersion = 10.0.40219.1
Project("{FAE04EC0-301F-11D3-BF4B-00C04F79EFBC}") = "StockChart_WebApp", "StockChart_WebApp\StockChart_WebApp.csproj", "{3C8EF839-F5F8-41C1-B403-D825C67C362D}"
EndProject
Project("{FAE04EC0-301F-11D3-BF4B-00C04F79EFBC}") = "StockChart_WebApp.Client", "StockChart_WebApp.Client\StockChart_WebApp.Client.csproj", "{4851138B-0AF4-4C64-88BD-27FD93B71225}"
EndProject
Global
	GlobalSection(SolutionConfigurationPlatforms) = preSolution
		Debug|Any CPU = Debug|Any CPU
		Release|Any CPU = Release|Any CPU
	EndGlobalSection
	GlobalSection(ProjectConfigurationPlatforms) = postSolution
		{3C8EF839-F5F8-41C1-B403-D825C67C362D}.Debug|Any CPU.ActiveCfg = Debug|Any CPU
		{3C8EF839-F5F8-41C1-B403-D825C67C362D}.Debug|Any CPU.Build.0 = Debug|Any CPU
		{3C8EF839-F5F8-41C1-B403-D825C67C362D}.Release|Any CPU.ActiveCfg = Release|Any CPU
		{3C8EF839-F5F8-41C1-B403-D825C67C362D}.Release|Any CPU.Build.0 = Release|Any CPU
		{4851138B-0AF4-4C64-88BD-27FD93B71225}.Debug|Any CPU.ActiveCfg = Debug|Any CPU
		{4851138B-0AF4-4C64-88BD-27FD93B71225}.Debug|Any CPU.Build.0 = Debug|Any CPU
		{4851138B-0AF4-4C64-88BD-27FD93B71225}.Release|Any CPU.ActiveCfg = Release|Any CPU
		{4851138B-0AF4-4C64-88BD-27FD93B71225}.Release|Any CPU.Build.0 = Release|Any CPU
	EndGlobalSection
	GlobalSection(SolutionProperties) = preSolution
		HideSolutionNode = FALSE
	EndGlobalSection
	GlobalSection(ExtensibilityGlobals) = postSolution
		SolutionGuid = {61ABDE67-95E1-417D-9EC8-54F8B488F7DE}
	EndGlobalSection
EndGlobal
