
Microsoft Visual Studio Solution File, Format Version 12.00
# Visual Studio Version 17
VisualStudioVersion = 17.0.32112.339
MinimumVisualStudioVersion = 10.0.40219.1
Project("{FAE04EC0-301F-11D3-BF4B-00C04F79EFBC}") = "SidebarSample.Server", "Server\SidebarSample.Server.csproj", "{1CEC0E99-4DFD-4955-B66A-0C326728752D}"
EndProject
Project("{FAE04EC0-301F-11D3-BF4B-00C04F79EFBC}") = "SidebarSample.Client", "Client\SidebarSample.Client.csproj", "{65AC6C02-62B6-4175-83D2-AF8E21B26470}"
EndProject
Project("{FAE04EC0-301F-11D3-BF4B-00C04F79EFBC}") = "SidebarSample.Shared", "Shared\SidebarSample.Shared.csproj", "{A2FADC44-19F0-4DF4-93F6-0CAA0A23AA82}"
EndProject
Global
	GlobalSection(SolutionConfigurationPlatforms) = preSolution
		Debug|Any CPU = Debug|Any CPU
		Release|Any CPU = Release|Any CPU
	EndGlobalSection
	GlobalSection(ProjectConfigurationPlatforms) = postSolution
		{1CEC0E99-4DFD-4955-B66A-0C326728752D}.Debug|Any CPU.ActiveCfg = Debug|Any CPU
		{1CEC0E99-4DFD-4955-B66A-0C326728752D}.Debug|Any CPU.Build.0 = Debug|Any CPU
		{1CEC0E99-4DFD-4955-B66A-0C326728752D}.Release|Any CPU.ActiveCfg = Release|Any CPU
		{1CEC0E99-4DFD-4955-B66A-0C326728752D}.Release|Any CPU.Build.0 = Release|Any CPU
		{65AC6C02-62B6-4175-83D2-AF8E21B26470}.Debug|Any CPU.ActiveCfg = Debug|Any CPU
		{65AC6C02-62B6-4175-83D2-AF8E21B26470}.Debug|Any CPU.Build.0 = Debug|Any CPU
		{65AC6C02-62B6-4175-83D2-AF8E21B26470}.Release|Any CPU.ActiveCfg = Release|Any CPU
		{65AC6C02-62B6-4175-83D2-AF8E21B26470}.Release|Any CPU.Build.0 = Release|Any CPU
		{A2FADC44-19F0-4DF4-93F6-0CAA0A23AA82}.Debug|Any CPU.ActiveCfg = Debug|Any CPU
		{A2FADC44-19F0-4DF4-93F6-0CAA0A23AA82}.Debug|Any CPU.Build.0 = Debug|Any CPU
		{A2FADC44-19F0-4DF4-93F6-0CAA0A23AA82}.Release|Any CPU.ActiveCfg = Release|Any CPU
		{A2FADC44-19F0-4DF4-93F6-0CAA0A23AA82}.Release|Any CPU.Build.0 = Release|Any CPU
	EndGlobalSection
	GlobalSection(SolutionProperties) = preSolution
		HideSolutionNode = FALSE
	EndGlobalSection
	GlobalSection(ExtensibilityGlobals) = postSolution
		SolutionGuid = {DA52C853-AA4E-462D-B5FF-9AFFD50F5E58}
	EndGlobalSection
EndGlobal
