
Microsoft Visual Studio Solution File, Format Version 12.00
# Visual Studio Version 17
VisualStudioVersion = 17.14.36705.20 d17.14
MinimumVisualStudioVersion = 10.0.40219.1
Project("{FAE04EC0-301F-11D3-BF4B-00C04F79EFBC}") = "Tooltip_WasmApp", "Tooltip_WasmApp\Tooltip_WasmApp.csproj", "{C54D2451-7DBA-4232-A695-A6F0FB6E7DAB}"
EndProject
Project("{FAE04EC0-301F-11D3-BF4B-00C04F79EFBC}") = "Tooltip_WasmApp.Client", "Tooltip_WasmApp.Client\Tooltip_WasmApp.Client.csproj", "{69883922-139A-41F9-AA99-30BAC7B04F07}"
EndProject
Global
	GlobalSection(SolutionConfigurationPlatforms) = preSolution
		Debug|Any CPU = Debug|Any CPU
		Release|Any CPU = Release|Any CPU
	EndGlobalSection
	GlobalSection(ProjectConfigurationPlatforms) = postSolution
		{C54D2451-7DBA-4232-A695-A6F0FB6E7DAB}.Debug|Any CPU.ActiveCfg = Debug|Any CPU
		{C54D2451-7DBA-4232-A695-A6F0FB6E7DAB}.Debug|Any CPU.Build.0 = Debug|Any CPU
		{C54D2451-7DBA-4232-A695-A6F0FB6E7DAB}.Release|Any CPU.ActiveCfg = Release|Any CPU
		{C54D2451-7DBA-4232-A695-A6F0FB6E7DAB}.Release|Any CPU.Build.0 = Release|Any CPU
		{69883922-139A-41F9-AA99-30BAC7B04F07}.Debug|Any CPU.ActiveCfg = Debug|Any CPU
		{69883922-139A-41F9-AA99-30BAC7B04F07}.Debug|Any CPU.Build.0 = Debug|Any CPU
		{69883922-139A-41F9-AA99-30BAC7B04F07}.Release|Any CPU.ActiveCfg = Release|Any CPU
		{69883922-139A-41F9-AA99-30BAC7B04F07}.Release|Any CPU.Build.0 = Release|Any CPU
	EndGlobalSection
	GlobalSection(SolutionProperties) = preSolution
		HideSolutionNode = FALSE
	EndGlobalSection
	GlobalSection(ExtensibilityGlobals) = postSolution
		SolutionGuid = {359DA6A7-F911-4810-A975-0DBEEE4C24E1}
	EndGlobalSection
EndGlobal
