
Microsoft Visual Studio Solution File, Format Version 12.00
# Visual Studio Version 17
VisualStudioVersion = 17.0.32112.339
MinimumVisualStudioVersion = 10.0.40219.1
Project("{FAE04EC0-301F-11D3-BF4B-00C04F79EFBC}") = "ListBoxSample.Server", "Server\ListBoxSample.Server.csproj", "{68E81941-E60B-481B-8999-F72A94525D31}"
EndProject
Project("{FAE04EC0-301F-11D3-BF4B-00C04F79EFBC}") = "ListBoxSample.Client", "Client\ListBoxSample.Client.csproj", "{6A3EB68A-713E-48FA-B36D-B14AAEA41013}"
EndProject
Project("{FAE04EC0-301F-11D3-BF4B-00C04F79EFBC}") = "ListBoxSample.Shared", "Shared\ListBoxSample.Shared.csproj", "{6F5EC110-D002-4546-BE4D-089083F89186}"
EndProject
Global
	GlobalSection(SolutionConfigurationPlatforms) = preSolution
		Debug|Any CPU = Debug|Any CPU
		Release|Any CPU = Release|Any CPU
	EndGlobalSection
	GlobalSection(ProjectConfigurationPlatforms) = postSolution
		{68E81941-E60B-481B-8999-F72A94525D31}.Debug|Any CPU.ActiveCfg = Debug|Any CPU
		{68E81941-E60B-481B-8999-F72A94525D31}.Debug|Any CPU.Build.0 = Debug|Any CPU
		{68E81941-E60B-481B-8999-F72A94525D31}.Release|Any CPU.ActiveCfg = Release|Any CPU
		{68E81941-E60B-481B-8999-F72A94525D31}.Release|Any CPU.Build.0 = Release|Any CPU
		{6A3EB68A-713E-48FA-B36D-B14AAEA41013}.Debug|Any CPU.ActiveCfg = Debug|Any CPU
		{6A3EB68A-713E-48FA-B36D-B14AAEA41013}.Debug|Any CPU.Build.0 = Debug|Any CPU
		{6A3EB68A-713E-48FA-B36D-B14AAEA41013}.Release|Any CPU.ActiveCfg = Release|Any CPU
		{6A3EB68A-713E-48FA-B36D-B14AAEA41013}.Release|Any CPU.Build.0 = Release|Any CPU
		{6F5EC110-D002-4546-BE4D-089083F89186}.Debug|Any CPU.ActiveCfg = Debug|Any CPU
		{6F5EC110-D002-4546-BE4D-089083F89186}.Debug|Any CPU.Build.0 = Debug|Any CPU
		{6F5EC110-D002-4546-BE4D-089083F89186}.Release|Any CPU.ActiveCfg = Release|Any CPU
		{6F5EC110-D002-4546-BE4D-089083F89186}.Release|Any CPU.Build.0 = Release|Any CPU
	EndGlobalSection
	GlobalSection(SolutionProperties) = preSolution
		HideSolutionNode = FALSE
	EndGlobalSection
	GlobalSection(ExtensibilityGlobals) = postSolution
		SolutionGuid = {5D19E44D-DB80-4F87-A450-AD2D46D816DA}
	EndGlobalSection
EndGlobal
