
Microsoft Visual Studio Solution File, Format Version 12.00
# Visual Studio Version 17
VisualStudioVersion = 17.14.36705.20 d17.14
MinimumVisualStudioVersion = 10.0.40219.1
Project("{FAE04EC0-301F-11D3-BF4B-00C04F79EFBC}") = "Button_WasmApp", "Button_WasmApp\Button_WasmApp.csproj", "{1CB70BA1-EF66-40E7-9DA4-5FDD445D236F}"
EndProject
Project("{FAE04EC0-301F-11D3-BF4B-00C04F79EFBC}") = "Button_WasmApp.Client", "Button_WasmApp.Client\Button_WasmApp.Client.csproj", "{7FFEE69F-1487-446C-9CD2-2F2621ABF783}"
EndProject
Global
	GlobalSection(SolutionConfigurationPlatforms) = preSolution
		Debug|Any CPU = Debug|Any CPU
		Release|Any CPU = Release|Any CPU
	EndGlobalSection
	GlobalSection(ProjectConfigurationPlatforms) = postSolution
		{1CB70BA1-EF66-40E7-9DA4-5FDD445D236F}.Debug|Any CPU.ActiveCfg = Debug|Any CPU
		{1CB70BA1-EF66-40E7-9DA4-5FDD445D236F}.Debug|Any CPU.Build.0 = Debug|Any CPU
		{1CB70BA1-EF66-40E7-9DA4-5FDD445D236F}.Release|Any CPU.ActiveCfg = Release|Any CPU
		{1CB70BA1-EF66-40E7-9DA4-5FDD445D236F}.Release|Any CPU.Build.0 = Release|Any CPU
		{7FFEE69F-1487-446C-9CD2-2F2621ABF783}.Debug|Any CPU.ActiveCfg = Debug|Any CPU
		{7FFEE69F-1487-446C-9CD2-2F2621ABF783}.Debug|Any CPU.Build.0 = Debug|Any CPU
		{7FFEE69F-1487-446C-9CD2-2F2621ABF783}.Release|Any CPU.ActiveCfg = Release|Any CPU
		{7FFEE69F-1487-446C-9CD2-2F2621ABF783}.Release|Any CPU.Build.0 = Release|Any CPU
	EndGlobalSection
	GlobalSection(SolutionProperties) = preSolution
		HideSolutionNode = FALSE
	EndGlobalSection
	GlobalSection(ExtensibilityGlobals) = postSolution
		SolutionGuid = {6A41502C-50A5-4DE6-AAFF-82B1C8E8868D}
	EndGlobalSection
EndGlobal
