
Microsoft Visual Studio Solution File, Format Version 12.00
# Visual Studio Version 17
VisualStudioVersion = 17.14.36705.20 d17.14
MinimumVisualStudioVersion = 10.0.40219.1
Project("{FAE04EC0-301F-11D3-BF4B-00C04F79EFBC}") = "DropdownTree_WasmApp", "DropdownTree_WasmApp\DropdownTree_WasmApp.csproj", "{DCEC0D78-0C34-4432-82F2-A84B3252C84B}"
EndProject
Project("{FAE04EC0-301F-11D3-BF4B-00C04F79EFBC}") = "DropdownTree_WasmApp.Client", "DropdownTree_WasmApp.Client\DropdownTree_WasmApp.Client.csproj", "{44E3E5CD-D879-45B9-B428-34F700CDF260}"
EndProject
Global
	GlobalSection(SolutionConfigurationPlatforms) = preSolution
		Debug|Any CPU = Debug|Any CPU
		Release|Any CPU = Release|Any CPU
	EndGlobalSection
	GlobalSection(ProjectConfigurationPlatforms) = postSolution
		{DCEC0D78-0C34-4432-82F2-A84B3252C84B}.Debug|Any CPU.ActiveCfg = Debug|Any CPU
		{DCEC0D78-0C34-4432-82F2-A84B3252C84B}.Debug|Any CPU.Build.0 = Debug|Any CPU
		{DCEC0D78-0C34-4432-82F2-A84B3252C84B}.Release|Any CPU.ActiveCfg = Release|Any CPU
		{DCEC0D78-0C34-4432-82F2-A84B3252C84B}.Release|Any CPU.Build.0 = Release|Any CPU
		{44E3E5CD-D879-45B9-B428-34F700CDF260}.Debug|Any CPU.ActiveCfg = Debug|Any CPU
		{44E3E5CD-D879-45B9-B428-34F700CDF260}.Debug|Any CPU.Build.0 = Debug|Any CPU
		{44E3E5CD-D879-45B9-B428-34F700CDF260}.Release|Any CPU.ActiveCfg = Release|Any CPU
		{44E3E5CD-D879-45B9-B428-34F700CDF260}.Release|Any CPU.Build.0 = Release|Any CPU
	EndGlobalSection
	GlobalSection(SolutionProperties) = preSolution
		HideSolutionNode = FALSE
	EndGlobalSection
	GlobalSection(ExtensibilityGlobals) = postSolution
		SolutionGuid = {8C330AC0-EA5E-40C0-A3C8-8FF94E7BDF32}
	EndGlobalSection
EndGlobal
