
Microsoft Visual Studio Solution File, Format Version 12.00
# Visual Studio Version 17
VisualStudioVersion = 17.0.32112.339
MinimumVisualStudioVersion = 10.0.40219.1
Project("{FAE04EC0-301F-11D3-BF4B-00C04F79EFBC}") = "DateTimePickerSample.Server", "Server\DateTimePickerSample.Server.csproj", "{557ABE2C-6FA6-4FF2-9B03-6B8EB3BE46F7}"
EndProject
Project("{FAE04EC0-301F-11D3-BF4B-00C04F79EFBC}") = "DateTimePickerSample.Client", "Client\DateTimePickerSample.Client.csproj", "{2885AD4B-3710-4827-8222-B5B355C76BF1}"
EndProject
Project("{FAE04EC0-301F-11D3-BF4B-00C04F79EFBC}") = "DateTimePickerSample.Shared", "Shared\DateTimePickerSample.Shared.csproj", "{3E2759F1-66FF-44C7-9AE1-5C4DC9BC42D6}"
EndProject
Global
	GlobalSection(SolutionConfigurationPlatforms) = preSolution
		Debug|Any CPU = Debug|Any CPU
		Release|Any CPU = Release|Any CPU
	EndGlobalSection
	GlobalSection(ProjectConfigurationPlatforms) = postSolution
		{557ABE2C-6FA6-4FF2-9B03-6B8EB3BE46F7}.Debug|Any CPU.ActiveCfg = Debug|Any CPU
		{557ABE2C-6FA6-4FF2-9B03-6B8EB3BE46F7}.Debug|Any CPU.Build.0 = Debug|Any CPU
		{557ABE2C-6FA6-4FF2-9B03-6B8EB3BE46F7}.Release|Any CPU.ActiveCfg = Release|Any CPU
		{557ABE2C-6FA6-4FF2-9B03-6B8EB3BE46F7}.Release|Any CPU.Build.0 = Release|Any CPU
		{2885AD4B-3710-4827-8222-B5B355C76BF1}.Debug|Any CPU.ActiveCfg = Debug|Any CPU
		{2885AD4B-3710-4827-8222-B5B355C76BF1}.Debug|Any CPU.Build.0 = Debug|Any CPU
		{2885AD4B-3710-4827-8222-B5B355C76BF1}.Release|Any CPU.ActiveCfg = Release|Any CPU
		{2885AD4B-3710-4827-8222-B5B355C76BF1}.Release|Any CPU.Build.0 = Release|Any CPU
		{3E2759F1-66FF-44C7-9AE1-5C4DC9BC42D6}.Debug|Any CPU.ActiveCfg = Debug|Any CPU
		{3E2759F1-66FF-44C7-9AE1-5C4DC9BC42D6}.Debug|Any CPU.Build.0 = Debug|Any CPU
		{3E2759F1-66FF-44C7-9AE1-5C4DC9BC42D6}.Release|Any CPU.ActiveCfg = Release|Any CPU
		{3E2759F1-66FF-44C7-9AE1-5C4DC9BC42D6}.Release|Any CPU.Build.0 = Release|Any CPU
	EndGlobalSection
	GlobalSection(SolutionProperties) = preSolution
		HideSolutionNode = FALSE
	EndGlobalSection
	GlobalSection(ExtensibilityGlobals) = postSolution
		SolutionGuid = {4C395326-12C2-425F-8B2D-8D3EE2ABE71A}
	EndGlobalSection
EndGlobal
