
Microsoft Visual Studio Solution File, Format Version 12.00
# Visual Studio Version 17
VisualStudioVersion = 17.0.32112.339
MinimumVisualStudioVersion = 10.0.40219.1
Project("{FAE04EC0-301F-11D3-BF4B-00C04F79EFBC}") = "DropDownListSample.Server", "Server\DropDownListSample.Server.csproj", "{C55AE970-45C4-4B54-8490-1B82624961C9}"
EndProject
Project("{FAE04EC0-301F-11D3-BF4B-00C04F79EFBC}") = "DropDownListSample.Client", "Client\DropDownListSample.Client.csproj", "{B392E196-7037-4ED3-A4CF-155185FB0CD8}"
EndProject
Project("{FAE04EC0-301F-11D3-BF4B-00C04F79EFBC}") = "DropDownListSample.Shared", "Shared\DropDownListSample.Shared.csproj", "{1CD91424-D1B7-4252-B113-827BD4A26A6C}"
EndProject
Global
	GlobalSection(SolutionConfigurationPlatforms) = preSolution
		Debug|Any CPU = Debug|Any CPU
		Release|Any CPU = Release|Any CPU
	EndGlobalSection
	GlobalSection(ProjectConfigurationPlatforms) = postSolution
		{C55AE970-45C4-4B54-8490-1B82624961C9}.Debug|Any CPU.ActiveCfg = Debug|Any CPU
		{C55AE970-45C4-4B54-8490-1B82624961C9}.Debug|Any CPU.Build.0 = Debug|Any CPU
		{C55AE970-45C4-4B54-8490-1B82624961C9}.Release|Any CPU.ActiveCfg = Release|Any CPU
		{C55AE970-45C4-4B54-8490-1B82624961C9}.Release|Any CPU.Build.0 = Release|Any CPU
		{B392E196-7037-4ED3-A4CF-155185FB0CD8}.Debug|Any CPU.ActiveCfg = Debug|Any CPU
		{B392E196-7037-4ED3-A4CF-155185FB0CD8}.Debug|Any CPU.Build.0 = Debug|Any CPU
		{B392E196-7037-4ED3-A4CF-155185FB0CD8}.Release|Any CPU.ActiveCfg = Release|Any CPU
		{B392E196-7037-4ED3-A4CF-155185FB0CD8}.Release|Any CPU.Build.0 = Release|Any CPU
		{1CD91424-D1B7-4252-B113-827BD4A26A6C}.Debug|Any CPU.ActiveCfg = Debug|Any CPU
		{1CD91424-D1B7-4252-B113-827BD4A26A6C}.Debug|Any CPU.Build.0 = Debug|Any CPU
		{1CD91424-D1B7-4252-B113-827BD4A26A6C}.Release|Any CPU.ActiveCfg = Release|Any CPU
		{1CD91424-D1B7-4252-B113-827BD4A26A6C}.Release|Any CPU.Build.0 = Release|Any CPU
	EndGlobalSection
	GlobalSection(SolutionProperties) = preSolution
		HideSolutionNode = FALSE
	EndGlobalSection
	GlobalSection(ExtensibilityGlobals) = postSolution
		SolutionGuid = {6E2D5823-585E-4631-8A91-AA0095C8AA0F}
	EndGlobalSection
EndGlobal
