
Microsoft Visual Studio Solution File, Format Version 12.00
# Visual Studio Version 17
VisualStudioVersion = 17.14.36705.20 d17.14
MinimumVisualStudioVersion = 10.0.40219.1
Project("{FAE04EC0-301F-11D3-BF4B-00C04F79EFBC}") = "MultiSelectDropDown_WasmApp", "MultiSelectDropDown_WasmApp\MultiSelectDropDown_WasmApp.csproj", "{2300A081-C3E0-483D-828B-3650C60F042F}"
EndProject
Project("{FAE04EC0-301F-11D3-BF4B-00C04F79EFBC}") = "MultiSelectDropDown_WasmApp.Client", "MultiSelectDropDown_WasmApp.Client\MultiSelectDropDown_WasmApp.Client.csproj", "{0E0374DA-70C3-4510-BCD7-21B1FB03EFF4}"
EndProject
Global
	GlobalSection(SolutionConfigurationPlatforms) = preSolution
		Debug|Any CPU = Debug|Any CPU
		Release|Any CPU = Release|Any CPU
	EndGlobalSection
	GlobalSection(ProjectConfigurationPlatforms) = postSolution
		{2300A081-C3E0-483D-828B-3650C60F042F}.Debug|Any CPU.ActiveCfg = Debug|Any CPU
		{2300A081-C3E0-483D-828B-3650C60F042F}.Debug|Any CPU.Build.0 = Debug|Any CPU
		{2300A081-C3E0-483D-828B-3650C60F042F}.Release|Any CPU.ActiveCfg = Release|Any CPU
		{2300A081-C3E0-483D-828B-3650C60F042F}.Release|Any CPU.Build.0 = Release|Any CPU
		{0E0374DA-70C3-4510-BCD7-21B1FB03EFF4}.Debug|Any CPU.ActiveCfg = Debug|Any CPU
		{0E0374DA-70C3-4510-BCD7-21B1FB03EFF4}.Debug|Any CPU.Build.0 = Debug|Any CPU
		{0E0374DA-70C3-4510-BCD7-21B1FB03EFF4}.Release|Any CPU.ActiveCfg = Release|Any CPU
		{0E0374DA-70C3-4510-BCD7-21B1FB03EFF4}.Release|Any CPU.Build.0 = Release|Any CPU
	EndGlobalSection
	GlobalSection(SolutionProperties) = preSolution
		HideSolutionNode = FALSE
	EndGlobalSection
	GlobalSection(ExtensibilityGlobals) = postSolution
		SolutionGuid = {0A87795C-9281-41C4-87BD-1B3286DF0C41}
	EndGlobalSection
EndGlobal
