
Microsoft Visual Studio Solution File, Format Version 12.00
# Visual Studio Version 17
VisualStudioVersion = 17.14.36705.20 d17.14
MinimumVisualStudioVersion = 10.0.40219.1
Project("{FAE04EC0-301F-11D3-BF4B-00C04F79EFBC}") = "Rating_WasmApp", "Rating_WasmApp\Rating_WasmApp.csproj", "{F216573E-2B87-4E75-ABB5-1FFEB79543EA}"
EndProject
Project("{FAE04EC0-301F-11D3-BF4B-00C04F79EFBC}") = "Rating_WasmApp.Client", "Rating_WasmApp.Client\Rating_WasmApp.Client.csproj", "{9DA3A29F-1893-4649-9A63-297F12AB0A44}"
EndProject
Global
	GlobalSection(SolutionConfigurationPlatforms) = preSolution
		Debug|Any CPU = Debug|Any CPU
		Release|Any CPU = Release|Any CPU
	EndGlobalSection
	GlobalSection(ProjectConfigurationPlatforms) = postSolution
		{F216573E-2B87-4E75-ABB5-1FFEB79543EA}.Debug|Any CPU.ActiveCfg = Debug|Any CPU
		{F216573E-2B87-4E75-ABB5-1FFEB79543EA}.Debug|Any CPU.Build.0 = Debug|Any CPU
		{F216573E-2B87-4E75-ABB5-1FFEB79543EA}.Release|Any CPU.ActiveCfg = Release|Any CPU
		{F216573E-2B87-4E75-ABB5-1FFEB79543EA}.Release|Any CPU.Build.0 = Release|Any CPU
		{9DA3A29F-1893-4649-9A63-297F12AB0A44}.Debug|Any CPU.ActiveCfg = Debug|Any CPU
		{9DA3A29F-1893-4649-9A63-297F12AB0A44}.Debug|Any CPU.Build.0 = Debug|Any CPU
		{9DA3A29F-1893-4649-9A63-297F12AB0A44}.Release|Any CPU.ActiveCfg = Release|Any CPU
		{9DA3A29F-1893-4649-9A63-297F12AB0A44}.Release|Any CPU.Build.0 = Release|Any CPU
	EndGlobalSection
	GlobalSection(SolutionProperties) = preSolution
		HideSolutionNode = FALSE
	EndGlobalSection
	GlobalSection(ExtensibilityGlobals) = postSolution
		SolutionGuid = {3FD891DF-B8A4-4B2A-AFB8-EB19E28ABA21}
	EndGlobalSection
EndGlobal
