
Microsoft Visual Studio Solution File, Format Version 12.00
# Visual Studio Version 17
VisualStudioVersion = 17.14.36705.20 d17.14
MinimumVisualStudioVersion = 10.0.40219.1
Project("{FAE04EC0-301F-11D3-BF4B-00C04F79EFBC}") = "LinearGauge_WasmApp", "LinearGauge_WasmApp\LinearGauge_WasmApp.csproj", "{73755118-0E04-4A41-93E0-2AE96CF3D0C1}"
EndProject
Project("{FAE04EC0-301F-11D3-BF4B-00C04F79EFBC}") = "LinearGauge_WasmApp.Client", "LinearGauge_WasmApp.Client\LinearGauge_WasmApp.Client.csproj", "{2FF19035-CA0F-4666-9662-C0B105E61241}"
EndProject
Global
	GlobalSection(SolutionConfigurationPlatforms) = preSolution
		Debug|Any CPU = Debug|Any CPU
		Release|Any CPU = Release|Any CPU
	EndGlobalSection
	GlobalSection(ProjectConfigurationPlatforms) = postSolution
		{73755118-0E04-4A41-93E0-2AE96CF3D0C1}.Debug|Any CPU.ActiveCfg = Debug|Any CPU
		{73755118-0E04-4A41-93E0-2AE96CF3D0C1}.Debug|Any CPU.Build.0 = Debug|Any CPU
		{73755118-0E04-4A41-93E0-2AE96CF3D0C1}.Release|Any CPU.ActiveCfg = Release|Any CPU
		{73755118-0E04-4A41-93E0-2AE96CF3D0C1}.Release|Any CPU.Build.0 = Release|Any CPU
		{2FF19035-CA0F-4666-9662-C0B105E61241}.Debug|Any CPU.ActiveCfg = Debug|Any CPU
		{2FF19035-CA0F-4666-9662-C0B105E61241}.Debug|Any CPU.Build.0 = Debug|Any CPU
		{2FF19035-CA0F-4666-9662-C0B105E61241}.Release|Any CPU.ActiveCfg = Release|Any CPU
		{2FF19035-CA0F-4666-9662-C0B105E61241}.Release|Any CPU.Build.0 = Release|Any CPU
	EndGlobalSection
	GlobalSection(SolutionProperties) = preSolution
		HideSolutionNode = FALSE
	EndGlobalSection
	GlobalSection(ExtensibilityGlobals) = postSolution
		SolutionGuid = {043919CF-87B4-45B8-B6AA-EAF59E241EE5}
	EndGlobalSection
EndGlobal
