
Microsoft Visual Studio Solution File, Format Version 12.00
# Visual Studio Version 17
VisualStudioVersion = 17.0.32112.339
MinimumVisualStudioVersion = 10.0.40219.1
Project("{FAE04EC0-301F-11D3-BF4B-00C04F79EFBC}") = "ButtonSample.Server", "Server\ButtonSample.Server.csproj", "{25DB30BD-AEB9-482C-9001-02D3E0BD1B1C}"
EndProject
Project("{FAE04EC0-301F-11D3-BF4B-00C04F79EFBC}") = "ButtonSample.Client", "Client\ButtonSample.Client.csproj", "{B0E09985-AE0A-4F12-946E-F73286BA114D}"
EndProject
Project("{FAE04EC0-301F-11D3-BF4B-00C04F79EFBC}") = "ButtonSample.Shared", "Shared\ButtonSample.Shared.csproj", "{875E8B36-1C7E-47EF-9258-28B912E5EA4D}"
EndProject
Global
	GlobalSection(SolutionConfigurationPlatforms) = preSolution
		Debug|Any CPU = Debug|Any CPU
		Release|Any CPU = Release|Any CPU
	EndGlobalSection
	GlobalSection(ProjectConfigurationPlatforms) = postSolution
		{25DB30BD-AEB9-482C-9001-02D3E0BD1B1C}.Debug|Any CPU.ActiveCfg = Debug|Any CPU
		{25DB30BD-AEB9-482C-9001-02D3E0BD1B1C}.Debug|Any CPU.Build.0 = Debug|Any CPU
		{25DB30BD-AEB9-482C-9001-02D3E0BD1B1C}.Release|Any CPU.ActiveCfg = Release|Any CPU
		{25DB30BD-AEB9-482C-9001-02D3E0BD1B1C}.Release|Any CPU.Build.0 = Release|Any CPU
		{B0E09985-AE0A-4F12-946E-F73286BA114D}.Debug|Any CPU.ActiveCfg = Debug|Any CPU
		{B0E09985-AE0A-4F12-946E-F73286BA114D}.Debug|Any CPU.Build.0 = Debug|Any CPU
		{B0E09985-AE0A-4F12-946E-F73286BA114D}.Release|Any CPU.ActiveCfg = Release|Any CPU
		{B0E09985-AE0A-4F12-946E-F73286BA114D}.Release|Any CPU.Build.0 = Release|Any CPU
		{875E8B36-1C7E-47EF-9258-28B912E5EA4D}.Debug|Any CPU.ActiveCfg = Debug|Any CPU
		{875E8B36-1C7E-47EF-9258-28B912E5EA4D}.Debug|Any CPU.Build.0 = Debug|Any CPU
		{875E8B36-1C7E-47EF-9258-28B912E5EA4D}.Release|Any CPU.ActiveCfg = Release|Any CPU
		{875E8B36-1C7E-47EF-9258-28B912E5EA4D}.Release|Any CPU.Build.0 = Release|Any CPU
	EndGlobalSection
	GlobalSection(SolutionProperties) = preSolution
		HideSolutionNode = FALSE
	EndGlobalSection
	GlobalSection(ExtensibilityGlobals) = postSolution
		SolutionGuid = {98F4E214-1645-4386-B4B0-68EFB3EFED44}
	EndGlobalSection
EndGlobal
