
Microsoft Visual Studio Solution File, Format Version 12.00
# Visual Studio Version 17
VisualStudioVersion = 17.0.32112.339
MinimumVisualStudioVersion = 10.0.40219.1
Project("{FAE04EC0-301F-11D3-BF4B-00C04F79EFBC}") = "MultiSelectDropDownSample.Server", "Server\MultiSelectDropDownSample.Server.csproj", "{AD2FE0D3-ED78-46AA-A446-4A3A75E3EF4D}"
EndProject
Project("{FAE04EC0-301F-11D3-BF4B-00C04F79EFBC}") = "MultiSelectDropDownSample.Client", "Client\MultiSelectDropDownSample.Client.csproj", "{A109CB16-5F59-418B-9134-FBC575827BFB}"
EndProject
Project("{FAE04EC0-301F-11D3-BF4B-00C04F79EFBC}") = "MultiSelectDropDownSample.Shared", "Shared\MultiSelectDropDownSample.Shared.csproj", "{8A288E11-E5DE-4526-A4A4-0457BBFC1F0F}"
EndProject
Global
	GlobalSection(SolutionConfigurationPlatforms) = preSolution
		Debug|Any CPU = Debug|Any CPU
		Release|Any CPU = Release|Any CPU
	EndGlobalSection
	GlobalSection(ProjectConfigurationPlatforms) = postSolution
		{AD2FE0D3-ED78-46AA-A446-4A3A75E3EF4D}.Debug|Any CPU.ActiveCfg = Debug|Any CPU
		{AD2FE0D3-ED78-46AA-A446-4A3A75E3EF4D}.Debug|Any CPU.Build.0 = Debug|Any CPU
		{AD2FE0D3-ED78-46AA-A446-4A3A75E3EF4D}.Release|Any CPU.ActiveCfg = Release|Any CPU
		{AD2FE0D3-ED78-46AA-A446-4A3A75E3EF4D}.Release|Any CPU.Build.0 = Release|Any CPU
		{A109CB16-5F59-418B-9134-FBC575827BFB}.Debug|Any CPU.ActiveCfg = Debug|Any CPU
		{A109CB16-5F59-418B-9134-FBC575827BFB}.Debug|Any CPU.Build.0 = Debug|Any CPU
		{A109CB16-5F59-418B-9134-FBC575827BFB}.Release|Any CPU.ActiveCfg = Release|Any CPU
		{A109CB16-5F59-418B-9134-FBC575827BFB}.Release|Any CPU.Build.0 = Release|Any CPU
		{8A288E11-E5DE-4526-A4A4-0457BBFC1F0F}.Debug|Any CPU.ActiveCfg = Debug|Any CPU
		{8A288E11-E5DE-4526-A4A4-0457BBFC1F0F}.Debug|Any CPU.Build.0 = Debug|Any CPU
		{8A288E11-E5DE-4526-A4A4-0457BBFC1F0F}.Release|Any CPU.ActiveCfg = Release|Any CPU
		{8A288E11-E5DE-4526-A4A4-0457BBFC1F0F}.Release|Any CPU.Build.0 = Release|Any CPU
	EndGlobalSection
	GlobalSection(SolutionProperties) = preSolution
		HideSolutionNode = FALSE
	EndGlobalSection
	GlobalSection(ExtensibilityGlobals) = postSolution
		SolutionGuid = {E4DF4B87-30DA-4574-BB9D-B0D698ED70AC}
	EndGlobalSection
EndGlobal
