
Microsoft Visual Studio Solution File, Format Version 12.00
# Visual Studio Version 17
VisualStudioVersion = 17.9.34723.18
MinimumVisualStudioVersion = 10.0.40219.1
Project("{FAE04EC0-301F-11D3-BF4B-00C04F79EFBC}") = "BlazorServerApp", "BlazorServerApp.csproj", "{C6F868E0-8A1B-4AA0-BB4E-D4479A88D838}"
EndProject
Global
	GlobalSection(SolutionConfigurationPlatforms) = preSolution
		Debug|Any CPU = Debug|Any CPU
		Release|Any CPU = Release|Any CPU
	EndGlobalSection
	GlobalSection(ProjectConfigurationPlatforms) = postSolution
		{C6F868E0-8A1B-4AA0-BB4E-D4479A88D838}.Debug|Any CPU.ActiveCfg = Debug|Any CPU
		{C6F868E0-8A1B-4AA0-BB4E-D4479A88D838}.Debug|Any CPU.Build.0 = Debug|Any CPU
		{C6F868E0-8A1B-4AA0-BB4E-D4479A88D838}.Release|Any CPU.ActiveCfg = Release|Any CPU
		{C6F868E0-8A1B-4AA0-BB4E-D4479A88D838}.Release|Any CPU.Build.0 = Release|Any CPU
	EndGlobalSection
	GlobalSection(SolutionProperties) = preSolution
		HideSolutionNode = FALSE
	EndGlobalSection
	GlobalSection(ExtensibilityGlobals) = postSolution
		SolutionGuid = {78992029-712E-4200-919D-D73BE9D2D831}
	EndGlobalSection
EndGlobal
