
Microsoft Visual Studio Solution File, Format Version 12.00
# Visual Studio Version 17
VisualStudioVersion = 17.0.32112.339
MinimumVisualStudioVersion = 10.0.40219.1
Project("{FAE04EC0-301F-11D3-BF4B-00C04F79EFBC}") = "TreeViewSample.Server", "Server\TreeViewSample.Server.csproj", "{F7F238B6-EB64-4F93-8FF3-01E43009C1B7}"
EndProject
Project("{FAE04EC0-301F-11D3-BF4B-00C04F79EFBC}") = "TreeViewSample.Client", "Client\TreeViewSample.Client.csproj", "{2A7588A4-A76A-4505-AD0E-7CC52461EBF8}"
EndProject
Project("{FAE04EC0-301F-11D3-BF4B-00C04F79EFBC}") = "TreeViewSample.Shared", "Shared\TreeViewSample.Shared.csproj", "{502CF661-ACDF-4A63-BB06-9BAC37FDE5B9}"
EndProject
Global
	GlobalSection(SolutionConfigurationPlatforms) = preSolution
		Debug|Any CPU = Debug|Any CPU
		Release|Any CPU = Release|Any CPU
	EndGlobalSection
	GlobalSection(ProjectConfigurationPlatforms) = postSolution
		{F7F238B6-EB64-4F93-8FF3-01E43009C1B7}.Debug|Any CPU.ActiveCfg = Debug|Any CPU
		{F7F238B6-EB64-4F93-8FF3-01E43009C1B7}.Debug|Any CPU.Build.0 = Debug|Any CPU
		{F7F238B6-EB64-4F93-8FF3-01E43009C1B7}.Release|Any CPU.ActiveCfg = Release|Any CPU
		{F7F238B6-EB64-4F93-8FF3-01E43009C1B7}.Release|Any CPU.Build.0 = Release|Any CPU
		{2A7588A4-A76A-4505-AD0E-7CC52461EBF8}.Debug|Any CPU.ActiveCfg = Debug|Any CPU
		{2A7588A4-A76A-4505-AD0E-7CC52461EBF8}.Debug|Any CPU.Build.0 = Debug|Any CPU
		{2A7588A4-A76A-4505-AD0E-7CC52461EBF8}.Release|Any CPU.ActiveCfg = Release|Any CPU
		{2A7588A4-A76A-4505-AD0E-7CC52461EBF8}.Release|Any CPU.Build.0 = Release|Any CPU
		{502CF661-ACDF-4A63-BB06-9BAC37FDE5B9}.Debug|Any CPU.ActiveCfg = Debug|Any CPU
		{502CF661-ACDF-4A63-BB06-9BAC37FDE5B9}.Debug|Any CPU.Build.0 = Debug|Any CPU
		{502CF661-ACDF-4A63-BB06-9BAC37FDE5B9}.Release|Any CPU.ActiveCfg = Release|Any CPU
		{502CF661-ACDF-4A63-BB06-9BAC37FDE5B9}.Release|Any CPU.Build.0 = Release|Any CPU
	EndGlobalSection
	GlobalSection(SolutionProperties) = preSolution
		HideSolutionNode = FALSE
	EndGlobalSection
	GlobalSection(ExtensibilityGlobals) = postSolution
		SolutionGuid = {57EC47C1-3423-4700-B1A9-BA279FF967FE}
	EndGlobalSection
EndGlobal
