
Microsoft Visual Studio Solution File, Format Version 12.00
# Visual Studio Version 17
VisualStudioVersion = 17.8.34309.116
MinimumVisualStudioVersion = 10.0.40219.1
Project("{FAE04EC0-301F-11D3-BF4B-00C04F79EFBC}") = "AutoCompleteSample", "AutoCompleteSample\AutoCompleteSample.csproj", "{E4FBB5FB-B9CC-4306-8732-B24BB12A0BC2}"
EndProject
Project("{FAE04EC0-301F-11D3-BF4B-00C04F79EFBC}") = "AutoCompleteSample.Client", "AutoCompleteSample.Client\AutoCompleteSample.Client.csproj", "{A5CFF135-F2D3-4CD1-9656-79CA63D81A5E}"
EndProject
Global
	GlobalSection(SolutionConfigurationPlatforms) = preSolution
		Debug|Any CPU = Debug|Any CPU
		Release|Any CPU = Release|Any CPU
	EndGlobalSection
	GlobalSection(ProjectConfigurationPlatforms) = postSolution
		{E4FBB5FB-B9CC-4306-8732-B24BB12A0BC2}.Debug|Any CPU.ActiveCfg = Debug|Any CPU
		{E4FBB5FB-B9CC-4306-8732-B24BB12A0BC2}.Debug|Any CPU.Build.0 = Debug|Any CPU
		{E4FBB5FB-B9CC-4306-8732-B24BB12A0BC2}.Release|Any CPU.ActiveCfg = Release|Any CPU
		{E4FBB5FB-B9CC-4306-8732-B24BB12A0BC2}.Release|Any CPU.Build.0 = Release|Any CPU
		{A5CFF135-F2D3-4CD1-9656-79CA63D81A5E}.Debug|Any CPU.ActiveCfg = Debug|Any CPU
		{A5CFF135-F2D3-4CD1-9656-79CA63D81A5E}.Debug|Any CPU.Build.0 = Debug|Any CPU
		{A5CFF135-F2D3-4CD1-9656-79CA63D81A5E}.Release|Any CPU.ActiveCfg = Release|Any CPU
		{A5CFF135-F2D3-4CD1-9656-79CA63D81A5E}.Release|Any CPU.Build.0 = Release|Any CPU
	EndGlobalSection
	GlobalSection(SolutionProperties) = preSolution
		HideSolutionNode = FALSE
	EndGlobalSection
	GlobalSection(ExtensibilityGlobals) = postSolution
		SolutionGuid = {83D1A487-6747-451C-99CF-D2C31970C26D}
	EndGlobalSection
EndGlobal
