
Microsoft Visual Studio Solution File, Format Version 12.00
# Visual Studio Version 17
VisualStudioVersion = 17.14.36705.20 d17.14
MinimumVisualStudioVersion = 10.0.40219.1
Project("{FAE04EC0-301F-11D3-BF4B-00C04F79EFBC}") = "CircularGauge_WasmApp", "CircularGauge_WasmApp\CircularGauge_WasmApp.csproj", "{C3BA1261-8A69-4C22-9ECF-FBBEB4182005}"
EndProject
Project("{FAE04EC0-301F-11D3-BF4B-00C04F79EFBC}") = "CircularGauge_WasmApp.Client", "CircularGauge_WasmApp.Client\CircularGauge_WasmApp.Client.csproj", "{A805001B-ED66-425D-BEAB-3C01F9CCC4AF}"
EndProject
Global
	GlobalSection(SolutionConfigurationPlatforms) = preSolution
		Debug|Any CPU = Debug|Any CPU
		Release|Any CPU = Release|Any CPU
	EndGlobalSection
	GlobalSection(ProjectConfigurationPlatforms) = postSolution
		{C3BA1261-8A69-4C22-9ECF-FBBEB4182005}.Debug|Any CPU.ActiveCfg = Debug|Any CPU
		{C3BA1261-8A69-4C22-9ECF-FBBEB4182005}.Debug|Any CPU.Build.0 = Debug|Any CPU
		{C3BA1261-8A69-4C22-9ECF-FBBEB4182005}.Release|Any CPU.ActiveCfg = Release|Any CPU
		{C3BA1261-8A69-4C22-9ECF-FBBEB4182005}.Release|Any CPU.Build.0 = Release|Any CPU
		{A805001B-ED66-425D-BEAB-3C01F9CCC4AF}.Debug|Any CPU.ActiveCfg = Debug|Any CPU
		{A805001B-ED66-425D-BEAB-3C01F9CCC4AF}.Debug|Any CPU.Build.0 = Debug|Any CPU
		{A805001B-ED66-425D-BEAB-3C01F9CCC4AF}.Release|Any CPU.ActiveCfg = Release|Any CPU
		{A805001B-ED66-425D-BEAB-3C01F9CCC4AF}.Release|Any CPU.Build.0 = Release|Any CPU
	EndGlobalSection
	GlobalSection(SolutionProperties) = preSolution
		HideSolutionNode = FALSE
	EndGlobalSection
	GlobalSection(ExtensibilityGlobals) = postSolution
		SolutionGuid = {810AA8BC-FB45-4BE4-A394-7CC2DE37CEF6}
	EndGlobalSection
EndGlobal
