
Microsoft Visual Studio Solution File, Format Version 12.00
# Visual Studio Version 17
VisualStudioVersion = 17.8.34316.72
MinimumVisualStudioVersion = 10.0.40219.1
Project("{FAE04EC0-301F-11D3-BF4B-00C04F79EFBC}") = "ImageEditorSample", "ImageEditorSample\ImageEditorSample.csproj", "{EAC4E902-AE49-4836-923B-05369F59A658}"
EndProject
Project("{FAE04EC0-301F-11D3-BF4B-00C04F79EFBC}") = "ImageEditorSample.Client", "ImageEditorSample.Client\ImageEditorSample.Client.csproj", "{42C3B904-3CF9-48D8-B1ED-C6EDBDC74CEB}"
EndProject
Global
	GlobalSection(SolutionConfigurationPlatforms) = preSolution
		Debug|Any CPU = Debug|Any CPU
		Release|Any CPU = Release|Any CPU
	EndGlobalSection
	GlobalSection(ProjectConfigurationPlatforms) = postSolution
		{EAC4E902-AE49-4836-923B-05369F59A658}.Debug|Any CPU.ActiveCfg = Debug|Any CPU
		{EAC4E902-AE49-4836-923B-05369F59A658}.Debug|Any CPU.Build.0 = Debug|Any CPU
		{EAC4E902-AE49-4836-923B-05369F59A658}.Release|Any CPU.ActiveCfg = Release|Any CPU
		{EAC4E902-AE49-4836-923B-05369F59A658}.Release|Any CPU.Build.0 = Release|Any CPU
		{42C3B904-3CF9-48D8-B1ED-C6EDBDC74CEB}.Debug|Any CPU.ActiveCfg = Debug|Any CPU
		{42C3B904-3CF9-48D8-B1ED-C6EDBDC74CEB}.Debug|Any CPU.Build.0 = Debug|Any CPU
		{42C3B904-3CF9-48D8-B1ED-C6EDBDC74CEB}.Release|Any CPU.ActiveCfg = Release|Any CPU
		{42C3B904-3CF9-48D8-B1ED-C6EDBDC74CEB}.Release|Any CPU.Build.0 = Release|Any CPU
	EndGlobalSection
	GlobalSection(SolutionProperties) = preSolution
		HideSolutionNode = FALSE
	EndGlobalSection
	GlobalSection(ExtensibilityGlobals) = postSolution
		SolutionGuid = {B37F87DF-5E13-475B-A80D-52E43A0CC1D9}
	EndGlobalSection
EndGlobal
