
Microsoft Visual Studio Solution File, Format Version 12.00
# Visual Studio Version 17
VisualStudioVersion = 17.14.36705.20 d17.14
MinimumVisualStudioVersion = 10.0.40219.1
Project("{FAE04EC0-301F-11D3-BF4B-00C04F79EFBC}") = "Splitter_WasmApp", "Splitter_WasmApp\Splitter_WasmApp.csproj", "{DCA77776-3848-4F98-B622-FC21F6FDAB03}"
EndProject
Project("{FAE04EC0-301F-11D3-BF4B-00C04F79EFBC}") = "Splitter_WasmApp.Client", "Splitter_WasmApp.Client\Splitter_WasmApp.Client.csproj", "{71266E8C-8C36-43E5-9FAD-42CD2CED3F93}"
EndProject
Global
	GlobalSection(SolutionConfigurationPlatforms) = preSolution
		Debug|Any CPU = Debug|Any CPU
		Release|Any CPU = Release|Any CPU
	EndGlobalSection
	GlobalSection(ProjectConfigurationPlatforms) = postSolution
		{DCA77776-3848-4F98-B622-FC21F6FDAB03}.Debug|Any CPU.ActiveCfg = Debug|Any CPU
		{DCA77776-3848-4F98-B622-FC21F6FDAB03}.Debug|Any CPU.Build.0 = Debug|Any CPU
		{DCA77776-3848-4F98-B622-FC21F6FDAB03}.Release|Any CPU.ActiveCfg = Release|Any CPU
		{DCA77776-3848-4F98-B622-FC21F6FDAB03}.Release|Any CPU.Build.0 = Release|Any CPU
		{71266E8C-8C36-43E5-9FAD-42CD2CED3F93}.Debug|Any CPU.ActiveCfg = Debug|Any CPU
		{71266E8C-8C36-43E5-9FAD-42CD2CED3F93}.Debug|Any CPU.Build.0 = Debug|Any CPU
		{71266E8C-8C36-43E5-9FAD-42CD2CED3F93}.Release|Any CPU.ActiveCfg = Release|Any CPU
		{71266E8C-8C36-43E5-9FAD-42CD2CED3F93}.Release|Any CPU.Build.0 = Release|Any CPU
	EndGlobalSection
	GlobalSection(SolutionProperties) = preSolution
		HideSolutionNode = FALSE
	EndGlobalSection
	GlobalSection(ExtensibilityGlobals) = postSolution
		SolutionGuid = {948569EB-CD12-42D2-86D7-27D75107E00E}
	EndGlobalSection
EndGlobal
