
Microsoft Visual Studio Solution File, Format Version 12.00
# Visual Studio Version 17
VisualStudioVersion = 17.0.32112.339
MinimumVisualStudioVersion = 10.0.40219.1
Project("{FAE04EC0-301F-11D3-BF4B-00C04F79EFBC}") = "CalendarSample", "CalendarSample.csproj", "{8947FFDE-0DA2-4474-968D-198A5BF73C5B}"
EndProject
Global
	GlobalSection(SolutionConfigurationPlatforms) = preSolution
		Debug|Any CPU = Debug|Any CPU
		Release|Any CPU = Release|Any CPU
	EndGlobalSection
	GlobalSection(ProjectConfigurationPlatforms) = postSolution
		{8947FFDE-0DA2-4474-968D-198A5BF73C5B}.Debug|Any CPU.ActiveCfg = Debug|Any CPU
		{8947FFDE-0DA2-4474-968D-198A5BF73C5B}.Debug|Any CPU.Build.0 = Debug|Any CPU
		{8947FFDE-0DA2-4474-968D-198A5BF73C5B}.Release|Any CPU.ActiveCfg = Release|Any CPU
		{8947FFDE-0DA2-4474-968D-198A5BF73C5B}.Release|Any CPU.Build.0 = Release|Any CPU
	EndGlobalSection
	GlobalSection(SolutionProperties) = preSolution
		HideSolutionNode = FALSE
	EndGlobalSection
	GlobalSection(ExtensibilityGlobals) = postSolution
		SolutionGuid = {F7719510-C7B3-4632-AABE-02AF9D8EF832}
	EndGlobalSection
EndGlobal
