
Microsoft Visual Studio Solution File, Format Version 12.00
# Visual Studio Version 17
VisualStudioVersion = 17.8.34316.72
MinimumVisualStudioVersion = 10.0.40219.1
Project("{FAE04EC0-301F-11D3-BF4B-00C04F79EFBC}") = "ComboBoxSample", "ComboBoxSample\ComboBoxSample.csproj", "{4E784F6B-7A75-4956-86E6-C0DF676FBDC3}"
EndProject
Project("{FAE04EC0-301F-11D3-BF4B-00C04F79EFBC}") = "ComboBoxSample.Client", "ComboBoxSample.Client\ComboBoxSample.Client.csproj", "{2B61DE17-9003-4EFC-9337-47BC59F7FCAB}"
EndProject
Global
	GlobalSection(SolutionConfigurationPlatforms) = preSolution
		Debug|Any CPU = Debug|Any CPU
		Release|Any CPU = Release|Any CPU
	EndGlobalSection
	GlobalSection(ProjectConfigurationPlatforms) = postSolution
		{4E784F6B-7A75-4956-86E6-C0DF676FBDC3}.Debug|Any CPU.ActiveCfg = Debug|Any CPU
		{4E784F6B-7A75-4956-86E6-C0DF676FBDC3}.Debug|Any CPU.Build.0 = Debug|Any CPU
		{4E784F6B-7A75-4956-86E6-C0DF676FBDC3}.Release|Any CPU.ActiveCfg = Release|Any CPU
		{4E784F6B-7A75-4956-86E6-C0DF676FBDC3}.Release|Any CPU.Build.0 = Release|Any CPU
		{2B61DE17-9003-4EFC-9337-47BC59F7FCAB}.Debug|Any CPU.ActiveCfg = Debug|Any CPU
		{2B61DE17-9003-4EFC-9337-47BC59F7FCAB}.Debug|Any CPU.Build.0 = Debug|Any CPU
		{2B61DE17-9003-4EFC-9337-47BC59F7FCAB}.Release|Any CPU.ActiveCfg = Release|Any CPU
		{2B61DE17-9003-4EFC-9337-47BC59F7FCAB}.Release|Any CPU.Build.0 = Release|Any CPU
	EndGlobalSection
	GlobalSection(SolutionProperties) = preSolution
		HideSolutionNode = FALSE
	EndGlobalSection
	GlobalSection(ExtensibilityGlobals) = postSolution
		SolutionGuid = {DCB4D520-F116-454D-B0BF-A1BA2D5BAB4D}
	EndGlobalSection
EndGlobal
