
Microsoft Visual Studio Solution File, Format Version 12.00
# Visual Studio Version 17
VisualStudioVersion = 17.0.32112.339
MinimumVisualStudioVersion = 10.0.40219.1
Project("{FAE04EC0-301F-11D3-BF4B-00C04F79EFBC}") = "InPlaceEditorSample.Server", "Server\InPlaceEditorSample.Server.csproj", "{54E9D136-8938-42E8-98E8-F99C12E18747}"
EndProject
Project("{FAE04EC0-301F-11D3-BF4B-00C04F79EFBC}") = "InPlaceEditorSample.Client", "Client\InPlaceEditorSample.Client.csproj", "{4C8BD1D1-D07D-47CF-A01F-F5C54E33A5E4}"
EndProject
Project("{FAE04EC0-301F-11D3-BF4B-00C04F79EFBC}") = "InPlaceEditorSample.Shared", "Shared\InPlaceEditorSample.Shared.csproj", "{2EBF5737-C4DE-4715-9A7C-394E0FA34138}"
EndProject
Global
	GlobalSection(SolutionConfigurationPlatforms) = preSolution
		Debug|Any CPU = Debug|Any CPU
		Release|Any CPU = Release|Any CPU
	EndGlobalSection
	GlobalSection(ProjectConfigurationPlatforms) = postSolution
		{54E9D136-8938-42E8-98E8-F99C12E18747}.Debug|Any CPU.ActiveCfg = Debug|Any CPU
		{54E9D136-8938-42E8-98E8-F99C12E18747}.Debug|Any CPU.Build.0 = Debug|Any CPU
		{54E9D136-8938-42E8-98E8-F99C12E18747}.Release|Any CPU.ActiveCfg = Release|Any CPU
		{54E9D136-8938-42E8-98E8-F99C12E18747}.Release|Any CPU.Build.0 = Release|Any CPU
		{4C8BD1D1-D07D-47CF-A01F-F5C54E33A5E4}.Debug|Any CPU.ActiveCfg = Debug|Any CPU
		{4C8BD1D1-D07D-47CF-A01F-F5C54E33A5E4}.Debug|Any CPU.Build.0 = Debug|Any CPU
		{4C8BD1D1-D07D-47CF-A01F-F5C54E33A5E4}.Release|Any CPU.ActiveCfg = Release|Any CPU
		{4C8BD1D1-D07D-47CF-A01F-F5C54E33A5E4}.Release|Any CPU.Build.0 = Release|Any CPU
		{2EBF5737-C4DE-4715-9A7C-394E0FA34138}.Debug|Any CPU.ActiveCfg = Debug|Any CPU
		{2EBF5737-C4DE-4715-9A7C-394E0FA34138}.Debug|Any CPU.Build.0 = Debug|Any CPU
		{2EBF5737-C4DE-4715-9A7C-394E0FA34138}.Release|Any CPU.ActiveCfg = Release|Any CPU
		{2EBF5737-C4DE-4715-9A7C-394E0FA34138}.Release|Any CPU.Build.0 = Release|Any CPU
	EndGlobalSection
	GlobalSection(SolutionProperties) = preSolution
		HideSolutionNode = FALSE
	EndGlobalSection
	GlobalSection(ExtensibilityGlobals) = postSolution
		SolutionGuid = {AB9FF7CF-7C12-430F-9688-2057FE7B0CA5}
	EndGlobalSection
EndGlobal
