
Microsoft Visual Studio Solution File, Format Version 12.00
# Visual Studio Version 17
VisualStudioVersion = 17.14.36705.20 d17.14
MinimumVisualStudioVersion = 10.0.40219.1
Project("{FAE04EC0-301F-11D3-BF4B-00C04F79EFBC}") = "NumericTextBox_WasmApp", "NumericTextBox_WasmApp\NumericTextBox_WasmApp.csproj", "{1A22ABD7-C281-4484-AE6D-5E91121B8AE3}"
EndProject
Project("{FAE04EC0-301F-11D3-BF4B-00C04F79EFBC}") = "NumericTextBox_WasmApp.Client", "NumericTextBox_WasmApp.Client\NumericTextBox_WasmApp.Client.csproj", "{6ABC7178-E325-42B6-BFB6-85FC517A9A54}"
EndProject
Global
	GlobalSection(SolutionConfigurationPlatforms) = preSolution
		Debug|Any CPU = Debug|Any CPU
		Release|Any CPU = Release|Any CPU
	EndGlobalSection
	GlobalSection(ProjectConfigurationPlatforms) = postSolution
		{1A22ABD7-C281-4484-AE6D-5E91121B8AE3}.Debug|Any CPU.ActiveCfg = Debug|Any CPU
		{1A22ABD7-C281-4484-AE6D-5E91121B8AE3}.Debug|Any CPU.Build.0 = Debug|Any CPU
		{1A22ABD7-C281-4484-AE6D-5E91121B8AE3}.Release|Any CPU.ActiveCfg = Release|Any CPU
		{1A22ABD7-C281-4484-AE6D-5E91121B8AE3}.Release|Any CPU.Build.0 = Release|Any CPU
		{6ABC7178-E325-42B6-BFB6-85FC517A9A54}.Debug|Any CPU.ActiveCfg = Debug|Any CPU
		{6ABC7178-E325-42B6-BFB6-85FC517A9A54}.Debug|Any CPU.Build.0 = Debug|Any CPU
		{6ABC7178-E325-42B6-BFB6-85FC517A9A54}.Release|Any CPU.ActiveCfg = Release|Any CPU
		{6ABC7178-E325-42B6-BFB6-85FC517A9A54}.Release|Any CPU.Build.0 = Release|Any CPU
	EndGlobalSection
	GlobalSection(SolutionProperties) = preSolution
		HideSolutionNode = FALSE
	EndGlobalSection
	GlobalSection(ExtensibilityGlobals) = postSolution
		SolutionGuid = {13AC41A2-997A-4379-B2AF-285449321351}
	EndGlobalSection
EndGlobal
