
Microsoft Visual Studio Solution File, Format Version 12.00
# Visual Studio Version 17
VisualStudioVersion = 17.8.34309.116
MinimumVisualStudioVersion = 10.0.40219.1
Project("{FAE04EC0-301F-11D3-BF4B-00C04F79EFBC}") = "RatingSample", "RatingSample\RatingSample.csproj", "{BBBB6C7F-2489-4D6A-B6EC-E3FA94F8EE31}"
EndProject
Project("{FAE04EC0-301F-11D3-BF4B-00C04F79EFBC}") = "RatingSample.Client", "RatingSample.Client\RatingSample.Client.csproj", "{2CEAB2F9-E8D0-4CED-B861-57616F19B88E}"
EndProject
Global
	GlobalSection(SolutionConfigurationPlatforms) = preSolution
		Debug|Any CPU = Debug|Any CPU
		Release|Any CPU = Release|Any CPU
	EndGlobalSection
	GlobalSection(ProjectConfigurationPlatforms) = postSolution
		{BBBB6C7F-2489-4D6A-B6EC-E3FA94F8EE31}.Debug|Any CPU.ActiveCfg = Debug|Any CPU
		{BBBB6C7F-2489-4D6A-B6EC-E3FA94F8EE31}.Debug|Any CPU.Build.0 = Debug|Any CPU
		{BBBB6C7F-2489-4D6A-B6EC-E3FA94F8EE31}.Release|Any CPU.ActiveCfg = Release|Any CPU
		{BBBB6C7F-2489-4D6A-B6EC-E3FA94F8EE31}.Release|Any CPU.Build.0 = Release|Any CPU
		{2CEAB2F9-E8D0-4CED-B861-57616F19B88E}.Debug|Any CPU.ActiveCfg = Debug|Any CPU
		{2CEAB2F9-E8D0-4CED-B861-57616F19B88E}.Debug|Any CPU.Build.0 = Debug|Any CPU
		{2CEAB2F9-E8D0-4CED-B861-57616F19B88E}.Release|Any CPU.ActiveCfg = Release|Any CPU
		{2CEAB2F9-E8D0-4CED-B861-57616F19B88E}.Release|Any CPU.Build.0 = Release|Any CPU
	EndGlobalSection
	GlobalSection(SolutionProperties) = preSolution
		HideSolutionNode = FALSE
	EndGlobalSection
	GlobalSection(ExtensibilityGlobals) = postSolution
		SolutionGuid = {3BBBBD15-F8C6-4D46-AB71-67F61CE6E6E1}
	EndGlobalSection
EndGlobal
