
Microsoft Visual Studio Solution File, Format Version 12.00
# Visual Studio Version 17
VisualStudioVersion = 17.14.36804.6 d17.14
MinimumVisualStudioVersion = 10.0.40219.1
Project("{FAE04EC0-301F-11D3-BF4B-00C04F79EFBC}") = "DocumentEditor_ServerApp", "DocumentEditor_ServerApp.csproj", "{BE82FAC0-443B-4DB7-BDF3-80885FC505EF}"
EndProject
Global
	GlobalSection(SolutionConfigurationPlatforms) = preSolution
		Debug|Any CPU = Debug|Any CPU
		Release|Any CPU = Release|Any CPU
	EndGlobalSection
	GlobalSection(ProjectConfigurationPlatforms) = postSolution
		{BE82FAC0-443B-4DB7-BDF3-80885FC505EF}.Debug|Any CPU.ActiveCfg = Debug|Any CPU
		{BE82FAC0-443B-4DB7-BDF3-80885FC505EF}.Debug|Any CPU.Build.0 = Debug|Any CPU
		{BE82FAC0-443B-4DB7-BDF3-80885FC505EF}.Release|Any CPU.ActiveCfg = Release|Any CPU
		{BE82FAC0-443B-4DB7-BDF3-80885FC505EF}.Release|Any CPU.Build.0 = Release|Any CPU
	EndGlobalSection
	GlobalSection(SolutionProperties) = preSolution
		HideSolutionNode = FALSE
	EndGlobalSection
	GlobalSection(ExtensibilityGlobals) = postSolution
		SolutionGuid = {0F83368F-6BD8-4399-A11D-329074E99269}
	EndGlobalSection
EndGlobal
