
Microsoft Visual Studio Solution File, Format Version 12.00
# Visual Studio Version 17
VisualStudioVersion = 17.8.34309.116
MinimumVisualStudioVersion = 10.0.40219.1
Project("{FAE04EC0-301F-11D3-BF4B-00C04F79EFBC}") = "PivotTableSample", "PivotTableSample\PivotTableSample.csproj", "{5DBCF7C2-1E3B-4D2D-A355-EA15561DEBF2}"
EndProject
Project("{FAE04EC0-301F-11D3-BF4B-00C04F79EFBC}") = "PivotTableSample.Client", "PivotTableSample.Client\PivotTableSample.Client.csproj", "{5069F169-AB34-40B4-AA6A-E69C8E628DC6}"
EndProject
Global
	GlobalSection(SolutionConfigurationPlatforms) = preSolution
		Debug|Any CPU = Debug|Any CPU
		Release|Any CPU = Release|Any CPU
	EndGlobalSection
	GlobalSection(ProjectConfigurationPlatforms) = postSolution
		{5DBCF7C2-1E3B-4D2D-A355-EA15561DEBF2}.Debug|Any CPU.ActiveCfg = Debug|Any CPU
		{5DBCF7C2-1E3B-4D2D-A355-EA15561DEBF2}.Debug|Any CPU.Build.0 = Debug|Any CPU
		{5DBCF7C2-1E3B-4D2D-A355-EA15561DEBF2}.Release|Any CPU.ActiveCfg = Release|Any CPU
		{5DBCF7C2-1E3B-4D2D-A355-EA15561DEBF2}.Release|Any CPU.Build.0 = Release|Any CPU
		{5069F169-AB34-40B4-AA6A-E69C8E628DC6}.Debug|Any CPU.ActiveCfg = Debug|Any CPU
		{5069F169-AB34-40B4-AA6A-E69C8E628DC6}.Debug|Any CPU.Build.0 = Debug|Any CPU
		{5069F169-AB34-40B4-AA6A-E69C8E628DC6}.Release|Any CPU.ActiveCfg = Release|Any CPU
		{5069F169-AB34-40B4-AA6A-E69C8E628DC6}.Release|Any CPU.Build.0 = Release|Any CPU
	EndGlobalSection
	GlobalSection(SolutionProperties) = preSolution
		HideSolutionNode = FALSE
	EndGlobalSection
	GlobalSection(ExtensibilityGlobals) = postSolution
		SolutionGuid = {370ABEAF-8212-420A-A444-C8950EE9ECB9}
	EndGlobalSection
EndGlobal
