
Microsoft Visual Studio Solution File, Format Version 12.00
# Visual Studio Version 17
VisualStudioVersion = 17.12.35527.113 d17.12
MinimumVisualStudioVersion = 10.0.40219.1
Project("{FAE04EC0-301F-11D3-BF4B-00C04F79EFBC}") = "BlazorWebApp", "BlazorWebApp\BlazorWebApp.csproj", "{FD131A3D-E9DE-4B51-95DE-B86FEE54D101}"
EndProject
Project("{FAE04EC0-301F-11D3-BF4B-00C04F79EFBC}") = "BlazorWebApp.Client", "BlazorWebApp.Client\BlazorWebApp.Client.csproj", "{AFEE238E-64C3-44EE-8F4A-ADDE80B64959}"
EndProject
Global
	GlobalSection(SolutionConfigurationPlatforms) = preSolution
		Debug|Any CPU = Debug|Any CPU
		Release|Any CPU = Release|Any CPU
	EndGlobalSection
	GlobalSection(ProjectConfigurationPlatforms) = postSolution
		{FD131A3D-E9DE-4B51-95DE-B86FEE54D101}.Debug|Any CPU.ActiveCfg = Debug|Any CPU
		{FD131A3D-E9DE-4B51-95DE-B86FEE54D101}.Debug|Any CPU.Build.0 = Debug|Any CPU
		{FD131A3D-E9DE-4B51-95DE-B86FEE54D101}.Release|Any CPU.ActiveCfg = Release|Any CPU
		{FD131A3D-E9DE-4B51-95DE-B86FEE54D101}.Release|Any CPU.Build.0 = Release|Any CPU
		{AFEE238E-64C3-44EE-8F4A-ADDE80B64959}.Debug|Any CPU.ActiveCfg = Debug|Any CPU
		{AFEE238E-64C3-44EE-8F4A-ADDE80B64959}.Debug|Any CPU.Build.0 = Debug|Any CPU
		{AFEE238E-64C3-44EE-8F4A-ADDE80B64959}.Release|Any CPU.ActiveCfg = Release|Any CPU
		{AFEE238E-64C3-44EE-8F4A-ADDE80B64959}.Release|Any CPU.Build.0 = Release|Any CPU
	EndGlobalSection
	GlobalSection(SolutionProperties) = preSolution
		HideSolutionNode = FALSE
	EndGlobalSection
EndGlobal
