
Microsoft Visual Studio Solution File, Format Version 12.00
# Visual Studio Version 17
VisualStudioVersion = 17.12.35527.113 d17.12
MinimumVisualStudioVersion = 10.0.40219.1
Project("{FAE04EC0-301F-11D3-BF4B-00C04F79EFBC}") = "BlazorWebApp", "BlazorWebApp\BlazorWebApp.csproj", "{1D867BC3-B49B-481F-AC65-E0221E44636A}"
EndProject
Project("{FAE04EC0-301F-11D3-BF4B-00C04F79EFBC}") = "BlazorWebApp.Client", "BlazorWebApp.Client\BlazorWebApp.Client.csproj", "{ABA1455B-2C8C-45BC-BB84-A6E2ED2CBF8E}"
EndProject
Global
	GlobalSection(SolutionConfigurationPlatforms) = preSolution
		Debug|Any CPU = Debug|Any CPU
		Release|Any CPU = Release|Any CPU
	EndGlobalSection
	GlobalSection(ProjectConfigurationPlatforms) = postSolution
		{1D867BC3-B49B-481F-AC65-E0221E44636A}.Debug|Any CPU.ActiveCfg = Debug|Any CPU
		{1D867BC3-B49B-481F-AC65-E0221E44636A}.Debug|Any CPU.Build.0 = Debug|Any CPU
		{1D867BC3-B49B-481F-AC65-E0221E44636A}.Release|Any CPU.ActiveCfg = Release|Any CPU
		{1D867BC3-B49B-481F-AC65-E0221E44636A}.Release|Any CPU.Build.0 = Release|Any CPU
		{ABA1455B-2C8C-45BC-BB84-A6E2ED2CBF8E}.Debug|Any CPU.ActiveCfg = Debug|Any CPU
		{ABA1455B-2C8C-45BC-BB84-A6E2ED2CBF8E}.Debug|Any CPU.Build.0 = Debug|Any CPU
		{ABA1455B-2C8C-45BC-BB84-A6E2ED2CBF8E}.Release|Any CPU.ActiveCfg = Release|Any CPU
		{ABA1455B-2C8C-45BC-BB84-A6E2ED2CBF8E}.Release|Any CPU.Build.0 = Release|Any CPU
	EndGlobalSection
	GlobalSection(SolutionProperties) = preSolution
		HideSolutionNode = FALSE
	EndGlobalSection
EndGlobal
