
Microsoft Visual Studio Solution File, Format Version 12.00
# Visual Studio Version 17
VisualStudioVersion = 17.14.36705.20 d17.14
MinimumVisualStudioVersion = 10.0.40219.1
Project("{FAE04EC0-301F-11D3-BF4B-00C04F79EFBC}") = "TreeView_WasmApp", "TreeView_WasmApp\TreeView_WasmApp.csproj", "{3B3602FB-ED05-453D-B7A5-695174604E8F}"
EndProject
Project("{FAE04EC0-301F-11D3-BF4B-00C04F79EFBC}") = "TreeView_WasmApp.Client", "TreeView_WasmApp.Client\TreeView_WasmApp.Client.csproj", "{4D2F985C-7F7B-4198-8B4D-E77FFB57C64D}"
EndProject
Global
	GlobalSection(SolutionConfigurationPlatforms) = preSolution
		Debug|Any CPU = Debug|Any CPU
		Release|Any CPU = Release|Any CPU
	EndGlobalSection
	GlobalSection(ProjectConfigurationPlatforms) = postSolution
		{3B3602FB-ED05-453D-B7A5-695174604E8F}.Debug|Any CPU.ActiveCfg = Debug|Any CPU
		{3B3602FB-ED05-453D-B7A5-695174604E8F}.Debug|Any CPU.Build.0 = Debug|Any CPU
		{3B3602FB-ED05-453D-B7A5-695174604E8F}.Release|Any CPU.ActiveCfg = Release|Any CPU
		{3B3602FB-ED05-453D-B7A5-695174604E8F}.Release|Any CPU.Build.0 = Release|Any CPU
		{4D2F985C-7F7B-4198-8B4D-E77FFB57C64D}.Debug|Any CPU.ActiveCfg = Debug|Any CPU
		{4D2F985C-7F7B-4198-8B4D-E77FFB57C64D}.Debug|Any CPU.Build.0 = Debug|Any CPU
		{4D2F985C-7F7B-4198-8B4D-E77FFB57C64D}.Release|Any CPU.ActiveCfg = Release|Any CPU
		{4D2F985C-7F7B-4198-8B4D-E77FFB57C64D}.Release|Any CPU.Build.0 = Release|Any CPU
	EndGlobalSection
	GlobalSection(SolutionProperties) = preSolution
		HideSolutionNode = FALSE
	EndGlobalSection
	GlobalSection(ExtensibilityGlobals) = postSolution
		SolutionGuid = {440D7D06-4013-4DBD-BD11-E6C03CECAB37}
	EndGlobalSection
EndGlobal
