
Microsoft Visual Studio Solution File, Format Version 12.00
# Visual Studio Version 17
VisualStudioVersion = 17.8.34309.116
MinimumVisualStudioVersion = 10.0.40219.1
Project("{FAE04EC0-301F-11D3-BF4B-00C04F79EFBC}") = "MultiSelectDropDownSample", "MultiSelectDropDownSample\MultiSelectDropDownSample.csproj", "{61F6D5C8-47E6-4C64-B23C-A6D063F33447}"
EndProject
Project("{FAE04EC0-301F-11D3-BF4B-00C04F79EFBC}") = "MultiSelectDropDownSample.Client", "MultiSelectDropDownSample.Client\MultiSelectDropDownSample.Client.csproj", "{11C44BED-9EEC-4C6F-A7F6-023EC335451E}"
EndProject
Global
	GlobalSection(SolutionConfigurationPlatforms) = preSolution
		Debug|Any CPU = Debug|Any CPU
		Release|Any CPU = Release|Any CPU
	EndGlobalSection
	GlobalSection(ProjectConfigurationPlatforms) = postSolution
		{61F6D5C8-47E6-4C64-B23C-A6D063F33447}.Debug|Any CPU.ActiveCfg = Debug|Any CPU
		{61F6D5C8-47E6-4C64-B23C-A6D063F33447}.Debug|Any CPU.Build.0 = Debug|Any CPU
		{61F6D5C8-47E6-4C64-B23C-A6D063F33447}.Release|Any CPU.ActiveCfg = Release|Any CPU
		{61F6D5C8-47E6-4C64-B23C-A6D063F33447}.Release|Any CPU.Build.0 = Release|Any CPU
		{11C44BED-9EEC-4C6F-A7F6-023EC335451E}.Debug|Any CPU.ActiveCfg = Debug|Any CPU
		{11C44BED-9EEC-4C6F-A7F6-023EC335451E}.Debug|Any CPU.Build.0 = Debug|Any CPU
		{11C44BED-9EEC-4C6F-A7F6-023EC335451E}.Release|Any CPU.ActiveCfg = Release|Any CPU
		{11C44BED-9EEC-4C6F-A7F6-023EC335451E}.Release|Any CPU.Build.0 = Release|Any CPU
	EndGlobalSection
	GlobalSection(SolutionProperties) = preSolution
		HideSolutionNode = FALSE
	EndGlobalSection
	GlobalSection(ExtensibilityGlobals) = postSolution
		SolutionGuid = {CF25181F-529F-46E4-8D1D-DE99F980B9DB}
	EndGlobalSection
EndGlobal
