
Microsoft Visual Studio Solution File, Format Version 12.00
# Visual Studio Version 17
VisualStudioVersion = 17.14.36705.20 d17.14
MinimumVisualStudioVersion = 10.0.40219.1
Project("{FAE04EC0-301F-11D3-BF4B-00C04F79EFBC}") = "ButtonGroup_WasmApp", "ButtonGroup_WasmApp\ButtonGroup_WasmApp.csproj", "{A5FC6AAF-5BF0-4EC7-A7C0-52584C70C944}"
EndProject
Project("{FAE04EC0-301F-11D3-BF4B-00C04F79EFBC}") = "ButtonGroup_WasmApp.Client", "ButtonGroup_WasmApp.Client\ButtonGroup_WasmApp.Client.csproj", "{ADAB06CB-A1B6-4615-9981-7AE17F41F4D2}"
EndProject
Global
	GlobalSection(SolutionConfigurationPlatforms) = preSolution
		Debug|Any CPU = Debug|Any CPU
		Release|Any CPU = Release|Any CPU
	EndGlobalSection
	GlobalSection(ProjectConfigurationPlatforms) = postSolution
		{A5FC6AAF-5BF0-4EC7-A7C0-52584C70C944}.Debug|Any CPU.ActiveCfg = Debug|Any CPU
		{A5FC6AAF-5BF0-4EC7-A7C0-52584C70C944}.Debug|Any CPU.Build.0 = Debug|Any CPU
		{A5FC6AAF-5BF0-4EC7-A7C0-52584C70C944}.Release|Any CPU.ActiveCfg = Release|Any CPU
		{A5FC6AAF-5BF0-4EC7-A7C0-52584C70C944}.Release|Any CPU.Build.0 = Release|Any CPU
		{ADAB06CB-A1B6-4615-9981-7AE17F41F4D2}.Debug|Any CPU.ActiveCfg = Debug|Any CPU
		{ADAB06CB-A1B6-4615-9981-7AE17F41F4D2}.Debug|Any CPU.Build.0 = Debug|Any CPU
		{ADAB06CB-A1B6-4615-9981-7AE17F41F4D2}.Release|Any CPU.ActiveCfg = Release|Any CPU
		{ADAB06CB-A1B6-4615-9981-7AE17F41F4D2}.Release|Any CPU.Build.0 = Release|Any CPU
	EndGlobalSection
	GlobalSection(SolutionProperties) = preSolution
		HideSolutionNode = FALSE
	EndGlobalSection
	GlobalSection(ExtensibilityGlobals) = postSolution
		SolutionGuid = {668CE25D-3033-4BB6-9887-77FA70EEB89A}
	EndGlobalSection
EndGlobal
