
Microsoft Visual Studio Solution File, Format Version 12.00
# Visual Studio Version 17
VisualStudioVersion = 17.0.32112.339
MinimumVisualStudioVersion = 10.0.40219.1
Project("{FAE04EC0-301F-11D3-BF4B-00C04F79EFBC}") = "DropDownMenuSample.Server", "Server\DropDownMenuSample.Server.csproj", "{F95950F2-2227-41BE-97AF-A408B56BBD3A}"
EndProject
Project("{FAE04EC0-301F-11D3-BF4B-00C04F79EFBC}") = "DropDownMenuSample.Client", "Client\DropDownMenuSample.Client.csproj", "{358FDA96-F485-4247-9D9B-B33AE7FB3C64}"
EndProject
Project("{FAE04EC0-301F-11D3-BF4B-00C04F79EFBC}") = "DropDownMenuSample.Shared", "Shared\DropDownMenuSample.Shared.csproj", "{929D2170-7B17-4B9C-9A48-2EDF89942D74}"
EndProject
Global
	GlobalSection(SolutionConfigurationPlatforms) = preSolution
		Debug|Any CPU = Debug|Any CPU
		Release|Any CPU = Release|Any CPU
	EndGlobalSection
	GlobalSection(ProjectConfigurationPlatforms) = postSolution
		{F95950F2-2227-41BE-97AF-A408B56BBD3A}.Debug|Any CPU.ActiveCfg = Debug|Any CPU
		{F95950F2-2227-41BE-97AF-A408B56BBD3A}.Debug|Any CPU.Build.0 = Debug|Any CPU
		{F95950F2-2227-41BE-97AF-A408B56BBD3A}.Release|Any CPU.ActiveCfg = Release|Any CPU
		{F95950F2-2227-41BE-97AF-A408B56BBD3A}.Release|Any CPU.Build.0 = Release|Any CPU
		{358FDA96-F485-4247-9D9B-B33AE7FB3C64}.Debug|Any CPU.ActiveCfg = Debug|Any CPU
		{358FDA96-F485-4247-9D9B-B33AE7FB3C64}.Debug|Any CPU.Build.0 = Debug|Any CPU
		{358FDA96-F485-4247-9D9B-B33AE7FB3C64}.Release|Any CPU.ActiveCfg = Release|Any CPU
		{358FDA96-F485-4247-9D9B-B33AE7FB3C64}.Release|Any CPU.Build.0 = Release|Any CPU
		{929D2170-7B17-4B9C-9A48-2EDF89942D74}.Debug|Any CPU.ActiveCfg = Debug|Any CPU
		{929D2170-7B17-4B9C-9A48-2EDF89942D74}.Debug|Any CPU.Build.0 = Debug|Any CPU
		{929D2170-7B17-4B9C-9A48-2EDF89942D74}.Release|Any CPU.ActiveCfg = Release|Any CPU
		{929D2170-7B17-4B9C-9A48-2EDF89942D74}.Release|Any CPU.Build.0 = Release|Any CPU
	EndGlobalSection
	GlobalSection(SolutionProperties) = preSolution
		HideSolutionNode = FALSE
	EndGlobalSection
	GlobalSection(ExtensibilityGlobals) = postSolution
		SolutionGuid = {FA4ED28F-0D44-433C-A6E6-ADE4C0E2D530}
	EndGlobalSection
EndGlobal
