
Microsoft Visual Studio Solution File, Format Version 12.00
# Visual Studio Version 17
VisualStudioVersion = 17.14.36705.20 d17.14
MinimumVisualStudioVersion = 10.0.40219.1
Project("{FAE04EC0-301F-11D3-BF4B-00C04F79EFBC}") = "DropDownList_WasmApp", "DropDownList_WasmApp\DropDownList_WasmApp.csproj", "{1304CFBD-8580-4680-A23C-31CC4559A31D}"
EndProject
Project("{FAE04EC0-301F-11D3-BF4B-00C04F79EFBC}") = "DropDownList_WasmApp.Client", "DropDownList_WasmApp.Client\DropDownList_WasmApp.Client.csproj", "{076D0592-A191-47D2-9671-F389D4A8E31B}"
EndProject
Global
	GlobalSection(SolutionConfigurationPlatforms) = preSolution
		Debug|Any CPU = Debug|Any CPU
		Release|Any CPU = Release|Any CPU
	EndGlobalSection
	GlobalSection(ProjectConfigurationPlatforms) = postSolution
		{1304CFBD-8580-4680-A23C-31CC4559A31D}.Debug|Any CPU.ActiveCfg = Debug|Any CPU
		{1304CFBD-8580-4680-A23C-31CC4559A31D}.Debug|Any CPU.Build.0 = Debug|Any CPU
		{1304CFBD-8580-4680-A23C-31CC4559A31D}.Release|Any CPU.ActiveCfg = Release|Any CPU
		{1304CFBD-8580-4680-A23C-31CC4559A31D}.Release|Any CPU.Build.0 = Release|Any CPU
		{076D0592-A191-47D2-9671-F389D4A8E31B}.Debug|Any CPU.ActiveCfg = Debug|Any CPU
		{076D0592-A191-47D2-9671-F389D4A8E31B}.Debug|Any CPU.Build.0 = Debug|Any CPU
		{076D0592-A191-47D2-9671-F389D4A8E31B}.Release|Any CPU.ActiveCfg = Release|Any CPU
		{076D0592-A191-47D2-9671-F389D4A8E31B}.Release|Any CPU.Build.0 = Release|Any CPU
	EndGlobalSection
	GlobalSection(SolutionProperties) = preSolution
		HideSolutionNode = FALSE
	EndGlobalSection
	GlobalSection(ExtensibilityGlobals) = postSolution
		SolutionGuid = {A1EE03C1-A330-4628-8A10-8C5D3117ED97}
	EndGlobalSection
EndGlobal
