
Microsoft Visual Studio Solution File, Format Version 12.00
# Visual Studio Version 17
VisualStudioVersion = 17.14.36705.20 d17.14
MinimumVisualStudioVersion = 10.0.40219.1
Project("{FAE04EC0-301F-11D3-BF4B-00C04F79EFBC}") = "ColorPicker_WasmApp", "ColorPicker_WasmApp\ColorPicker_WasmApp.csproj", "{0A3B28EA-E894-4239-AA96-72859D64B1AC}"
EndProject
Project("{FAE04EC0-301F-11D3-BF4B-00C04F79EFBC}") = "ColorPicker_WasmApp.Client", "ColorPicker_WasmApp.Client\ColorPicker_WasmApp.Client.csproj", "{284E7F29-0CBC-40D6-B59A-FA1C95827FE1}"
EndProject
Global
	GlobalSection(SolutionConfigurationPlatforms) = preSolution
		Debug|Any CPU = Debug|Any CPU
		Release|Any CPU = Release|Any CPU
	EndGlobalSection
	GlobalSection(ProjectConfigurationPlatforms) = postSolution
		{0A3B28EA-E894-4239-AA96-72859D64B1AC}.Debug|Any CPU.ActiveCfg = Debug|Any CPU
		{0A3B28EA-E894-4239-AA96-72859D64B1AC}.Debug|Any CPU.Build.0 = Debug|Any CPU
		{0A3B28EA-E894-4239-AA96-72859D64B1AC}.Release|Any CPU.ActiveCfg = Release|Any CPU
		{0A3B28EA-E894-4239-AA96-72859D64B1AC}.Release|Any CPU.Build.0 = Release|Any CPU
		{284E7F29-0CBC-40D6-B59A-FA1C95827FE1}.Debug|Any CPU.ActiveCfg = Debug|Any CPU
		{284E7F29-0CBC-40D6-B59A-FA1C95827FE1}.Debug|Any CPU.Build.0 = Debug|Any CPU
		{284E7F29-0CBC-40D6-B59A-FA1C95827FE1}.Release|Any CPU.ActiveCfg = Release|Any CPU
		{284E7F29-0CBC-40D6-B59A-FA1C95827FE1}.Release|Any CPU.Build.0 = Release|Any CPU
	EndGlobalSection
	GlobalSection(SolutionProperties) = preSolution
		HideSolutionNode = FALSE
	EndGlobalSection
	GlobalSection(ExtensibilityGlobals) = postSolution
		SolutionGuid = {D83AD235-25FD-4F0F-A453-557136E83104}
	EndGlobalSection
EndGlobal
