
Microsoft Visual Studio Solution File, Format Version 12.00
# Visual Studio Version 17
VisualStudioVersion = 17.14.36705.20 d17.14
MinimumVisualStudioVersion = 10.0.40219.1
Project("{FAE04EC0-301F-11D3-BF4B-00C04F79EFBC}") = "Scheduler_WasmApp", "Scheduler_WasmApp\Scheduler_WasmApp.csproj", "{C9611731-FB00-4134-8F2B-16557F23B619}"
EndProject
Project("{FAE04EC0-301F-11D3-BF4B-00C04F79EFBC}") = "Scheduler_WasmApp.Client", "Scheduler_WasmApp.Client\Scheduler_WasmApp.Client.csproj", "{A186400C-2CB3-417B-A59E-BFEE6532F879}"
EndProject
Global
	GlobalSection(SolutionConfigurationPlatforms) = preSolution
		Debug|Any CPU = Debug|Any CPU
		Release|Any CPU = Release|Any CPU
	EndGlobalSection
	GlobalSection(ProjectConfigurationPlatforms) = postSolution
		{C9611731-FB00-4134-8F2B-16557F23B619}.Debug|Any CPU.ActiveCfg = Debug|Any CPU
		{C9611731-FB00-4134-8F2B-16557F23B619}.Debug|Any CPU.Build.0 = Debug|Any CPU
		{C9611731-FB00-4134-8F2B-16557F23B619}.Release|Any CPU.ActiveCfg = Release|Any CPU
		{C9611731-FB00-4134-8F2B-16557F23B619}.Release|Any CPU.Build.0 = Release|Any CPU
		{A186400C-2CB3-417B-A59E-BFEE6532F879}.Debug|Any CPU.ActiveCfg = Debug|Any CPU
		{A186400C-2CB3-417B-A59E-BFEE6532F879}.Debug|Any CPU.Build.0 = Debug|Any CPU
		{A186400C-2CB3-417B-A59E-BFEE6532F879}.Release|Any CPU.ActiveCfg = Release|Any CPU
		{A186400C-2CB3-417B-A59E-BFEE6532F879}.Release|Any CPU.Build.0 = Release|Any CPU
	EndGlobalSection
	GlobalSection(SolutionProperties) = preSolution
		HideSolutionNode = FALSE
	EndGlobalSection
	GlobalSection(ExtensibilityGlobals) = postSolution
		SolutionGuid = {EB3C6F9C-B163-4BD2-B15B-8DD47735073A}
	EndGlobalSection
EndGlobal
