
Microsoft Visual Studio Solution File, Format Version 12.00
# Visual Studio Version 17
VisualStudioVersion = 17.8.34316.72
MinimumVisualStudioVersion = 10.0.40219.1
Project("{FAE04EC0-301F-11D3-BF4B-00C04F79EFBC}") = "DatePickersSample", "DatePickersSample\DatePickersSample.csproj", "{77767697-D922-40BC-97B6-F59E659C5137}"
EndProject
Project("{FAE04EC0-301F-11D3-BF4B-00C04F79EFBC}") = "DatePickersSample.Client", "DatePickersSample.Client\DatePickersSample.Client.csproj", "{0143D9E7-4D5D-43DC-AE0A-927C66B2EC67}"
EndProject
Global
	GlobalSection(SolutionConfigurationPlatforms) = preSolution
		Debug|Any CPU = Debug|Any CPU
		Release|Any CPU = Release|Any CPU
	EndGlobalSection
	GlobalSection(ProjectConfigurationPlatforms) = postSolution
		{77767697-D922-40BC-97B6-F59E659C5137}.Debug|Any CPU.ActiveCfg = Debug|Any CPU
		{77767697-D922-40BC-97B6-F59E659C5137}.Debug|Any CPU.Build.0 = Debug|Any CPU
		{77767697-D922-40BC-97B6-F59E659C5137}.Release|Any CPU.ActiveCfg = Release|Any CPU
		{77767697-D922-40BC-97B6-F59E659C5137}.Release|Any CPU.Build.0 = Release|Any CPU
		{0143D9E7-4D5D-43DC-AE0A-927C66B2EC67}.Debug|Any CPU.ActiveCfg = Debug|Any CPU
		{0143D9E7-4D5D-43DC-AE0A-927C66B2EC67}.Debug|Any CPU.Build.0 = Debug|Any CPU
		{0143D9E7-4D5D-43DC-AE0A-927C66B2EC67}.Release|Any CPU.ActiveCfg = Release|Any CPU
		{0143D9E7-4D5D-43DC-AE0A-927C66B2EC67}.Release|Any CPU.Build.0 = Release|Any CPU
	EndGlobalSection
	GlobalSection(SolutionProperties) = preSolution
		HideSolutionNode = FALSE
	EndGlobalSection
	GlobalSection(ExtensibilityGlobals) = postSolution
		SolutionGuid = {03B3130F-3A8B-447D-8C56-3A26D9E1783F}
	EndGlobalSection
EndGlobal
