
Microsoft Visual Studio Solution File, Format Version 12.00
# Visual Studio Version 17
VisualStudioVersion = 17.14.36705.20 d17.14
MinimumVisualStudioVersion = 10.0.40219.1
Project("{FAE04EC0-301F-11D3-BF4B-00C04F79EFBC}") = "AutoComplete_WasmApp", "AutoComplete_WasmApp\AutoComplete_WasmApp.csproj", "{46878BAA-693E-4B8E-A81D-3F651B2E6B26}"
EndProject
Project("{FAE04EC0-301F-11D3-BF4B-00C04F79EFBC}") = "AutoComplete_WasmApp.Client", "AutoComplete_WasmApp.Client\AutoComplete_WasmApp.Client.csproj", "{889C923F-98B5-4611-ACAC-9C693656E733}"
EndProject
Global
	GlobalSection(SolutionConfigurationPlatforms) = preSolution
		Debug|Any CPU = Debug|Any CPU
		Release|Any CPU = Release|Any CPU
	EndGlobalSection
	GlobalSection(ProjectConfigurationPlatforms) = postSolution
		{46878BAA-693E-4B8E-A81D-3F651B2E6B26}.Debug|Any CPU.ActiveCfg = Debug|Any CPU
		{46878BAA-693E-4B8E-A81D-3F651B2E6B26}.Debug|Any CPU.Build.0 = Debug|Any CPU
		{46878BAA-693E-4B8E-A81D-3F651B2E6B26}.Release|Any CPU.ActiveCfg = Release|Any CPU
		{46878BAA-693E-4B8E-A81D-3F651B2E6B26}.Release|Any CPU.Build.0 = Release|Any CPU
		{889C923F-98B5-4611-ACAC-9C693656E733}.Debug|Any CPU.ActiveCfg = Debug|Any CPU
		{889C923F-98B5-4611-ACAC-9C693656E733}.Debug|Any CPU.Build.0 = Debug|Any CPU
		{889C923F-98B5-4611-ACAC-9C693656E733}.Release|Any CPU.ActiveCfg = Release|Any CPU
		{889C923F-98B5-4611-ACAC-9C693656E733}.Release|Any CPU.Build.0 = Release|Any CPU
	EndGlobalSection
	GlobalSection(SolutionProperties) = preSolution
		HideSolutionNode = FALSE
	EndGlobalSection
	GlobalSection(ExtensibilityGlobals) = postSolution
		SolutionGuid = {21E38EFD-0854-4555-82E7-F19AC4CC8286}
	EndGlobalSection
EndGlobal
