
Microsoft Visual Studio Solution File, Format Version 12.00
# Visual Studio Version 17
VisualStudioVersion = 17.0.32112.339
MinimumVisualStudioVersion = 10.0.40219.1
Project("{FAE04EC0-301F-11D3-BF4B-00C04F79EFBC}") = "KanbanSample", "KanbanSample.csproj", "{15A8B4C9-5BB1-43D1-A505-EB0A6B88FC22}"
EndProject
Global
	GlobalSection(SolutionConfigurationPlatforms) = preSolution
		Debug|Any CPU = Debug|Any CPU
		Release|Any CPU = Release|Any CPU
	EndGlobalSection
	GlobalSection(ProjectConfigurationPlatforms) = postSolution
		{15A8B4C9-5BB1-43D1-A505-EB0A6B88FC22}.Debug|Any CPU.ActiveCfg = Debug|Any CPU
		{15A8B4C9-5BB1-43D1-A505-EB0A6B88FC22}.Debug|Any CPU.Build.0 = Debug|Any CPU
		{15A8B4C9-5BB1-43D1-A505-EB0A6B88FC22}.Release|Any CPU.ActiveCfg = Release|Any CPU
		{15A8B4C9-5BB1-43D1-A505-EB0A6B88FC22}.Release|Any CPU.Build.0 = Release|Any CPU
	EndGlobalSection
	GlobalSection(SolutionProperties) = preSolution
		HideSolutionNode = FALSE
	EndGlobalSection
	GlobalSection(ExtensibilityGlobals) = postSolution
		SolutionGuid = {F40CECCA-384B-4371-B854-8CCFC421843B}
	EndGlobalSection
EndGlobal
