
Microsoft Visual Studio Solution File, Format Version 12.00
# Visual Studio Version 17
VisualStudioVersion = 17.8.34322.80
MinimumVisualStudioVersion = 10.0.40219.1
Project("{FAE04EC0-301F-11D3-BF4B-00C04F79EFBC}") = "Stepper_Server", "Stepper_Server\Stepper_Server.csproj", "{265F2B63-CA08-4D08-BC7E-EA7BD093B3AB}"
EndProject
Global
	GlobalSection(SolutionConfigurationPlatforms) = preSolution
		Debug|Any CPU = Debug|Any CPU
		Release|Any CPU = Release|Any CPU
	EndGlobalSection
	GlobalSection(ProjectConfigurationPlatforms) = postSolution
		{265F2B63-CA08-4D08-BC7E-EA7BD093B3AB}.Debug|Any CPU.ActiveCfg = Debug|Any CPU
		{265F2B63-CA08-4D08-BC7E-EA7BD093B3AB}.Debug|Any CPU.Build.0 = Debug|Any CPU
		{265F2B63-CA08-4D08-BC7E-EA7BD093B3AB}.Release|Any CPU.ActiveCfg = Release|Any CPU
		{265F2B63-CA08-4D08-BC7E-EA7BD093B3AB}.Release|Any CPU.Build.0 = Release|Any CPU
	EndGlobalSection
	GlobalSection(SolutionProperties) = preSolution
		HideSolutionNode = FALSE
	EndGlobalSection
	GlobalSection(ExtensibilityGlobals) = postSolution
		SolutionGuid = {AD176DA4-E152-4A0C-9145-4FFF17C5BDE2}
	EndGlobalSection
EndGlobal
