
Microsoft Visual Studio Solution File, Format Version 12.00
# Visual Studio Version 17
VisualStudioVersion = 17.0.32112.339
MinimumVisualStudioVersion = 10.0.40219.1
Project("{FAE04EC0-301F-11D3-BF4B-00C04F79EFBC}") = "Carousel.Server", "Server\Carousel.Server.csproj", "{2E36C61C-CA7E-4AAF-ABEB-889EF1BC9E39}"
EndProject
Project("{FAE04EC0-301F-11D3-BF4B-00C04F79EFBC}") = "Carousel.Client", "Client\Carousel.Client.csproj", "{1FB666EB-A2A0-4E95-AE39-08651C7A5D2F}"
EndProject
Project("{FAE04EC0-301F-11D3-BF4B-00C04F79EFBC}") = "Carousel.Shared", "Shared\Carousel.Shared.csproj", "{C345C67C-1667-4C12-A423-723A1C3E9DCC}"
EndProject
Global
	GlobalSection(SolutionConfigurationPlatforms) = preSolution
		Debug|Any CPU = Debug|Any CPU
		Release|Any CPU = Release|Any CPU
	EndGlobalSection
	GlobalSection(ProjectConfigurationPlatforms) = postSolution
		{2E36C61C-CA7E-4AAF-ABEB-889EF1BC9E39}.Debug|Any CPU.ActiveCfg = Debug|Any CPU
		{2E36C61C-CA7E-4AAF-ABEB-889EF1BC9E39}.Debug|Any CPU.Build.0 = Debug|Any CPU
		{2E36C61C-CA7E-4AAF-ABEB-889EF1BC9E39}.Release|Any CPU.ActiveCfg = Release|Any CPU
		{2E36C61C-CA7E-4AAF-ABEB-889EF1BC9E39}.Release|Any CPU.Build.0 = Release|Any CPU
		{1FB666EB-A2A0-4E95-AE39-08651C7A5D2F}.Debug|Any CPU.ActiveCfg = Debug|Any CPU
		{1FB666EB-A2A0-4E95-AE39-08651C7A5D2F}.Debug|Any CPU.Build.0 = Debug|Any CPU
		{1FB666EB-A2A0-4E95-AE39-08651C7A5D2F}.Release|Any CPU.ActiveCfg = Release|Any CPU
		{1FB666EB-A2A0-4E95-AE39-08651C7A5D2F}.Release|Any CPU.Build.0 = Release|Any CPU
		{C345C67C-1667-4C12-A423-723A1C3E9DCC}.Debug|Any CPU.ActiveCfg = Debug|Any CPU
		{C345C67C-1667-4C12-A423-723A1C3E9DCC}.Debug|Any CPU.Build.0 = Debug|Any CPU
		{C345C67C-1667-4C12-A423-723A1C3E9DCC}.Release|Any CPU.ActiveCfg = Release|Any CPU
		{C345C67C-1667-4C12-A423-723A1C3E9DCC}.Release|Any CPU.Build.0 = Release|Any CPU
	EndGlobalSection
	GlobalSection(SolutionProperties) = preSolution
		HideSolutionNode = FALSE
	EndGlobalSection
	GlobalSection(ExtensibilityGlobals) = postSolution
		SolutionGuid = {26D9BA56-BD4F-4C54-91BE-52900E92BC61}
	EndGlobalSection
EndGlobal
