
Microsoft Visual Studio Solution File, Format Version 12.00
# Visual Studio Version 17
VisualStudioVersion = 17.8.34309.116
MinimumVisualStudioVersion = 10.0.40219.1
Project("{FAE04EC0-301F-11D3-BF4B-00C04F79EFBC}") = "TreeMapSample", "TreeMapSample\TreeMapSample.csproj", "{D26DED10-A91F-46D3-8154-002F49CD36F6}"
EndProject
Project("{FAE04EC0-301F-11D3-BF4B-00C04F79EFBC}") = "TreeMapSample.Client", "TreeMapSample.Client\TreeMapSample.Client.csproj", "{3BC83BA3-B19F-4427-92F2-44BF5E01AEDE}"
EndProject
Global
	GlobalSection(SolutionConfigurationPlatforms) = preSolution
		Debug|Any CPU = Debug|Any CPU
		Release|Any CPU = Release|Any CPU
	EndGlobalSection
	GlobalSection(ProjectConfigurationPlatforms) = postSolution
		{D26DED10-A91F-46D3-8154-002F49CD36F6}.Debug|Any CPU.ActiveCfg = Debug|Any CPU
		{D26DED10-A91F-46D3-8154-002F49CD36F6}.Debug|Any CPU.Build.0 = Debug|Any CPU
		{D26DED10-A91F-46D3-8154-002F49CD36F6}.Release|Any CPU.ActiveCfg = Release|Any CPU
		{D26DED10-A91F-46D3-8154-002F49CD36F6}.Release|Any CPU.Build.0 = Release|Any CPU
		{3BC83BA3-B19F-4427-92F2-44BF5E01AEDE}.Debug|Any CPU.ActiveCfg = Debug|Any CPU
		{3BC83BA3-B19F-4427-92F2-44BF5E01AEDE}.Debug|Any CPU.Build.0 = Debug|Any CPU
		{3BC83BA3-B19F-4427-92F2-44BF5E01AEDE}.Release|Any CPU.ActiveCfg = Release|Any CPU
		{3BC83BA3-B19F-4427-92F2-44BF5E01AEDE}.Release|Any CPU.Build.0 = Release|Any CPU
	EndGlobalSection
	GlobalSection(SolutionProperties) = preSolution
		HideSolutionNode = FALSE
	EndGlobalSection
	GlobalSection(ExtensibilityGlobals) = postSolution
		SolutionGuid = {B2A62101-0E77-4A7F-B5D0-943C38AE62E5}
	EndGlobalSection
EndGlobal
