
Microsoft Visual Studio Solution File, Format Version 12.00
# Visual Studio Version 17
VisualStudioVersion = 17.14.36705.20 d17.14
MinimumVisualStudioVersion = 10.0.40219.1
Project("{FAE04EC0-301F-11D3-BF4B-00C04F79EFBC}") = "Dialog_WasmApp", "Dialog_WasmApp\Dialog_WasmApp.csproj", "{E2C55C1C-4756-4376-BB9F-B5E9A416E9D3}"
EndProject
Project("{FAE04EC0-301F-11D3-BF4B-00C04F79EFBC}") = "Dialog_WasmApp.Client", "Dialog_WasmApp.Client\Dialog_WasmApp.Client.csproj", "{8E94F0F3-231E-412B-816F-61B4652151A2}"
EndProject
Global
	GlobalSection(SolutionConfigurationPlatforms) = preSolution
		Debug|Any CPU = Debug|Any CPU
		Release|Any CPU = Release|Any CPU
	EndGlobalSection
	GlobalSection(ProjectConfigurationPlatforms) = postSolution
		{E2C55C1C-4756-4376-BB9F-B5E9A416E9D3}.Debug|Any CPU.ActiveCfg = Debug|Any CPU
		{E2C55C1C-4756-4376-BB9F-B5E9A416E9D3}.Debug|Any CPU.Build.0 = Debug|Any CPU
		{E2C55C1C-4756-4376-BB9F-B5E9A416E9D3}.Release|Any CPU.ActiveCfg = Release|Any CPU
		{E2C55C1C-4756-4376-BB9F-B5E9A416E9D3}.Release|Any CPU.Build.0 = Release|Any CPU
		{8E94F0F3-231E-412B-816F-61B4652151A2}.Debug|Any CPU.ActiveCfg = Debug|Any CPU
		{8E94F0F3-231E-412B-816F-61B4652151A2}.Debug|Any CPU.Build.0 = Debug|Any CPU
		{8E94F0F3-231E-412B-816F-61B4652151A2}.Release|Any CPU.ActiveCfg = Release|Any CPU
		{8E94F0F3-231E-412B-816F-61B4652151A2}.Release|Any CPU.Build.0 = Release|Any CPU
	EndGlobalSection
	GlobalSection(SolutionProperties) = preSolution
		HideSolutionNode = FALSE
	EndGlobalSection
	GlobalSection(ExtensibilityGlobals) = postSolution
		SolutionGuid = {01289994-8D61-4EFB-B083-8A2EC9F4AAB5}
	EndGlobalSection
EndGlobal
