
Microsoft Visual Studio Solution File, Format Version 12.00
# Visual Studio Version 17
VisualStudioVersion = 17.0.32112.339
MinimumVisualStudioVersion = 10.0.40219.1
Project("{FAE04EC0-301F-11D3-BF4B-00C04F79EFBC}") = "BreadcrumbSample", "BreadcrumbSample.csproj", "{2AA34E4F-918C-4162-B718-C3D70C72E06E}"
EndProject
Global
	GlobalSection(SolutionConfigurationPlatforms) = preSolution
		Debug|Any CPU = Debug|Any CPU
		Release|Any CPU = Release|Any CPU
	EndGlobalSection
	GlobalSection(ProjectConfigurationPlatforms) = postSolution
		{2AA34E4F-918C-4162-B718-C3D70C72E06E}.Debug|Any CPU.ActiveCfg = Debug|Any CPU
		{2AA34E4F-918C-4162-B718-C3D70C72E06E}.Debug|Any CPU.Build.0 = Debug|Any CPU
		{2AA34E4F-918C-4162-B718-C3D70C72E06E}.Release|Any CPU.ActiveCfg = Release|Any CPU
		{2AA34E4F-918C-4162-B718-C3D70C72E06E}.Release|Any CPU.Build.0 = Release|Any CPU
	EndGlobalSection
	GlobalSection(SolutionProperties) = preSolution
		HideSolutionNode = FALSE
	EndGlobalSection
	GlobalSection(ExtensibilityGlobals) = postSolution
		SolutionGuid = {AE4BA04D-52B4-4E92-9786-15B634D11745}
	EndGlobalSection
EndGlobal
