
Microsoft Visual Studio Solution File, Format Version 12.00
# Visual Studio Version 17
VisualStudioVersion = 17.0.32112.339
MinimumVisualStudioVersion = 10.0.40219.1
Project("{FAE04EC0-301F-11D3-BF4B-00C04F79EFBC}") = "TooltipSample.Server", "Server\TooltipSample.Server.csproj", "{3C71935C-6FF8-4F82-8C4B-F8F4928D014A}"
EndProject
Project("{FAE04EC0-301F-11D3-BF4B-00C04F79EFBC}") = "TooltipSample.Client", "Client\TooltipSample.Client.csproj", "{B439449D-CD86-4DB9-B841-B433BEF299D6}"
EndProject
Project("{FAE04EC0-301F-11D3-BF4B-00C04F79EFBC}") = "TooltipSample.Shared", "Shared\TooltipSample.Shared.csproj", "{646A20E2-272B-4D2D-919B-E8B388D11E75}"
EndProject
Global
	GlobalSection(SolutionConfigurationPlatforms) = preSolution
		Debug|Any CPU = Debug|Any CPU
		Release|Any CPU = Release|Any CPU
	EndGlobalSection
	GlobalSection(ProjectConfigurationPlatforms) = postSolution
		{3C71935C-6FF8-4F82-8C4B-F8F4928D014A}.Debug|Any CPU.ActiveCfg = Debug|Any CPU
		{3C71935C-6FF8-4F82-8C4B-F8F4928D014A}.Debug|Any CPU.Build.0 = Debug|Any CPU
		{3C71935C-6FF8-4F82-8C4B-F8F4928D014A}.Release|Any CPU.ActiveCfg = Release|Any CPU
		{3C71935C-6FF8-4F82-8C4B-F8F4928D014A}.Release|Any CPU.Build.0 = Release|Any CPU
		{B439449D-CD86-4DB9-B841-B433BEF299D6}.Debug|Any CPU.ActiveCfg = Debug|Any CPU
		{B439449D-CD86-4DB9-B841-B433BEF299D6}.Debug|Any CPU.Build.0 = Debug|Any CPU
		{B439449D-CD86-4DB9-B841-B433BEF299D6}.Release|Any CPU.ActiveCfg = Release|Any CPU
		{B439449D-CD86-4DB9-B841-B433BEF299D6}.Release|Any CPU.Build.0 = Release|Any CPU
		{646A20E2-272B-4D2D-919B-E8B388D11E75}.Debug|Any CPU.ActiveCfg = Debug|Any CPU
		{646A20E2-272B-4D2D-919B-E8B388D11E75}.Debug|Any CPU.Build.0 = Debug|Any CPU
		{646A20E2-272B-4D2D-919B-E8B388D11E75}.Release|Any CPU.ActiveCfg = Release|Any CPU
		{646A20E2-272B-4D2D-919B-E8B388D11E75}.Release|Any CPU.Build.0 = Release|Any CPU
	EndGlobalSection
	GlobalSection(SolutionProperties) = preSolution
		HideSolutionNode = FALSE
	EndGlobalSection
	GlobalSection(ExtensibilityGlobals) = postSolution
		SolutionGuid = {627A2F1D-18E6-41D5-A65C-CC67BAF0C22C}
	EndGlobalSection
EndGlobal
