
Microsoft Visual Studio Solution File, Format Version 12.00
# Visual Studio Version 17
VisualStudioVersion = 17.0.32112.339
MinimumVisualStudioVersion = 10.0.40219.1
Project("{FAE04EC0-301F-11D3-BF4B-00C04F79EFBC}") = "InPlaceEditorSample", "InPlaceEditorSample.csproj", "{2BB14871-3513-4553-AE72-BC72CE890E90}"
EndProject
Global
	GlobalSection(SolutionConfigurationPlatforms) = preSolution
		Debug|Any CPU = Debug|Any CPU
		Release|Any CPU = Release|Any CPU
	EndGlobalSection
	GlobalSection(ProjectConfigurationPlatforms) = postSolution
		{2BB14871-3513-4553-AE72-BC72CE890E90}.Debug|Any CPU.ActiveCfg = Debug|Any CPU
		{2BB14871-3513-4553-AE72-BC72CE890E90}.Debug|Any CPU.Build.0 = Debug|Any CPU
		{2BB14871-3513-4553-AE72-BC72CE890E90}.Release|Any CPU.ActiveCfg = Release|Any CPU
		{2BB14871-3513-4553-AE72-BC72CE890E90}.Release|Any CPU.Build.0 = Release|Any CPU
	EndGlobalSection
	GlobalSection(SolutionProperties) = preSolution
		HideSolutionNode = FALSE
	EndGlobalSection
	GlobalSection(ExtensibilityGlobals) = postSolution
		SolutionGuid = {5B4561C3-0C64-492F-A769-3479D38E0185}
	EndGlobalSection
EndGlobal
