
Microsoft Visual Studio Solution File, Format Version 12.00
# Visual Studio Version 17
VisualStudioVersion = 17.8.34309.116
MinimumVisualStudioVersion = 10.0.40219.1
Project("{FAE04EC0-301F-11D3-BF4B-00C04F79EFBC}") = "ProgressButton", "ProgressButton\ProgressButton.csproj", "{83FE4483-0DA9-4A43-A737-C7A9B751384D}"
EndProject
Project("{FAE04EC0-301F-11D3-BF4B-00C04F79EFBC}") = "ProgressButton.Client", "ProgressButton.Client\ProgressButton.Client.csproj", "{93704B77-C040-434C-9949-AC268695A31C}"
EndProject
Global
	GlobalSection(SolutionConfigurationPlatforms) = preSolution
		Debug|Any CPU = Debug|Any CPU
		Release|Any CPU = Release|Any CPU
	EndGlobalSection
	GlobalSection(ProjectConfigurationPlatforms) = postSolution
		{83FE4483-0DA9-4A43-A737-C7A9B751384D}.Debug|Any CPU.ActiveCfg = Debug|Any CPU
		{83FE4483-0DA9-4A43-A737-C7A9B751384D}.Debug|Any CPU.Build.0 = Debug|Any CPU
		{83FE4483-0DA9-4A43-A737-C7A9B751384D}.Release|Any CPU.ActiveCfg = Release|Any CPU
		{83FE4483-0DA9-4A43-A737-C7A9B751384D}.Release|Any CPU.Build.0 = Release|Any CPU
		{93704B77-C040-434C-9949-AC268695A31C}.Debug|Any CPU.ActiveCfg = Debug|Any CPU
		{93704B77-C040-434C-9949-AC268695A31C}.Debug|Any CPU.Build.0 = Debug|Any CPU
		{93704B77-C040-434C-9949-AC268695A31C}.Release|Any CPU.ActiveCfg = Release|Any CPU
		{93704B77-C040-434C-9949-AC268695A31C}.Release|Any CPU.Build.0 = Release|Any CPU
	EndGlobalSection
	GlobalSection(SolutionProperties) = preSolution
		HideSolutionNode = FALSE
	EndGlobalSection
	GlobalSection(ExtensibilityGlobals) = postSolution
		SolutionGuid = {2CE15445-4B16-444A-87C2-EB103C3D5DE9}
	EndGlobalSection
EndGlobal
