
Microsoft Visual Studio Solution File, Format Version 12.00
# Visual Studio Version 17
VisualStudioVersion = 17.14.36705.20 d17.14
MinimumVisualStudioVersion = 10.0.40219.1
Project("{FAE04EC0-301F-11D3-BF4B-00C04F79EFBC}") = "PivotTable_WasmApp", "PivotTable_WasmApp\PivotTable_WasmApp.csproj", "{DC2364E7-8B6B-42B2-9416-07F3D7A3C5C0}"
EndProject
Project("{FAE04EC0-301F-11D3-BF4B-00C04F79EFBC}") = "PivotTable_WasmApp.Client", "PivotTable_WasmApp.Client\PivotTable_WasmApp.Client.csproj", "{FF4F206B-F6DC-430B-8B42-6275F91DF501}"
EndProject
Global
	GlobalSection(SolutionConfigurationPlatforms) = preSolution
		Debug|Any CPU = Debug|Any CPU
		Release|Any CPU = Release|Any CPU
	EndGlobalSection
	GlobalSection(ProjectConfigurationPlatforms) = postSolution
		{DC2364E7-8B6B-42B2-9416-07F3D7A3C5C0}.Debug|Any CPU.ActiveCfg = Debug|Any CPU
		{DC2364E7-8B6B-42B2-9416-07F3D7A3C5C0}.Debug|Any CPU.Build.0 = Debug|Any CPU
		{DC2364E7-8B6B-42B2-9416-07F3D7A3C5C0}.Release|Any CPU.ActiveCfg = Release|Any CPU
		{DC2364E7-8B6B-42B2-9416-07F3D7A3C5C0}.Release|Any CPU.Build.0 = Release|Any CPU
		{FF4F206B-F6DC-430B-8B42-6275F91DF501}.Debug|Any CPU.ActiveCfg = Debug|Any CPU
		{FF4F206B-F6DC-430B-8B42-6275F91DF501}.Debug|Any CPU.Build.0 = Debug|Any CPU
		{FF4F206B-F6DC-430B-8B42-6275F91DF501}.Release|Any CPU.ActiveCfg = Release|Any CPU
		{FF4F206B-F6DC-430B-8B42-6275F91DF501}.Release|Any CPU.Build.0 = Release|Any CPU
	EndGlobalSection
	GlobalSection(SolutionProperties) = preSolution
		HideSolutionNode = FALSE
	EndGlobalSection
	GlobalSection(ExtensibilityGlobals) = postSolution
		SolutionGuid = {1DFD9610-E3B8-43A6-BD1D-5E64AD68A286}
	EndGlobalSection
EndGlobal
