
Microsoft Visual Studio Solution File, Format Version 12.00
# Visual Studio Version 17
VisualStudioVersion = 17.14.36804.6 d17.14
MinimumVisualStudioVersion = 10.0.40219.1
Project("{FAE04EC0-301F-11D3-BF4B-00C04F79EFBC}") = "PDFViewer2_WasmApp", "PDFViewer2_WasmApp\PDFViewer2_WasmApp.csproj", "{D7641F27-1F99-4FE7-AE43-504005E51BDE}"
EndProject
Project("{FAE04EC0-301F-11D3-BF4B-00C04F79EFBC}") = "PDFViewer2_WasmApp.Client", "PDFViewer2_WasmApp.Client\PDFViewer2_WasmApp.Client.csproj", "{8234121A-A90F-4EE1-9CFA-C54ED709BA11}"
EndProject
Global
	GlobalSection(SolutionConfigurationPlatforms) = preSolution
		Debug|Any CPU = Debug|Any CPU
		Release|Any CPU = Release|Any CPU
	EndGlobalSection
	GlobalSection(ProjectConfigurationPlatforms) = postSolution
		{D7641F27-1F99-4FE7-AE43-504005E51BDE}.Debug|Any CPU.ActiveCfg = Debug|Any CPU
		{D7641F27-1F99-4FE7-AE43-504005E51BDE}.Debug|Any CPU.Build.0 = Debug|Any CPU
		{D7641F27-1F99-4FE7-AE43-504005E51BDE}.Release|Any CPU.ActiveCfg = Release|Any CPU
		{D7641F27-1F99-4FE7-AE43-504005E51BDE}.Release|Any CPU.Build.0 = Release|Any CPU
		{8234121A-A90F-4EE1-9CFA-C54ED709BA11}.Debug|Any CPU.ActiveCfg = Debug|Any CPU
		{8234121A-A90F-4EE1-9CFA-C54ED709BA11}.Debug|Any CPU.Build.0 = Debug|Any CPU
		{8234121A-A90F-4EE1-9CFA-C54ED709BA11}.Release|Any CPU.ActiveCfg = Release|Any CPU
		{8234121A-A90F-4EE1-9CFA-C54ED709BA11}.Release|Any CPU.Build.0 = Release|Any CPU
	EndGlobalSection
	GlobalSection(SolutionProperties) = preSolution
		HideSolutionNode = FALSE
	EndGlobalSection
	GlobalSection(ExtensibilityGlobals) = postSolution
		SolutionGuid = {CF05ECE6-78CB-4BB4-9468-3F2A94C454D0}
	EndGlobalSection
EndGlobal
