
Microsoft Visual Studio Solution File, Format Version 12.00
# Visual Studio Version 17
VisualStudioVersion = 17.0.32112.339
MinimumVisualStudioVersion = 10.0.40219.1
Project("{FAE04EC0-301F-11D3-BF4B-00C04F79EFBC}") = "SplitterSample", "SplitterSample.csproj", "{00D25F1E-9386-49EF-B1CA-F83B7B7CCEA3}"
EndProject
Global
	GlobalSection(SolutionConfigurationPlatforms) = preSolution
		Debug|Any CPU = Debug|Any CPU
		Release|Any CPU = Release|Any CPU
	EndGlobalSection
	GlobalSection(ProjectConfigurationPlatforms) = postSolution
		{00D25F1E-9386-49EF-B1CA-F83B7B7CCEA3}.Debug|Any CPU.ActiveCfg = Debug|Any CPU
		{00D25F1E-9386-49EF-B1CA-F83B7B7CCEA3}.Debug|Any CPU.Build.0 = Debug|Any CPU
		{00D25F1E-9386-49EF-B1CA-F83B7B7CCEA3}.Release|Any CPU.ActiveCfg = Release|Any CPU
		{00D25F1E-9386-49EF-B1CA-F83B7B7CCEA3}.Release|Any CPU.Build.0 = Release|Any CPU
	EndGlobalSection
	GlobalSection(SolutionProperties) = preSolution
		HideSolutionNode = FALSE
	EndGlobalSection
	GlobalSection(ExtensibilityGlobals) = postSolution
		SolutionGuid = {370B2724-0600-48D2-AADE-7279D7298309}
	EndGlobalSection
EndGlobal
