
Microsoft Visual Studio Solution File, Format Version 12.00
# Visual Studio Version 17
VisualStudioVersion = 17.0.32112.339
MinimumVisualStudioVersion = 10.0.40219.1
Project("{FAE04EC0-301F-11D3-BF4B-00C04F79EFBC}") = "DataGridSample", "DataGridSample.csproj", "{E687216F-56DC-403D-8CB8-6B08195083DC}"
EndProject
Global
	GlobalSection(SolutionConfigurationPlatforms) = preSolution
		Debug|Any CPU = Debug|Any CPU
		Release|Any CPU = Release|Any CPU
	EndGlobalSection
	GlobalSection(ProjectConfigurationPlatforms) = postSolution
		{E687216F-56DC-403D-8CB8-6B08195083DC}.Debug|Any CPU.ActiveCfg = Debug|Any CPU
		{E687216F-56DC-403D-8CB8-6B08195083DC}.Debug|Any CPU.Build.0 = Debug|Any CPU
		{E687216F-56DC-403D-8CB8-6B08195083DC}.Release|Any CPU.ActiveCfg = Release|Any CPU
		{E687216F-56DC-403D-8CB8-6B08195083DC}.Release|Any CPU.Build.0 = Release|Any CPU
	EndGlobalSection
	GlobalSection(SolutionProperties) = preSolution
		HideSolutionNode = FALSE
	EndGlobalSection
	GlobalSection(ExtensibilityGlobals) = postSolution
		SolutionGuid = {BB2D4440-C2FB-4C1E-A54D-E8D8964AC56C}
	EndGlobalSection
EndGlobal
