
Microsoft Visual Studio Solution File, Format Version 12.00
# Visual Studio Version 17
VisualStudioVersion = 17.0.32112.339
MinimumVisualStudioVersion = 10.0.40219.1
Project("{FAE04EC0-301F-11D3-BF4B-00C04F79EFBC}") = "ProgressBarSample", "ProgressBarSample.csproj", "{59A51D70-B2AE-42D6-8602-7A06FA8681E2}"
EndProject
Global
	GlobalSection(SolutionConfigurationPlatforms) = preSolution
		Debug|Any CPU = Debug|Any CPU
		Release|Any CPU = Release|Any CPU
	EndGlobalSection
	GlobalSection(ProjectConfigurationPlatforms) = postSolution
		{59A51D70-B2AE-42D6-8602-7A06FA8681E2}.Debug|Any CPU.ActiveCfg = Debug|Any CPU
		{59A51D70-B2AE-42D6-8602-7A06FA8681E2}.Debug|Any CPU.Build.0 = Debug|Any CPU
		{59A51D70-B2AE-42D6-8602-7A06FA8681E2}.Release|Any CPU.ActiveCfg = Release|Any CPU
		{59A51D70-B2AE-42D6-8602-7A06FA8681E2}.Release|Any CPU.Build.0 = Release|Any CPU
	EndGlobalSection
	GlobalSection(SolutionProperties) = preSolution
		HideSolutionNode = FALSE
	EndGlobalSection
	GlobalSection(ExtensibilityGlobals) = postSolution
		SolutionGuid = {8A24551E-580A-40AF-94F3-99FD0B4E8E83}
	EndGlobalSection
EndGlobal
