
Microsoft Visual Studio Solution File, Format Version 12.00
# Visual Studio Version 17
VisualStudioVersion = 17.8.34316.72
MinimumVisualStudioVersion = 10.0.40219.1
Project("{FAE04EC0-301F-11D3-BF4B-00C04F79EFBC}") = "FileManagerSample", "FileManagerSample\FileManagerSample.csproj", "{0896E240-7138-4109-9639-60C9694B6235}"
EndProject
Project("{FAE04EC0-301F-11D3-BF4B-00C04F79EFBC}") = "FileManagerSample.Client", "FileManagerSample.Client\FileManagerSample.Client.csproj", "{4FC38DC2-64D2-4AAE-9DB9-A0EC1EFA2EC6}"
EndProject
Global
	GlobalSection(SolutionConfigurationPlatforms) = preSolution
		Debug|Any CPU = Debug|Any CPU
		Release|Any CPU = Release|Any CPU
	EndGlobalSection
	GlobalSection(ProjectConfigurationPlatforms) = postSolution
		{0896E240-7138-4109-9639-60C9694B6235}.Debug|Any CPU.ActiveCfg = Debug|Any CPU
		{0896E240-7138-4109-9639-60C9694B6235}.Debug|Any CPU.Build.0 = Debug|Any CPU
		{0896E240-7138-4109-9639-60C9694B6235}.Release|Any CPU.ActiveCfg = Release|Any CPU
		{0896E240-7138-4109-9639-60C9694B6235}.Release|Any CPU.Build.0 = Release|Any CPU
		{4FC38DC2-64D2-4AAE-9DB9-A0EC1EFA2EC6}.Debug|Any CPU.ActiveCfg = Debug|Any CPU
		{4FC38DC2-64D2-4AAE-9DB9-A0EC1EFA2EC6}.Debug|Any CPU.Build.0 = Debug|Any CPU
		{4FC38DC2-64D2-4AAE-9DB9-A0EC1EFA2EC6}.Release|Any CPU.ActiveCfg = Release|Any CPU
		{4FC38DC2-64D2-4AAE-9DB9-A0EC1EFA2EC6}.Release|Any CPU.Build.0 = Release|Any CPU
	EndGlobalSection
	GlobalSection(SolutionProperties) = preSolution
		HideSolutionNode = FALSE
	EndGlobalSection
	GlobalSection(ExtensibilityGlobals) = postSolution
		SolutionGuid = {7A07778C-1FD1-4A47-9F86-BC9FA8FC939C}
	EndGlobalSection
EndGlobal
