
Microsoft Visual Studio Solution File, Format Version 12.00
# Visual Studio Version 17
VisualStudioVersion = 17.0.32112.339
MinimumVisualStudioVersion = 10.0.40219.1
Project("{FAE04EC0-301F-11D3-BF4B-00C04F79EFBC}") = "CircularGaugeSample.Server", "Server\CircularGaugeSample.Server.csproj", "{AED6606E-9264-4302-BA14-B3D4DA0AC3B3}"
EndProject
Project("{FAE04EC0-301F-11D3-BF4B-00C04F79EFBC}") = "CircularGaugeSample.Client", "Client\CircularGaugeSample.Client.csproj", "{D014223A-0751-4E18-8DAF-C85F40183F32}"
EndProject
Project("{FAE04EC0-301F-11D3-BF4B-00C04F79EFBC}") = "CircularGaugeSample.Shared", "Shared\CircularGaugeSample.Shared.csproj", "{75B42237-FC4B-4839-B7DB-93ED83FAA618}"
EndProject
Global
	GlobalSection(SolutionConfigurationPlatforms) = preSolution
		Debug|Any CPU = Debug|Any CPU
		Release|Any CPU = Release|Any CPU
	EndGlobalSection
	GlobalSection(ProjectConfigurationPlatforms) = postSolution
		{AED6606E-9264-4302-BA14-B3D4DA0AC3B3}.Debug|Any CPU.ActiveCfg = Debug|Any CPU
		{AED6606E-9264-4302-BA14-B3D4DA0AC3B3}.Debug|Any CPU.Build.0 = Debug|Any CPU
		{AED6606E-9264-4302-BA14-B3D4DA0AC3B3}.Release|Any CPU.ActiveCfg = Release|Any CPU
		{AED6606E-9264-4302-BA14-B3D4DA0AC3B3}.Release|Any CPU.Build.0 = Release|Any CPU
		{D014223A-0751-4E18-8DAF-C85F40183F32}.Debug|Any CPU.ActiveCfg = Debug|Any CPU
		{D014223A-0751-4E18-8DAF-C85F40183F32}.Debug|Any CPU.Build.0 = Debug|Any CPU
		{D014223A-0751-4E18-8DAF-C85F40183F32}.Release|Any CPU.ActiveCfg = Release|Any CPU
		{D014223A-0751-4E18-8DAF-C85F40183F32}.Release|Any CPU.Build.0 = Release|Any CPU
		{75B42237-FC4B-4839-B7DB-93ED83FAA618}.Debug|Any CPU.ActiveCfg = Debug|Any CPU
		{75B42237-FC4B-4839-B7DB-93ED83FAA618}.Debug|Any CPU.Build.0 = Debug|Any CPU
		{75B42237-FC4B-4839-B7DB-93ED83FAA618}.Release|Any CPU.ActiveCfg = Release|Any CPU
		{75B42237-FC4B-4839-B7DB-93ED83FAA618}.Release|Any CPU.Build.0 = Release|Any CPU
	EndGlobalSection
	GlobalSection(SolutionProperties) = preSolution
		HideSolutionNode = FALSE
	EndGlobalSection
	GlobalSection(ExtensibilityGlobals) = postSolution
		SolutionGuid = {64337ADC-63D4-4C07-B1EA-2A657473396F}
	EndGlobalSection
EndGlobal
